// !$*UTF8*$!
{
	archiveVersion = 1;
	classes = {
	};
	objectVersion = 46;
	objects = {

/* Begin PBXBuildFile section */
		ABE938CB16792D5200A7A1B8 /* Cocoa.framework in Frameworks */ = {isa = PBXBuildFile; fileRef = ABE938CA16792D5200A7A1B8 /* Cocoa.framework */; };
		ABE938D516792D5200A7A1B8 /* InfoPlist.strings in Resources */ = {isa = PBXBuildFile; fileRef = ABE938D316792D5200A7A1B8 /* InfoPlist.strings */; };
		ABE938D716792D5200A7A1B8 /* main.m in Sources */ = {isa = PBXBuildFile; fileRef = ABE938D616792D5200A7A1B8 /* main.m */; };
		ABE938DB16792D5200A7A1B8 /* Credits.rtf in Resources */ = {isa = PBXBuildFile; fileRef = ABE938D916792D5200A7A1B8 /* Credits.rtf */; };
		ABE938DE16792D5200A7A1B8 /* AppDelegate.m in Sources */ = {isa = PBXBuildFile; fileRef = ABE938DD16792D5200A7A1B8 /* AppDelegate.m */; };
		ABE938E116792D5200A7A1B8 /* MainMenu.xib in Resources */ = {isa = PBXBuildFile; fileRef = ABE938DF16792D5200A7A1B8 /* MainMenu.xib */; };
		ABE938F016792D8F00A7A1B8 /* Butter.framework in Frameworks */ = {isa = PBXBuildFile; fileRef = ABE938EF16792D8F00A7A1B8 /* Butter.framework */; };
		ABE938F216792D9300A7A1B8 /* QuartzCore.framework in Frameworks */ = {isa = PBXBuildFile; fileRef = ABE938F116792D9300A7A1B8 /* QuartzCore.framework */; };
		ABE93914167936F000A7A1B8 /* 0.JPG in Resources */ = {isa = PBXBuildFile; fileRef = ABE938F4167936F000A7A1B8 /* 0.JPG */; };
		ABE93915167936F000A7A1B8 /* 1.JPG in Resources */ = {isa = PBXBuildFile; fileRef = ABE938F5167936F000A7A1B8 /* 1.JPG */; };
		ABE93916167936F000A7A1B8 /* 10.JPG in Resources */ = {isa = PBXBuildFile; fileRef = ABE938F6167936F000A7A1B8 /* 10.JPG */; };
		ABE93917167936F000A7A1B8 /* 11.JPG in Resources */ = {isa = PBXBuildFile; fileRef = ABE938F7167936F000A7A1B8 /* 11.JPG */; };
		ABE93918167936F000A7A1B8 /* 12.JPG in Resources */ = {isa = PBXBuildFile; fileRef = ABE938F8167936F000A7A1B8 /* 12.JPG */; };
		ABE93919167936F000A7A1B8 /* 13.JPG in Resources */ = {isa = PBXBuildFile; fileRef = ABE938F9167936F000A7A1B8 /* 13.JPG */; };
		ABE9391A167936F000A7A1B8 /* 14.JPG in Resources */ = {isa = PBXBuildFile; fileRef = ABE938FA167936F000A7A1B8 /* 14.JPG */; };
		ABE9391B167936F000A7A1B8 /* 15.JPG in Resources */ = {isa = PBXBuildFile; fileRef = ABE938FB167936F000A7A1B8 /* 15.JPG */; };
		ABE9391C167936F000A7A1B8 /* 16.JPG in Resources */ = {isa = PBXBuildFile; fileRef = ABE938FC167936F000A7A1B8 /* 16.JPG */; };
		ABE9391D167936F000A7A1B8 /* 17.JPG in Resources */ = {isa = PBXBuildFile; fileRef = ABE938FD167936F000A7A1B8 /* 17.JPG */; };
		ABE9391E167936F000A7A1B8 /* 18.JPG in Resources */ = {isa = PBXBuildFile; fileRef = ABE938FE167936F000A7A1B8 /* 18.JPG */; };
		ABE9391F167936F000A7A1B8 /* 19.JPG in Resources */ = {isa = PBXBuildFile; fileRef = ABE938FF167936F000A7A1B8 /* 19.JPG */; };
		ABE93920167936F000A7A1B8 /* 2.JPG in Resources */ = {isa = PBXBuildFile; fileRef = ABE93900167936F000A7A1B8 /* 2.JPG */; };
		ABE93921167936F000A7A1B8 /* 20.JPG in Resources */ = {isa = PBXBuildFile; fileRef = ABE93901167936F000A7A1B8 /* 20.JPG */; };
		ABE93922167936F000A7A1B8 /* 21.JPG in Resources */ = {isa = PBXBuildFile; fileRef = ABE93902167936F000A7A1B8 /* 21.JPG */; };
		ABE93923167936F000A7A1B8 /* 22.JPG in Resources */ = {isa = PBXBuildFile; fileRef = ABE93903167936F000A7A1B8 /* 22.JPG */; };
		ABE93924167936F000A7A1B8 /* 23.JPG in Resources */ = {isa = PBXBuildFile; fileRef = ABE93904167936F000A7A1B8 /* 23.JPG */; };
		ABE93925167936F000A7A1B8 /* 24.JPG in Resources */ = {isa = PBXBuildFile; fileRef = ABE93905167936F000A7A1B8 /* 24.JPG */; };
		ABE93926167936F000A7A1B8 /* 25.JPG in Resources */ = {isa = PBXBuildFile; fileRef = ABE93906167936F000A7A1B8 /* 25.JPG */; };
		ABE93927167936F000A7A1B8 /* 26.JPG in Resources */ = {isa = PBXBuildFile; fileRef = ABE93907167936F000A7A1B8 /* 26.JPG */; };
		ABE93928167936F000A7A1B8 /* 27.JPG in Resources */ = {isa = PBXBuildFile; fileRef = ABE93908167936F000A7A1B8 /* 27.JPG */; };
		ABE93929167936F000A7A1B8 /* 28.JPG in Resources */ = {isa = PBXBuildFile; fileRef = ABE93909167936F000A7A1B8 /* 28.JPG */; };
		ABE9392A167936F000A7A1B8 /* 29.JPG in Resources */ = {isa = PBXBuildFile; fileRef = ABE9390A167936F000A7A1B8 /* 29.JPG */; };
		ABE9392B167936F000A7A1B8 /* 3.JPG in Resources */ = {isa = PBXBuildFile; fileRef = ABE9390B167936F000A7A1B8 /* 3.JPG */; };
		ABE9392C167936F000A7A1B8 /* 30.JPG in Resources */ = {isa = PBXBuildFile; fileRef = ABE9390C167936F000A7A1B8 /* 30.JPG */; };
		ABE9392D167936F000A7A1B8 /* 31.JPG in Resources */ = {isa = PBXBuildFile; fileRef = ABE9390D167936F000A7A1B8 /* 31.JPG */; };
		ABE9392E167936F000A7A1B8 /* 4.JPG in Resources */ = {isa = PBXBuildFile; fileRef = ABE9390E167936F000A7A1B8 /* 4.JPG */; };
		ABE9392F167936F000A7A1B8 /* 5.JPG in Resources */ = {isa = PBXBuildFile; fileRef = ABE9390F167936F000A7A1B8 /* 5.JPG */; };
		ABE93930167936F000A7A1B8 /* 6.JPG in Resources */ = {isa = PBXBuildFile; fileRef = ABE93910167936F000A7A1B8 /* 6.JPG */; };
		ABE93931167936F000A7A1B8 /* 7.JPG in Resources */ = {isa = PBXBuildFile; fileRef = ABE93911167936F000A7A1B8 /* 7.JPG */; };
		ABE93932167936F000A7A1B8 /* 8.JPG in Resources */ = {isa = PBXBuildFile; fileRef = ABE93912167936F000A7A1B8 /* 8.JPG */; };
		ABE93933167936F000A7A1B8 /* 9.JPG in Resources */ = {isa = PBXBuildFile; fileRef = ABE93913167936F000A7A1B8 /* 9.JPG */; };
		ABE93936167937A900A7A1B8 /* Cell.m in Sources */ = {isa = PBXBuildFile; fileRef = ABE93935167937A900A7A1B8 /* Cell.m */; };
/* End PBXBuildFile section */

/* Begin PBXFileReference section */
		ABE938C716792D5200A7A1B8 /* SelectionDemo.app */ = {isa = PBXFileReference; explicitFileType = wrapper.application; includeInIndex = 0; path = SelectionDemo.app; sourceTree = BUILT_PRODUCTS_DIR; };
		ABE938CA16792D5200A7A1B8 /* Cocoa.framework */ = {isa = PBXFileReference; lastKnownFileType = wrapper.framework; name = Cocoa.framework; path = System/Library/Frameworks/Cocoa.framework; sourceTree = SDKROOT; };
		ABE938CD16792D5200A7A1B8 /* AppKit.framework */ = {isa = PBXFileReference; lastKnownFileType = wrapper.framework; name = AppKit.framework; path = System/Library/Frameworks/AppKit.framework; sourceTree = SDKROOT; };
		ABE938CE16792D5200A7A1B8 /* CoreData.framework */ = {isa = PBXFileReference; lastKnownFileType = wrapper.framework; name = CoreData.framework; path = System/Library/Frameworks/CoreData.framework; sourceTree = SDKROOT; };
		ABE938CF16792D5200A7A1B8 /* Foundation.framework */ = {isa = PBXFileReference; lastKnownFileType = wrapper.framework; name = Foundation.framework; path = System/Library/Frameworks/Foundation.framework; sourceTree = SDKROOT; };
		ABE938D216792D5200A7A1B8 /* SelectionDemo-Info.plist */ = {isa = PBXFileReference; lastKnownFileType = text.plist.xml; path = "SelectionDemo-Info.plist"; sourceTree = "<group>"; };
		ABE938D416792D5200A7A1B8 /* en */ = {isa = PBXFileReference; lastKnownFileType = text.plist.strings; name = en; path = en.lproj/InfoPlist.strings; sourceTree = "<group>"; };
		ABE938D616792D5200A7A1B8 /* main.m */ = {isa = PBXFileReference; lastKnownFileType = sourcecode.c.objc; path = main.m; sourceTree = "<group>"; };
		ABE938D816792D5200A7A1B8 /* SelectionDemo-Prefix.pch */ = {isa = PBXFileReference; lastKnownFileType = sourcecode.c.h; path = "SelectionDemo-Prefix.pch"; sourceTree = "<group>"; };
		ABE938DA16792D5200A7A1B8 /* en */ = {isa = PBXFileReference; lastKnownFileType = text.rtf; name = en; path = en.lproj/Credits.rtf; sourceTree = "<group>"; };
		ABE938DC16792D5200A7A1B8 /* AppDelegate.h */ = {isa = PBXFileReference; lastKnownFileType = sourcecode.c.h; path = AppDelegate.h; sourceTree = "<group>"; };
		ABE938DD16792D5200A7A1B8 /* AppDelegate.m */ = {isa = PBXFileReference; lastKnownFileType = sourcecode.c.objc; path = AppDelegate.m; sourceTree = "<group>"; };
		ABE938E016792D5200A7A1B8 /* en */ = {isa = PBXFileReference; lastKnownFileType = file.xib; name = en; path = en.lproj/MainMenu.xib; sourceTree = "<group>"; };
		ABE938EF16792D8F00A7A1B8 /* Butter.framework */ = {isa = PBXFileReference; lastKnownFileType = wrapper.framework; name = Butter.framework; path = "../../../../../../../../../Library/Developer/Xcode/DerivedData/Butter-gqoqbeasmoutbjeyiuunhmhydaex/Build/Products/Debug/Butter.framework"; sourceTree = "<group>"; };
		ABE938F116792D9300A7A1B8 /* QuartzCore.framework */ = {isa = PBXFileReference; lastKnownFileType = wrapper.framework; name = QuartzCore.framework; path = System/Library/Frameworks/QuartzCore.framework; sourceTree = SDKROOT; };
		ABE938F4167936F000A7A1B8 /* 0.JPG */ = {isa = PBXFileReference; lastKnownFileType = image.jpeg; path = 0.JPG; sourceTree = "<group>"; };
		ABE938F5167936F000A7A1B8 /* 1.JPG */ = {isa = PBXFileReference; lastKnownFileType = image.jpeg; path = 1.JPG; sourceTree = "<group>"; };
		ABE938F6167936F000A7A1B8 /* 10.JPG */ = {isa = PBXFileReference; lastKnownFileType = image.jpeg; path = 10.JPG; sourceTree = "<group>"; };
		ABE938F7167936F000A7A1B8 /* 11.JPG */ = {isa = PBXFileReference; lastKnownFileType = image.jpeg; path = 11.JPG; sourceTree = "<group>"; };
		ABE938F8167936F000A7A1B8 /* 12.JPG */ = {isa = PBXFileReference; lastKnownFileType = image.jpeg; path = 12.JPG; sourceTree = "<group>"; };
		ABE938F9167936F000A7A1B8 /* 13.JPG */ = {isa = PBXFileReference; lastKnownFileType = image.jpeg; path = 13.JPG; sourceTree = "<group>"; };
		ABE938FA167936F000A7A1B8 /* 14.JPG */ = {isa = PBXFileReference; lastKnownFileType = image.jpeg; path = 14.JPG; sourceTree = "<group>"; };
		ABE938FB167936F000A7A1B8 /* 15.JPG */ = {isa = PBXFileReference; lastKnownFileType = image.jpeg; path = 15.JPG; sourceTree = "<group>"; };
		ABE938FC167936F000A7A1B8 /* 16.JPG */ = {isa = PBXFileReference; lastKnownFileType = image.jpeg; path = 16.JPG; sourceTree = "<group>"; };
		ABE938FD167936F000A7A1B8 /* 17.JPG */ = {isa = PBXFileReference; lastKnownFileType = image.jpeg; path = 17.JPG; sourceTree = "<group>"; };
		ABE938FE167936F000A7A1B8 /* 18.JPG */ = {isa = PBXFileReference; lastKnownFileType = image.jpeg; path = 18.JPG; sourceTree = "<group>"; };
		ABE938FF167936F000A7A1B8 /* 19.JPG */ = {isa = PBXFileReference; lastKnownFileType = image.jpeg; path = 19.JPG; sourceTree = "<group>"; };
		ABE93900167936F000A7A1B8 /* 2.JPG */ = {isa = PBXFileReference; lastKnownFileType = image.jpeg; path = 2.JPG; sourceTree = "<group>"; };
		ABE93901167936F000A7A1B8 /* 20.JPG */ = {isa = PBXFileReference; lastKnownFileType = image.jpeg; path = 20.JPG; sourceTree = "<group>"; };
		ABE93902167936F000A7A1B8 /* 21.JPG */ = {isa = PBXFileReference; lastKnownFileType = image.jpeg; path = 21.JPG; sourceTree = "<group>"; };
		ABE93903167936F000A7A1B8 /* 22.JPG */ = {isa = PBXFileReference; lastKnownFileType = image.jpeg; path = 22.JPG; sourceTree = "<group>"; };
		ABE93904167936F000A7A1B8 /* 23.JPG */ = {isa = PBXFileReference; lastKnownFileType = image.jpeg; path = 23.JPG; sourceTree = "<group>"; };
		ABE93905167936F000A7A1B8 /* 24.JPG */ = {isa = PBXFileReference; lastKnownFileType = image.jpeg; path = 24.JPG; sourceTree = "<group>"; };
		ABE93906167936F000A7A1B8 /* 25.JPG */ = {isa = PBXFileReference; lastKnownFileType = image.jpeg; path = 25.JPG; sourceTree = "<group>"; };
		ABE93907167936F000A7A1B8 /* 26.JPG */ = {isa = PBXFileReference; lastKnownFileType = image.jpeg; path = 26.JPG; sourceTree = "<group>"; };
		ABE93908167936F000A7A1B8 /* 27.JPG */ = {isa = PBXFileReference; lastKnownFileType = image.jpeg; path = 27.JPG; sourceTree = "<group>"; };
		ABE93909167936F000A7A1B8 /* 28.JPG */ = {isa = PBXFileReference; lastKnownFileType = image.jpeg; path = 28.JPG; sourceTree = "<group>"; };
		ABE9390A167936F000A7A1B8 /* 29.JPG */ = {isa = PBXFileReference; lastKnownFileType = image.jpeg; path = 29.JPG; sourceTree = "<group>"; };
		ABE9390B167936F000A7A1B8 /* 3.JPG */ = {isa = PBXFileReference; lastKnownFileType = image.jpeg; path = 3.JPG; sourceTree = "<group>"; };
		ABE9390C167936F000A7A1B8 /* 30.JPG */ = {isa = PBXFileReference; lastKnownFileType = image.jpeg; path = 30.JPG; sourceTree = "<group>"; };
		ABE9390D167936F000A7A1B8 /* 31.JPG */ = {isa = PBXFileReference; lastKnownFileType = image.jpeg; path = 31.JPG; sourceTree = "<group>"; };
		ABE9390E167936F000A7A1B8 /* 4.JPG */ = {isa = PBXFileReference; lastKnownFileType = image.jpeg; path = 4.JPG; sourceTree = "<group>"; };
		ABE9390F167936F000A7A1B8 /* 5.JPG */ = {isa = PBXFileReference; lastKnownFileType = image.jpeg; path = 5.JPG; sourceTree = "<group>"; };
		ABE93910167936F000A7A1B8 /* 6.JPG */ = {isa = PBXFileReference; lastKnownFileType = image.jpeg; path = 6.JPG; sourceTree = "<group>"; };
		ABE93911167936F000A7A1B8 /* 7.JPG */ = {isa = PBXFileReference; lastKnownFileType = image.jpeg; path = 7.JPG; sourceTree = "<group>"; };
		ABE93912167936F000A7A1B8 /* 8.JPG */ = {isa = PBXFileReference; lastKnownFileType = image.jpeg; path = 8.JPG; sourceTree = "<group>"; };
		ABE93913167936F000A7A1B8 /* 9.JPG */ = {isa = PBXFileReference; lastKnownFileType = image.jpeg; path = 9.JPG; sourceTree = "<group>"; };
		ABE93934167937A900A7A1B8 /* Cell.h */ = {isa = PBXFileReference; fileEncoding = 4; lastKnownFileType = sourcecode.c.h; path = Cell.h; sourceTree = "<group>"; };
		ABE93935167937A900A7A1B8 /* Cell.m */ = {isa = PBXFileReference; fileEncoding = 4; lastKnownFileType = sourcecode.c.objc; path = Cell.m; sourceTree = "<group>"; };
/* End PBXFileReference section */

/* Begin PBXFrameworksBuildPhase section */
		ABE938C416792D5200A7A1B8 /* Frameworks */ = {
			isa = PBXFrameworksBuildPhase;
			buildActionMask = 2147483647;
			files = (
				ABE938F216792D9300A7A1B8 /* QuartzCore.framework in Frameworks */,
				ABE938F016792D8F00A7A1B8 /* Butter.framework in Frameworks */,
				ABE938CB16792D5200A7A1B8 /* Cocoa.framework in Frameworks */,
			);
			runOnlyForDeploymentPostprocessing = 0;
		};
/* End PBXFrameworksBuildPhase section */

/* Begin PBXGroup section */
		ABE938BE16792D5200A7A1B8 = {
			isa = PBXGroup;
			children = (
				ABE938D016792D5200A7A1B8 /* SelectionDemo */,
				ABE938C916792D5200A7A1B8 /* Frameworks */,
				ABE938C816792D5200A7A1B8 /* Products */,
			);
			sourceTree = "<group>";
		};
		ABE938C816792D5200A7A1B8 /* Products */ = {
			isa = PBXGroup;
			children = (
				ABE938C716792D5200A7A1B8 /* SelectionDemo.app */,
			);
			name = Products;
			sourceTree = "<group>";
		};
		ABE938C916792D5200A7A1B8 /* Frameworks */ = {
			isa = PBXGroup;
			children = (
				ABE938F116792D9300A7A1B8 /* QuartzCore.framework */,
				ABE938EF16792D8F00A7A1B8 /* Butter.framework */,
				ABE938CA16792D5200A7A1B8 /* Cocoa.framework */,
				ABE938CC16792D5200A7A1B8 /* Other Frameworks */,
			);
			name = Frameworks;
			sourceTree = "<group>";
		};
		ABE938CC16792D5200A7A1B8 /* Other Frameworks */ = {
			isa = PBXGroup;
			children = (
				ABE938CD16792D5200A7A1B8 /* AppKit.framework */,
				ABE938CE16792D5200A7A1B8 /* CoreData.framework */,
				ABE938CF16792D5200A7A1B8 /* Foundation.framework */,
			);
			name = "Other Frameworks";
			sourceTree = "<group>";
		};
		ABE938D016792D5200A7A1B8 /* SelectionDemo */ = {
			isa = PBXGroup;
			children = (
				ABE938DC16792D5200A7A1B8 /* AppDelegate.h */,
				ABE938DD16792D5200A7A1B8 /* AppDelegate.m */,
				ABE938DF16792D5200A7A1B8 /* MainMenu.xib */,
				ABE938F3167936F000A7A1B8 /* Images */,
				ABE938D116792D5200A7A1B8 /* Supporting Files */,
				ABE93934167937A900A7A1B8 /* Cell.h */,
				ABE93935167937A900A7A1B8 /* Cell.m */,
			);
			path = SelectionDemo;
			sourceTree = "<group>";
		};
		ABE938D116792D5200A7A1B8 /* Supporting Files */ = {
			isa = PBXGroup;
			children = (
				ABE938D216792D5200A7A1B8 /* SelectionDemo-Info.plist */,
				ABE938D316792D5200A7A1B8 /* InfoPlist.strings */,
				ABE938D616792D5200A7A1B8 /* main.m */,
				ABE938D816792D5200A7A1B8 /* SelectionDemo-Prefix.pch */,
				ABE938D916792D5200A7A1B8 /* Credits.rtf */,
			);
			name = "Supporting Files";
			sourceTree = "<group>";
		};
		ABE938F3167936F000A7A1B8 /* Images */ = {
			isa = PBXGroup;
			children = (
				ABE938F4167936F000A7A1B8 /* 0.JPG */,
				ABE938F5167936F000A7A1B8 /* 1.JPG */,
				ABE938F6167936F000A7A1B8 /* 10.JPG */,
				ABE938F7167936F000A7A1B8 /* 11.JPG */,
				ABE938F8167936F000A7A1B8 /* 12.JPG */,
				ABE938F9167936F000A7A1B8 /* 13.JPG */,
				ABE938FA167936F000A7A1B8 /* 14.JPG */,
				ABE938FB167936F000A7A1B8 /* 15.JPG */,
				ABE938FC167936F000A7A1B8 /* 16.JPG */,
				ABE938FD167936F000A7A1B8 /* 17.JPG */,
				ABE938FE167936F000A7A1B8 /* 18.JPG */,
				ABE938FF167936F000A7A1B8 /* 19.JPG */,
				ABE93900167936F000A7A1B8 /* 2.JPG */,
				ABE93901167936F000A7A1B8 /* 20.JPG */,
				ABE93902167936F000A7A1B8 /* 21.JPG */,
				ABE93903167936F000A7A1B8 /* 22.JPG */,
				ABE93904167936F000A7A1B8 /* 23.JPG */,
				ABE93905167936F000A7A1B8 /* 24.JPG */,
				ABE93906167936F000A7A1B8 /* 25.JPG */,
				ABE93907167936F000A7A1B8 /* 26.JPG */,
				ABE93908167936F000A7A1B8 /* 27.JPG */,
				ABE93909167936F000A7A1B8 /* 28.JPG */,
				ABE9390A167936F000A7A1B8 /* 29.JPG */,
				ABE9390B167936F000A7A1B8 /* 3.JPG */,
				ABE9390C167936F000A7A1B8 /* 30.JPG */,
				ABE9390D167936F000A7A1B8 /* 31.JPG */,
				ABE9390E167936F000A7A1B8 /* 4.JPG */,
				ABE9390F167936F000A7A1B8 /* 5.JPG */,
				ABE93910167936F000A7A1B8 /* 6.JPG */,
				ABE93911167936F000A7A1B8 /* 7.JPG */,
				ABE93912167936F000A7A1B8 /* 8.JPG */,
				ABE93913167936F000A7A1B8 /* 9.JPG */,
			);
			name = Images;
			path = ../../Shared/Images;
			sourceTree = "<group>";
		};
/* End PBXGroup section */

/* Begin PBXNativeTarget section */
		ABE938C616792D5200A7A1B8 /* SelectionDemo */ = {
			isa = PBXNativeTarget;
			buildConfigurationList = ABE938E416792D5200A7A1B8 /* Build configuration list for PBXNativeTarget "SelectionDemo" */;
			buildPhases = (
				ABE938C316792D5200A7A1B8 /* Sources */,
				ABE938C416792D5200A7A1B8 /* Frameworks */,
				ABE938C516792D5200A7A1B8 /* Resources */,
			);
			buildRules = (
			);
			dependencies = (
			);
			name = SelectionDemo;
			productName = SelectionDemo;
			productReference = ABE938C716792D5200A7A1B8 /* SelectionDemo.app */;
			productType = "com.apple.product-type.application";
		};
/* End PBXNativeTarget section */

/* Begin PBXProject section */
		ABE938BF16792D5200A7A1B8 /* Project object */ = {
			isa = PBXProject;
			attributes = {
				CLASSPREFIX = BTR;
				LastUpgradeCheck = 0460;
				ORGANIZATIONNAME = ButterKit;
			};
			buildConfigurationList = ABE938C216792D5200A7A1B8 /* Build configuration list for PBXProject "SelectionDemo" */;
			compatibilityVersion = "Xcode 3.2";
			developmentRegion = English;
			hasScannedForEncodings = 0;
			knownRegions = (
				en,
			);
			mainGroup = ABE938BE16792D5200A7A1B8;
			productRefGroup = ABE938C816792D5200A7A1B8 /* Products */;
			projectDirPath = "";
			projectRoot = "";
			targets = (
				ABE938C616792D5200A7A1B8 /* SelectionDemo */,
			);
		};
/* End PBXProject section */

/* Begin PBXResourcesBuildPhase section */
		ABE938C516792D5200A7A1B8 /* Resources */ = {
			isa = PBXResourcesBuildPhase;
			buildActionMask = 2147483647;
			files = (
				ABE938D516792D5200A7A1B8 /* InfoPlist.strings in Resources */,
				ABE938DB16792D5200A7A1B8 /* Credits.rtf in Resources */,
				ABE938E116792D5200A7A1B8 /* MainMenu.xib in Resources */,
				ABE93914167936F000A7A1B8 /* 0.JPG in Resources */,
				ABE93915167936F000A7A1B8 /* 1.JPG in Resources */,
				ABE93916167936F000A7A1B8 /* 10.JPG in Resources */,
				ABE93917167936F000A7A1B8 /* 11.JPG in Resources */,
				ABE93918167936F000A7A1B8 /* 12.JPG in Resources */,
				ABE93919167936F000A7A1B8 /* 13.JPG in Resources */,
				ABE9391A167936F000A7A1B8 /* 14.JPG in Resources */,
				ABE9391B167936F000A7A1B8 /* 15.JPG in Resources */,
				ABE9391C167936F000A7A1B8 /* 16.JPG in Resources */,
				ABE9391D167936F000A7A1B8 /* 17.JPG in Resources */,
				ABE9391E167936F000A7A1B8 /* 18.JPG in Resources */,
				ABE9391F167936F000A7A1B8 /* 19.JPG in Resources */,
				ABE93920167936F000A7A1B8 /* 2.JPG in Resources */,
				ABE93921167936F000A7A1B8 /* 20.JPG in Resources */,
				ABE93922167936F000A7A1B8 /* 21.JPG in Resources */,
				ABE93923167936F000A7A1B8 /* 22.JPG in Resources */,
				ABE93924167936F000A7A1B8 /* 23.JPG in Resources */,
				ABE93925167936F000A7A1B8 /* 24.JPG in Resources */,
				ABE93926167936F000A7A1B8 /* 25.JPG in Resources */,
				ABE93927167936F000A7A1B8 /* 26.JPG in Resources */,
				ABE93928167936F000A7A1B8 /* 27.JPG in Resources */,
				ABE93929167936F000A7A1B8 /* 28.JPG in Resources */,
				ABE9392A167936F000A7A1B8 /* 29.JPG in Resources */,
				ABE9392B167936F000A7A1B8 /* 3.JPG in Resources */,
				ABE9392C167936F000A7A1B8 /* 30.JPG in Resources */,
				ABE9392D167936F000A7A1B8 /* 31.JPG in Resources */,
				ABE9392E167936F000A7A1B8 /* 4.JPG in Resources */,
				ABE9392F167936F000A7A1B8 /* 5.JPG in Resources */,
				ABE93930167936F000A7A1B8 /* 6.JPG in Resources */,
				ABE93931167936F000A7A1B8 /* 7.JPG in Resources */,
				ABE93932167936F000A7A1B8 /* 8.JPG in Resources */,
				ABE93933167936F000A7A1B8 /* 9.JPG in Resources */,
			);
			runOnlyForDeploymentPostprocessing = 0;
		};
/* End PBXResourcesBuildPhase section */

/* Begin PBXSourcesBuildPhase section */
		ABE938C316792D5200A7A1B8 /* Sources */ = {
			isa = PBXSourcesBuildPhase;
			buildActionMask = 2147483647;
			files = (
				ABE938D716792D5200A7A1B8 /* main.m in Sources */,
				ABE938DE16792D5200A7A1B8 /* AppDelegate.m in Sources */,
				ABE93936167937A900A7A1B8 /* Cell.m in Sources */,
			);
			runOnlyForDeploymentPostprocessing = 0;
		};
/* End PBXSourcesBuildPhase section */

/* Begin PBXVariantGroup section */
		ABE938D316792D5200A7A1B8 /* InfoPlist.strings */ = {
			isa = PBXVariantGroup;
			children = (
				ABE938D416792D5200A7A1B8 /* en */,
			);
			name = InfoPlist.strings;
			sourceTree = "<group>";
		};
		ABE938D916792D5200A7A1B8 /* Credits.rtf */ = {
			isa = PBXVariantGroup;
			children = (
				ABE938DA16792D5200A7A1B8 /* en */,
			);
			name = Credits.rtf;
			sourceTree = "<group>";
		};
		ABE938DF16792D5200A7A1B8 /* MainMenu.xib */ = {
			isa = PBXVariantGroup;
			children = (
				ABE938E016792D5200A7A1B8 /* en */,
			);
			name = MainMenu.xib;
			sourceTree = "<group>";
		};
/* End PBXVariantGroup section */

/* Begin XCBuildConfiguration section */
		ABE938E216792D5200A7A1B8 /* Debug */ = {
			isa = XCBuildConfiguration;
			buildSettings = {
				ALWAYS_SEARCH_USER_PATHS = NO;
				ARCHS = "$(ARCHS_STANDARD_64_BIT)";
				CLANG_CXX_LANGUAGE_STANDARD = "gnu++0x";
				CLANG_CXX_LIBRARY = "libc++";
				CLANG_ENABLE_OBJC_ARC = YES;
				CLANG_WARN_CONSTANT_CONVERSION = YES;
				CLANG_WARN_EMPTY_BODY = YES;
				CLANG_WARN_ENUM_CONVERSION = YES;
				CLANG_WARN_INT_CONVERSION = YES;
				CLANG_WARN__DUPLICATE_METHOD_MATCH = YES;
				COPY_PHASE_STRIP = NO;
				GCC_C_LANGUAGE_STANDARD = gnu99;
				GCC_DYNAMIC_NO_PIC = NO;
				GCC_ENABLE_OBJC_EXCEPTIONS = YES;
				GCC_OPTIMIZATION_LEVEL = 0;
				GCC_PREPROCESSOR_DEFINITIONS = (
					"DEBUG=1",
					"$(inherited)",
				);
				GCC_SYMBOLS_PRIVATE_EXTERN = NO;
				GCC_WARN_64_TO_32_BIT_CONVERSION = YES;
				GCC_WARN_ABOUT_RETURN_TYPE = YES;
				GCC_WARN_UNINITIALIZED_AUTOS = YES;
				GCC_WARN_UNUSED_VARIABLE = YES;
				MACOSX_DEPLOYMENT_TARGET = 10.8;
				ONLY_ACTIVE_ARCH = YES;
				SDKROOT = macosx;
			};
			name = Debug;
		};
		ABE938E316792D5200A7A1B8 /* Release */ = {
			isa = XCBuildConfiguration;
			buildSettings = {
				ALWAYS_SEARCH_USER_PATHS = NO;
				ARCHS = "$(ARCHS_STANDARD_64_BIT)";
				CLANG_CXX_LANGUAGE_STANDARD = "gnu++0x";
				CLANG_CXX_LIBRARY = "libc++";
				CLANG_ENABLE_OBJC_ARC = YES;
				CLANG_WARN_CONSTANT_CONVERSION = YES;
				CLANG_WARN_EMPTY_BODY = YES;
				CLANG_WARN_ENUM_CONVERSION = YES;
				CLANG_WARN_INT_CONVERSION = YES;
				CLANG_WARN__DUPLICATE_METHOD_MATCH = YES;
				COPY_PHASE_STRIP = YES;
				DEBUG_INFORMATION_FORMAT = "dwarf-with-dsym";
				GCC_C_LANGUAGE_STANDARD = gnu99;
				GCC_ENABLE_OBJC_EXCEPTIONS = YES;
				GCC_WARN_64_TO_32_BIT_CONVERSION = YES;
				GCC_WARN_ABOUT_RETURN_TYPE = YES;
				GCC_WARN_UNINITIALIZED_AUTOS = YES;
				GCC_WARN_UNUSED_VARIABLE = YES;
				MACOSX_DEPLOYMENT_TARGET = 10.8;
				SDKROOT = macosx;
			};
			name = Release;
		};
		ABE938E516792D5200A7A1B8 /* Debug */ = {
			isa = XCBuildConfiguration;
			buildSettings = {
				COMBINE_HIDPI_IMAGES = YES;
				FRAMEWORK_SEARCH_PATHS = (
					"$(inherited)",
					"\"$(SRCROOT)/../../../../../../../../../Library/Developer/Xcode/DerivedData/Butter-gqoqbeasmoutbjeyiuunhmhydaex/Build/Products/Debug\"",
				);
				GCC_PRECOMPILE_PREFIX_HEADER = YES;
				GCC_PREFIX_HEADER = "SelectionDemo/SelectionDemo-Prefix.pch";
				INFOPLIST_FILE = "SelectionDemo/SelectionDemo-Info.plist";
				PRODUCT_NAME = "$(TARGET_NAME)";
				WRAPPER_EXTENSION = app;
			};
			name = Debug;
		};
		ABE938E616792D5200A7A1B8 /* Release */ = {
			isa = XCBuildConfiguration;
			buildSettings = {
				COMBINE_HIDPI_IMAGES = YES;
				FRAMEWORK_SEARCH_PATHS = (
					"$(inherited)",
					"\"$(SRCROOT)/../../../../../../../../../Library/Developer/Xcode/DerivedData/Butter-gqoqbeasmoutbjeyiuunhmhydaex/Build/Products/Debug\"",
				);
				GCC_PRECOMPILE_PREFIX_HEADER = YES;
				GCC_PREFIX_HEADER = "SelectionDemo/SelectionDemo-Prefix.pch";
				INFOPLIST_FILE = "SelectionDemo/SelectionDemo-Info.plist";
				PRODUCT_NAME = "$(TARGET_NAME)";
				WRAPPER_EXTENSION = app;
			};
			name = Release;
		};
/* End XCBuildConfiguration section */

/* Begin XCConfigurationList section */
		ABE938C216792D5200A7A1B8 /* Build configuration list for PBXProject "SelectionDemo" */ = {
			isa = XCConfigurationList;
			buildConfigurations = (
				ABE938E216792D5200A7A1B8 /* Debug */,
				ABE938E316792D5200A7A1B8 /* Release */,
			);
			defaultConfigurationIsVisible = 0;
			defaultConfigurationName = Release;
		};
		ABE938E416792D5200A7A1B8 /* Build configuration list for PBXNativeTarget "SelectionDemo" */ = {
			isa = XCConfigurationList;
			buildConfigurations = (
				ABE938E516792D5200A7A1B8 /* Debug */,
				ABE938E616792D5200A7A1B8 /* Release */,
			);
			defaultConfigurationIsVisible = 0;
			defaultConfigurationName = Release;
		};
/* End XCConfigurationList section */
	};
	rootObject = ABE938BF16792D5200A7A1B8 /* Project object */;
}
