// !$*UTF8*$!
{
	archiveVersion = 1;
	classes = {
	};
	objectVersion = 46;
	objects = {

/* Begin PBXBuildFile section */
		03034054168D89B100697D51 /* BTRSecureTextField.h in Headers */ = {isa = PBXBuildFile; fileRef = 03034052168D89B100697D51 /* BTRSecureTextField.h */; settings = {ATTRIBUTES = (Public, ); }; };
		03034055168D89B100697D51 /* BTRSecureTextField.m in Sources */ = {isa = PBXBuildFile; fileRef = 03034053168D89B100697D51 /* BTRSecureTextField.m */; };
		03034069168D8E4500697D51 /* NSImage+RBLResizableImageAdditions.h in Headers */ = {isa = PBXBuildFile; fileRef = 03034065168D8E4500697D51 /* NSImage+RBLResizableImageAdditions.h */; settings = {ATTRIBUTES = (Public, ); }; };
		0303406A168D8E4500697D51 /* NSImage+RBLResizableImageAdditions.m in Sources */ = {isa = PBXBuildFile; fileRef = 03034066168D8E4500697D51 /* NSImage+RBLResizableImageAdditions.m */; };
		0303406B168D8E4500697D51 /* RBLResizableImage.h in Headers */ = {isa = PBXBuildFile; fileRef = 03034067168D8E4500697D51 /* RBLResizableImage.h */; settings = {ATTRIBUTES = (Public, ); }; };
		0303406C168D8E4500697D51 /* RBLResizableImage.m in Sources */ = {isa = PBXBuildFile; fileRef = 03034068168D8E4500697D51 /* RBLResizableImage.m */; };
		03239EB61672E6D6004263D7 /* Cocoa.framework in Frameworks */ = {isa = PBXBuildFile; fileRef = 03239EB51672E6D6004263D7 /* Cocoa.framework */; };
		03239EC01672E6D6004263D7 /* InfoPlist.strings in Resources */ = {isa = PBXBuildFile; fileRef = 03239EBE1672E6D6004263D7 /* InfoPlist.strings */; };
		03239F6B1672E712004263D7 /* Butter.h in Headers */ = {isa = PBXBuildFile; fileRef = 03239F6A1672E712004263D7 /* Butter.h */; settings = {ATTRIBUTES = (Public, ); }; };
		03239F7F1672E7C8004263D7 /* QuartzCore.framework in Frameworks */ = {isa = PBXBuildFile; fileRef = 03239F7E1672E7C8004263D7 /* QuartzCore.framework */; };
		036E245A169123CE00376C68 /* BTRPopUpButton.h in Headers */ = {isa = PBXBuildFile; fileRef = 036E2458169123CE00376C68 /* BTRPopUpButton.h */; settings = {ATTRIBUTES = (Public, ); }; };
		036E245B169123CE00376C68 /* BTRPopUpButton.m in Sources */ = {isa = PBXBuildFile; fileRef = 036E2459169123CE00376C68 /* BTRPopUpButton.m */; };
		03E41481167B03DB00EACE0F /* BTRCommon.h in Headers */ = {isa = PBXBuildFile; fileRef = 03E41480167B03D800EACE0F /* BTRCommon.h */; };
		03FA6F0016743BD700491A1D /* NSValue+BTRAdditions.m in Sources */ = {isa = PBXBuildFile; fileRef = 03FA6EFC16743BD700491A1D /* NSValue+BTRAdditions.m */; };
		03FA6F0116743BD700491A1D /* NSValue+BTRAdditions.h in Headers */ = {isa = PBXBuildFile; fileRef = 03FA6EFD16743BD700491A1D /* NSValue+BTRAdditions.h */; settings = {ATTRIBUTES = (Public, ); }; };
		03FA6F0216743BD700491A1D /* NSIndexPath+BTRAdditions.m in Sources */ = {isa = PBXBuildFile; fileRef = 03FA6EFE16743BD700491A1D /* NSIndexPath+BTRAdditions.m */; };
		03FA6F0316743BD700491A1D /* NSIndexPath+BTRAdditions.h in Headers */ = {isa = PBXBuildFile; fileRef = 03FA6EFF16743BD700491A1D /* NSIndexPath+BTRAdditions.h */; settings = {ATTRIBUTES = (Public, ); }; };
		03FA6F6416743D6000491A1D /* BTRCollectionViewFlowLayout.m in Sources */ = {isa = PBXBuildFile; fileRef = 03FA6F5416743D6000491A1D /* BTRCollectionViewFlowLayout.m */; };
		03FA6F6516743D6000491A1D /* BTRCollectionViewLayout.m in Sources */ = {isa = PBXBuildFile; fileRef = 03FA6F5516743D6000491A1D /* BTRCollectionViewLayout.m */; };
		03FA6F6616743D6000491A1D /* BTRCollectionView.h in Headers */ = {isa = PBXBuildFile; fileRef = 03FA6F5616743D6000491A1D /* BTRCollectionView.h */; settings = {ATTRIBUTES = (Public, ); }; };
		03FA6F6716743D6000491A1D /* BTRCollectionView.m in Sources */ = {isa = PBXBuildFile; fileRef = 03FA6F5716743D6000491A1D /* BTRCollectionView.m */; };
		03FA6F6816743D6000491A1D /* BTRGeometryAdditions.h in Headers */ = {isa = PBXBuildFile; fileRef = 03FA6F5816743D6000491A1D /* BTRGeometryAdditions.h */; settings = {ATTRIBUTES = (Public, ); }; };
		03FA6F6A16743D6000491A1D /* BTRCollectionViewFlowLayout.h in Headers */ = {isa = PBXBuildFile; fileRef = 03FA6F5A16743D6000491A1D /* BTRCollectionViewFlowLayout.h */; settings = {ATTRIBUTES = (Public, ); }; };
		03FA6F6B16743D6000491A1D /* BTRCollectionViewCommon.h in Headers */ = {isa = PBXBuildFile; fileRef = 03FA6F5B16743D6000491A1D /* BTRCollectionViewCommon.h */; settings = {ATTRIBUTES = (Public, ); }; };
		03FA6F6C16743D6000491A1D /* BTRCollectionViewLayout.h in Headers */ = {isa = PBXBuildFile; fileRef = 03FA6F5C16743D6000491A1D /* BTRCollectionViewLayout.h */; settings = {ATTRIBUTES = (Public, ); }; };
		03FA6F6D16743D6000491A1D /* BTRCollectionViewCell.h in Headers */ = {isa = PBXBuildFile; fileRef = 03FA6F5D16743D6000491A1D /* BTRCollectionViewCell.h */; settings = {ATTRIBUTES = (Public, ); }; };
		03FA6F6E16743D6000491A1D /* BTRCollectionViewCell.m in Sources */ = {isa = PBXBuildFile; fileRef = 03FA6F5E16743D6000491A1D /* BTRCollectionViewCell.m */; };
		ABA67798168C03FA006DD644 /* BTRActivityIndicator.h in Headers */ = {isa = PBXBuildFile; fileRef = ABA67796168C03FA006DD644 /* BTRActivityIndicator.h */; settings = {ATTRIBUTES = (Public, ); }; };
		ABA67799168C03FA006DD644 /* BTRActivityIndicator.m in Sources */ = {isa = PBXBuildFile; fileRef = ABA67797168C03FA006DD644 /* BTRActivityIndicator.m */; };
		ABAB86DE167EEEEC003DC0CD /* BTRCollectionViewListLayout.h in Headers */ = {isa = PBXBuildFile; fileRef = ABAB86DC167EEEEC003DC0CD /* BTRCollectionViewListLayout.h */; settings = {ATTRIBUTES = (Public, ); }; };
		ABAB86DF167EEEEC003DC0CD /* BTRCollectionViewListLayout.m in Sources */ = {isa = PBXBuildFile; fileRef = ABAB86DD167EEEEC003DC0CD /* BTRCollectionViewListLayout.m */; };
		ABACCA3E167AD439003EFDD6 /* NSView+BTRAdditions.h in Headers */ = {isa = PBXBuildFile; fileRef = ABACCA36167AD439003EFDD6 /* NSView+BTRAdditions.h */; settings = {ATTRIBUTES = (Public, ); }; };
		ABACCA3F167AD439003EFDD6 /* NSView+BTRAdditions.m in Sources */ = {isa = PBXBuildFile; fileRef = ABACCA37167AD439003EFDD6 /* NSView+BTRAdditions.m */; };
		ABACCA40167AD439003EFDD6 /* BTRClipView.h in Headers */ = {isa = PBXBuildFile; fileRef = ABACCA38167AD439003EFDD6 /* BTRClipView.h */; settings = {ATTRIBUTES = (Public, ); }; };
		ABACCA41167AD439003EFDD6 /* BTRClipView.m in Sources */ = {isa = PBXBuildFile; fileRef = ABACCA39167AD439003EFDD6 /* BTRClipView.m */; };
		ABACCA42167AD439003EFDD6 /* BTRScrollView.h in Headers */ = {isa = PBXBuildFile; fileRef = ABACCA3A167AD439003EFDD6 /* BTRScrollView.h */; settings = {ATTRIBUTES = (Public, ); }; };
		ABACCA43167AD439003EFDD6 /* BTRScrollView.m in Sources */ = {isa = PBXBuildFile; fileRef = ABACCA3B167AD439003EFDD6 /* BTRScrollView.m */; };
		ABACCA44167AD439003EFDD6 /* BTRView.h in Headers */ = {isa = PBXBuildFile; fileRef = ABACCA3C167AD439003EFDD6 /* BTRView.h */; settings = {ATTRIBUTES = (Public, ); }; };
		ABACCA45167AD439003EFDD6 /* BTRView.m in Sources */ = {isa = PBXBuildFile; fileRef = ABACCA3D167AD439003EFDD6 /* BTRView.m */; };
		ABB9D743167BD73A00ECB31D /* BTRControl.h in Headers */ = {isa = PBXBuildFile; fileRef = ABB9D741167BD73A00ECB31D /* BTRControl.h */; settings = {ATTRIBUTES = (Public, ); }; };
		ABB9D744167BD73A00ECB31D /* BTRControl.m in Sources */ = {isa = PBXBuildFile; fileRef = ABB9D742167BD73A00ECB31D /* BTRControl.m */; };
		ABE9393A1679942300A7A1B8 /* BTRImageView.h in Headers */ = {isa = PBXBuildFile; fileRef = ABE939381679942300A7A1B8 /* BTRImageView.h */; settings = {ATTRIBUTES = (Public, ); }; };
		ABE9393B1679942300A7A1B8 /* BTRImageView.m in Sources */ = {isa = PBXBuildFile; fileRef = ABE939391679942300A7A1B8 /* BTRImageView.m */; };
		ABECF0671685393100BED126 /* BTRButton.h in Headers */ = {isa = PBXBuildFile; fileRef = ABECF0651685393100BED126 /* BTRButton.h */; settings = {ATTRIBUTES = (Public, ); }; };
		ABECF0681685393100BED126 /* BTRButton.m in Sources */ = {isa = PBXBuildFile; fileRef = ABECF0661685393100BED126 /* BTRButton.m */; };
		ABECF07116855FCA00BED126 /* BTRTextField.h in Headers */ = {isa = PBXBuildFile; fileRef = ABECF06F16855FCA00BED126 /* BTRTextField.h */; settings = {ATTRIBUTES = (Public, ); }; };
		ABECF07216855FCA00BED126 /* BTRTextField.m in Sources */ = {isa = PBXBuildFile; fileRef = ABECF07016855FCA00BED126 /* BTRTextField.m */; };
		ABECF07516855FD800BED126 /* BTRLabel.h in Headers */ = {isa = PBXBuildFile; fileRef = ABECF07316855FD800BED126 /* BTRLabel.h */; settings = {ATTRIBUTES = (Public, ); }; };
		ABECF07616855FD800BED126 /* BTRLabel.m in Sources */ = {isa = PBXBuildFile; fileRef = ABECF07416855FD800BED126 /* BTRLabel.m */; };
/* End PBXBuildFile section */

/* Begin PBXContainerItemProxy section */
		03034041168D880D00697D51 /* PBXContainerItemProxy */ = {
			isa = PBXContainerItemProxy;
			containerPortal = 0303403D168D880B00697D51 /* TextFieldDemo.xcodeproj */;
			proxyType = 2;
			remoteGlobalIDString = 0303401D168D880B00697D51;
			remoteInfo = TextFieldDemo;
		};
		0338B8DF168A68A400A1D2BB /* PBXContainerItemProxy */ = {
			isa = PBXContainerItemProxy;
			containerPortal = 0338B8D8168A68A300A1D2BB /* ContactsListDemo.xcodeproj */;
			proxyType = 2;
			remoteGlobalIDString = 0338B8B8168A68A300A1D2BB;
			remoteInfo = ContactsListDemo;
		};
		03FA703116746A7A00491A1D /* PBXContainerItemProxy */ = {
			isa = PBXContainerItemProxy;
			containerPortal = 03FA702916746A7900491A1D /* CircleLayout.xcodeproj */;
			proxyType = 2;
			remoteGlobalIDString = ABC2152816729CC7006D2B79;
			remoteInfo = CircleLayout;
		};
		03FA703B16746A7F00491A1D /* PBXContainerItemProxy */ = {
			isa = PBXContainerItemProxy;
			containerPortal = 03FA703316746A7F00491A1D /* BasicExample.xcodeproj */;
			proxyType = 2;
			remoteGlobalIDString = 03594AA41671C9BF0025210A;
			remoteInfo = BasicExample;
		};
		ABA67773168AC94B006DD644 /* PBXContainerItemProxy */ = {
			isa = PBXContainerItemProxy;
			containerPortal = ABA6776F168AC94A006DD644 /* ActivityIndicator Demo.xcodeproj */;
			proxyType = 2;
			remoteGlobalIDString = ABA6774F168AC94A006DD644;
			remoteInfo = "ActivityIndicator Demo";
		};
		ABB9D773167BF0F200ECB31D /* PBXContainerItemProxy */ = {
			isa = PBXContainerItemProxy;
			containerPortal = ABB9D76F167BF0F100ECB31D /* ControlEvents.xcodeproj */;
			proxyType = 2;
			remoteGlobalIDString = ABB9D74F167BF0F100ECB31D;
			remoteInfo = ControlEvents;
		};
		ABE938ED16792D6000A7A1B8 /* PBXContainerItemProxy */ = {
			isa = PBXContainerItemProxy;
			containerPortal = ABE938E716792D6000A7A1B8 /* SelectionDemo.xcodeproj */;
			proxyType = 2;
			remoteGlobalIDString = ABE938C716792D5200A7A1B8;
			remoteInfo = SelectionDemo;
		};
		ABECF0A5168563CC00BED126 /* PBXContainerItemProxy */ = {
			isa = PBXContainerItemProxy;
			containerPortal = ABECF0A1168563CB00BED126 /* ButtonDemo.xcodeproj */;
			proxyType = 2;
			remoteGlobalIDString = ABECF081168563CB00BED126;
			remoteInfo = ButtonDemo;
		};
/* End PBXContainerItemProxy section */

/* Begin PBXCopyFilesBuildPhase section */
		03FA6FFC1674631E00491A1D /* CopyFiles */ = {
			isa = PBXCopyFilesBuildPhase;
			buildActionMask = 2147483647;
			dstPath = "";
			dstSubfolderSpec = 10;
			files = (
			);
			runOnlyForDeploymentPostprocessing = 0;
		};
/* End PBXCopyFilesBuildPhase section */

/* Begin PBXFileReference section */
		0303403D168D880B00697D51 /* TextFieldDemo.xcodeproj */ = {isa = PBXFileReference; lastKnownFileType = "wrapper.pb-project"; name = TextFieldDemo.xcodeproj; path = Butter/Examples/BTRTextField/TextFieldDemo/TextFieldDemo.xcodeproj; sourceTree = "<group>"; };
		03034052168D89B100697D51 /* BTRSecureTextField.h */ = {isa = PBXFileReference; fileEncoding = 4; lastKnownFileType = sourcecode.c.h; name = BTRSecureTextField.h; path = BTRSecureTextField/BTRSecureTextField.h; sourceTree = "<group>"; };
		03034053168D89B100697D51 /* BTRSecureTextField.m */ = {isa = PBXFileReference; fileEncoding = 4; lastKnownFileType = sourcecode.c.objc; name = BTRSecureTextField.m; path = BTRSecureTextField/BTRSecureTextField.m; sourceTree = "<group>"; };
		03034065168D8E4500697D51 /* NSImage+RBLResizableImageAdditions.h */ = {isa = PBXFileReference; fileEncoding = 4; lastKnownFileType = sourcecode.c.h; path = "NSImage+RBLResizableImageAdditions.h"; sourceTree = "<group>"; };
		03034066168D8E4500697D51 /* NSImage+RBLResizableImageAdditions.m */ = {isa = PBXFileReference; fileEncoding = 4; lastKnownFileType = sourcecode.c.objc; path = "NSImage+RBLResizableImageAdditions.m"; sourceTree = "<group>"; };
		03034067168D8E4500697D51 /* RBLResizableImage.h */ = {isa = PBXFileReference; fileEncoding = 4; lastKnownFileType = sourcecode.c.h; path = RBLResizableImage.h; sourceTree = "<group>"; };
		03034068168D8E4500697D51 /* RBLResizableImage.m */ = {isa = PBXFileReference; fileEncoding = 4; lastKnownFileType = sourcecode.c.objc; path = RBLResizableImage.m; sourceTree = "<group>"; };
		03239EB21672E6D6004263D7 /* Butter.framework */ = {isa = PBXFileReference; explicitFileType = wrapper.framework; includeInIndex = 0; path = Butter.framework; sourceTree = BUILT_PRODUCTS_DIR; };
		03239EB51672E6D6004263D7 /* Cocoa.framework */ = {isa = PBXFileReference; lastKnownFileType = wrapper.framework; name = Cocoa.framework; path = System/Library/Frameworks/Cocoa.framework; sourceTree = SDKROOT; };
		03239EB81672E6D6004263D7 /* AppKit.framework */ = {isa = PBXFileReference; lastKnownFileType = wrapper.framework; name = AppKit.framework; path = System/Library/Frameworks/AppKit.framework; sourceTree = SDKROOT; };
		03239EB91672E6D6004263D7 /* CoreData.framework */ = {isa = PBXFileReference; lastKnownFileType = wrapper.framework; name = CoreData.framework; path = System/Library/Frameworks/CoreData.framework; sourceTree = SDKROOT; };
		03239EBA1672E6D6004263D7 /* Foundation.framework */ = {isa = PBXFileReference; lastKnownFileType = wrapper.framework; name = Foundation.framework; path = System/Library/Frameworks/Foundation.framework; sourceTree = SDKROOT; };
		03239EBD1672E6D6004263D7 /* Butter-Info.plist */ = {isa = PBXFileReference; lastKnownFileType = text.plist.xml; path = "Butter-Info.plist"; sourceTree = "<group>"; };
		03239EBF1672E6D6004263D7 /* en */ = {isa = PBXFileReference; lastKnownFileType = text.plist.strings; name = en; path = en.lproj/InfoPlist.strings; sourceTree = "<group>"; };
		03239EC11672E6D6004263D7 /* Butter-Prefix.pch */ = {isa = PBXFileReference; lastKnownFileType = sourcecode.c.h; path = "Butter-Prefix.pch"; sourceTree = "<group>"; };
		03239F6A1672E712004263D7 /* Butter.h */ = {isa = PBXFileReference; fileEncoding = 4; lastKnownFileType = sourcecode.c.h; path = Butter.h; sourceTree = "<group>"; };
		03239F7E1672E7C8004263D7 /* QuartzCore.framework */ = {isa = PBXFileReference; lastKnownFileType = wrapper.framework; name = QuartzCore.framework; path = System/Library/Frameworks/QuartzCore.framework; sourceTree = SDKROOT; };
		0338B8D8168A68A300A1D2BB /* ContactsListDemo.xcodeproj */ = {isa = PBXFileReference; lastKnownFileType = "wrapper.pb-project"; name = ContactsListDemo.xcodeproj; path = Butter/Examples/BTRCollectionView/ContactsListDemo/ContactsListDemo.xcodeproj; sourceTree = "<group>"; };
		036E2458169123CE00376C68 /* BTRPopUpButton.h */ = {isa = PBXFileReference; fileEncoding = 4; lastKnownFileType = sourcecode.c.h; name = BTRPopUpButton.h; path = BTRPopUpButton/BTRPopUpButton.h; sourceTree = "<group>"; };
		036E2459169123CE00376C68 /* BTRPopUpButton.m */ = {isa = PBXFileReference; fileEncoding = 4; lastKnownFileType = sourcecode.c.objc; name = BTRPopUpButton.m; path = BTRPopUpButton/BTRPopUpButton.m; sourceTree = "<group>"; };
		03E41480167B03D800EACE0F /* BTRCommon.h */ = {isa = PBXFileReference; lastKnownFileType = sourcecode.c.h; path = BTRCommon.h; sourceTree = "<group>"; };
		03FA6EFC16743BD700491A1D /* NSValue+BTRAdditions.m */ = {isa = PBXFileReference; fileEncoding = 4; lastKnownFileType = sourcecode.c.objc; name = "NSValue+BTRAdditions.m"; path = "Categories/NSValue+BTRAdditions.m"; sourceTree = "<group>"; };
		03FA6EFD16743BD700491A1D /* NSValue+BTRAdditions.h */ = {isa = PBXFileReference; fileEncoding = 4; lastKnownFileType = sourcecode.c.h; name = "NSValue+BTRAdditions.h"; path = "Categories/NSValue+BTRAdditions.h"; sourceTree = "<group>"; };
		03FA6EFE16743BD700491A1D /* NSIndexPath+BTRAdditions.m */ = {isa = PBXFileReference; fileEncoding = 4; lastKnownFileType = sourcecode.c.objc; name = "NSIndexPath+BTRAdditions.m"; path = "Categories/NSIndexPath+BTRAdditions.m"; sourceTree = "<group>"; };
		03FA6EFF16743BD700491A1D /* NSIndexPath+BTRAdditions.h */ = {isa = PBXFileReference; fileEncoding = 4; lastKnownFileType = sourcecode.c.h; name = "NSIndexPath+BTRAdditions.h"; path = "Categories/NSIndexPath+BTRAdditions.h"; sourceTree = "<group>"; };
		03FA6F5416743D6000491A1D /* BTRCollectionViewFlowLayout.m */ = {isa = PBXFileReference; fileEncoding = 4; lastKnownFileType = sourcecode.c.objc; name = BTRCollectionViewFlowLayout.m; path = Butter/BTRCollectionView/BTRCollectionViewFlowLayout.m; sourceTree = SOURCE_ROOT; };
		03FA6F5516743D6000491A1D /* BTRCollectionViewLayout.m */ = {isa = PBXFileReference; fileEncoding = 4; lastKnownFileType = sourcecode.c.objc; name = BTRCollectionViewLayout.m; path = Butter/BTRCollectionView/BTRCollectionViewLayout.m; sourceTree = SOURCE_ROOT; };
		03FA6F5616743D6000491A1D /* BTRCollectionView.h */ = {isa = PBXFileReference; fileEncoding = 4; lastKnownFileType = sourcecode.c.h; name = BTRCollectionView.h; path = Butter/BTRCollectionView/BTRCollectionView.h; sourceTree = SOURCE_ROOT; };
		03FA6F5716743D6000491A1D /* BTRCollectionView.m */ = {isa = PBXFileReference; fileEncoding = 4; lastKnownFileType = sourcecode.c.objc; name = BTRCollectionView.m; path = Butter/BTRCollectionView/BTRCollectionView.m; sourceTree = SOURCE_ROOT; };
		03FA6F5816743D6000491A1D /* BTRGeometryAdditions.h */ = {isa = PBXFileReference; fileEncoding = 4; lastKnownFileType = sourcecode.c.h; name = BTRGeometryAdditions.h; path = Butter/BTRCollectionView/BTRGeometryAdditions.h; sourceTree = SOURCE_ROOT; };
		03FA6F5A16743D6000491A1D /* BTRCollectionViewFlowLayout.h */ = {isa = PBXFileReference; fileEncoding = 4; lastKnownFileType = sourcecode.c.h; name = BTRCollectionViewFlowLayout.h; path = Butter/BTRCollectionView/BTRCollectionViewFlowLayout.h; sourceTree = SOURCE_ROOT; };
		03FA6F5B16743D6000491A1D /* BTRCollectionViewCommon.h */ = {isa = PBXFileReference; fileEncoding = 4; lastKnownFileType = sourcecode.c.h; name = BTRCollectionViewCommon.h; path = Butter/BTRCollectionView/BTRCollectionViewCommon.h; sourceTree = SOURCE_ROOT; };
		03FA6F5C16743D6000491A1D /* BTRCollectionViewLayout.h */ = {isa = PBXFileReference; fileEncoding = 4; lastKnownFileType = sourcecode.c.h; name = BTRCollectionViewLayout.h; path = Butter/BTRCollectionView/BTRCollectionViewLayout.h; sourceTree = SOURCE_ROOT; };
		03FA6F5D16743D6000491A1D /* BTRCollectionViewCell.h */ = {isa = PBXFileReference; fileEncoding = 4; lastKnownFileType = sourcecode.c.h; name = BTRCollectionViewCell.h; path = Butter/BTRCollectionView/BTRCollectionViewCell.h; sourceTree = SOURCE_ROOT; };
		03FA6F5E16743D6000491A1D /* BTRCollectionViewCell.m */ = {isa = PBXFileReference; fileEncoding = 4; lastKnownFileType = sourcecode.c.objc; name = BTRCollectionViewCell.m; path = Butter/BTRCollectionView/BTRCollectionViewCell.m; sourceTree = SOURCE_ROOT; };
		03FA702916746A7900491A1D /* CircleLayout.xcodeproj */ = {isa = PBXFileReference; lastKnownFileType = "wrapper.pb-project"; name = CircleLayout.xcodeproj; path = Butter/Examples/BTRCollectionView/CircleLayout/CircleLayout.xcodeproj; sourceTree = "<group>"; };
		03FA703316746A7F00491A1D /* BasicExample.xcodeproj */ = {isa = PBXFileReference; lastKnownFileType = "wrapper.pb-project"; name = BasicExample.xcodeproj; path = Butter/Examples/BTRCollectionView/BasicExample/BasicExample.xcodeproj; sourceTree = "<group>"; };
		ABA6776F168AC94A006DD644 /* ActivityIndicator Demo.xcodeproj */ = {isa = PBXFileReference; lastKnownFileType = "wrapper.pb-project"; name = "ActivityIndicator Demo.xcodeproj"; path = "Butter/Examples/BTRActivityIndicator/ActivityIndicator Demo/ActivityIndicator Demo.xcodeproj"; sourceTree = "<group>"; };
		ABA67796168C03FA006DD644 /* BTRActivityIndicator.h */ = {isa = PBXFileReference; fileEncoding = 4; lastKnownFileType = sourcecode.c.h; path = BTRActivityIndicator.h; sourceTree = "<group>"; };
		ABA67797168C03FA006DD644 /* BTRActivityIndicator.m */ = {isa = PBXFileReference; fileEncoding = 4; lastKnownFileType = sourcecode.c.objc; path = BTRActivityIndicator.m; sourceTree = "<group>"; };
		ABAB86DC167EEEEC003DC0CD /* BTRCollectionViewListLayout.h */ = {isa = PBXFileReference; fileEncoding = 4; lastKnownFileType = sourcecode.c.h; name = BTRCollectionViewListLayout.h; path = Butter/BTRCollectionView/BTRCollectionViewListLayout.h; sourceTree = SOURCE_ROOT; };
		ABAB86DD167EEEEC003DC0CD /* BTRCollectionViewListLayout.m */ = {isa = PBXFileReference; fileEncoding = 4; lastKnownFileType = sourcecode.c.objc; name = BTRCollectionViewListLayout.m; path = Butter/BTRCollectionView/BTRCollectionViewListLayout.m; sourceTree = SOURCE_ROOT; };
		ABACCA36167AD439003EFDD6 /* NSView+BTRAdditions.h */ = {isa = PBXFileReference; fileEncoding = 4; lastKnownFileType = sourcecode.c.h; name = "NSView+BTRAdditions.h"; path = "Extensions/NSView+BTRAdditions.h"; sourceTree = "<group>"; };
		ABACCA37167AD439003EFDD6 /* NSView+BTRAdditions.m */ = {isa = PBXFileReference; fileEncoding = 4; lastKnownFileType = sourcecode.c.objc; name = "NSView+BTRAdditions.m"; path = "Extensions/NSView+BTRAdditions.m"; sourceTree = "<group>"; };
		ABACCA38167AD439003EFDD6 /* BTRClipView.h */ = {isa = PBXFileReference; fileEncoding = 4; lastKnownFileType = sourcecode.c.h; path = BTRClipView.h; sourceTree = "<group>"; };
		ABACCA39167AD439003EFDD6 /* BTRClipView.m */ = {isa = PBXFileReference; fileEncoding = 4; lastKnownFileType = sourcecode.c.objc; path = BTRClipView.m; sourceTree = "<group>"; };
		ABACCA3A167AD439003EFDD6 /* BTRScrollView.h */ = {isa = PBXFileReference; fileEncoding = 4; lastKnownFileType = sourcecode.c.h; path = BTRScrollView.h; sourceTree = "<group>"; };
		ABACCA3B167AD439003EFDD6 /* BTRScrollView.m */ = {isa = PBXFileReference; fileEncoding = 4; lastKnownFileType = sourcecode.c.objc; path = BTRScrollView.m; sourceTree = "<group>"; };
		ABACCA3C167AD439003EFDD6 /* BTRView.h */ = {isa = PBXFileReference; fileEncoding = 4; lastKnownFileType = sourcecode.c.h; path = BTRView.h; sourceTree = "<group>"; };
		ABACCA3D167AD439003EFDD6 /* BTRView.m */ = {isa = PBXFileReference; fileEncoding = 4; lastKnownFileType = sourcecode.c.objc; path = BTRView.m; sourceTree = "<group>"; };
		ABB9D741167BD73A00ECB31D /* BTRControl.h */ = {isa = PBXFileReference; fileEncoding = 4; lastKnownFileType = sourcecode.c.h; name = BTRControl.h; path = BTRControl/BTRControl.h; sourceTree = "<group>"; };
		ABB9D742167BD73A00ECB31D /* BTRControl.m */ = {isa = PBXFileReference; fileEncoding = 4; lastKnownFileType = sourcecode.c.objc; name = BTRControl.m; path = BTRControl/BTRControl.m; sourceTree = "<group>"; };
		ABB9D76F167BF0F100ECB31D /* ControlEvents.xcodeproj */ = {isa = PBXFileReference; lastKnownFileType = "wrapper.pb-project"; name = ControlEvents.xcodeproj; path = Butter/Examples/BTRControl/ControlEvents/ControlEvents.xcodeproj; sourceTree = "<group>"; };
		ABE938E716792D6000A7A1B8 /* SelectionDemo.xcodeproj */ = {isa = PBXFileReference; lastKnownFileType = "wrapper.pb-project"; name = SelectionDemo.xcodeproj; path = Butter/Examples/BTRCollectionView/SelectionDemo/SelectionDemo.xcodeproj; sourceTree = "<group>"; };
		ABE939381679942300A7A1B8 /* BTRImageView.h */ = {isa = PBXFileReference; fileEncoding = 4; lastKnownFileType = sourcecode.c.h; name = BTRImageView.h; path = BTRImageView/BTRImageView.h; sourceTree = "<group>"; };
		ABE939391679942300A7A1B8 /* BTRImageView.m */ = {isa = PBXFileReference; fileEncoding = 4; lastKnownFileType = sourcecode.c.objc; name = BTRImageView.m; path = BTRImageView/BTRImageView.m; sourceTree = "<group>"; };
		ABECF0651685393100BED126 /* BTRButton.h */ = {isa = PBXFileReference; fileEncoding = 4; lastKnownFileType = sourcecode.c.h; name = BTRButton.h; path = BTRButton/BTRButton.h; sourceTree = "<group>"; };
		ABECF0661685393100BED126 /* BTRButton.m */ = {isa = PBXFileReference; fileEncoding = 4; lastKnownFileType = sourcecode.c.objc; name = BTRButton.m; path = BTRButton/BTRButton.m; sourceTree = "<group>"; };
		ABECF06F16855FCA00BED126 /* BTRTextField.h */ = {isa = PBXFileReference; fileEncoding = 4; lastKnownFileType = sourcecode.c.h; name = BTRTextField.h; path = BTRTextField/BTRTextField.h; sourceTree = "<group>"; };
		ABECF07016855FCA00BED126 /* BTRTextField.m */ = {isa = PBXFileReference; fileEncoding = 4; lastKnownFileType = sourcecode.c.objc; name = BTRTextField.m; path = BTRTextField/BTRTextField.m; sourceTree = "<group>"; };
		ABECF07316855FD800BED126 /* BTRLabel.h */ = {isa = PBXFileReference; fileEncoding = 4; lastKnownFileType = sourcecode.c.h; name = BTRLabel.h; path = BTRLabel/BTRLabel.h; sourceTree = "<group>"; };
		ABECF07416855FD800BED126 /* BTRLabel.m */ = {isa = PBXFileReference; fileEncoding = 4; lastKnownFileType = sourcecode.c.objc; name = BTRLabel.m; path = BTRLabel/BTRLabel.m; sourceTree = "<group>"; };
		ABECF0A1168563CB00BED126 /* ButtonDemo.xcodeproj */ = {isa = PBXFileReference; lastKnownFileType = "wrapper.pb-project"; name = ButtonDemo.xcodeproj; path = Butter/Examples/BTRButton/ButtonDemo/ButtonDemo.xcodeproj; sourceTree = "<group>"; };
/* End PBXFileReference section */

/* Begin PBXFrameworksBuildPhase section */
		03239EAE1672E6D6004263D7 /* Frameworks */ = {
			isa = PBXFrameworksBuildPhase;
			buildActionMask = 2147483647;
			files = (
				03239F7F1672E7C8004263D7 /* QuartzCore.framework in Frameworks */,
				03239EB61672E6D6004263D7 /* Cocoa.framework in Frameworks */,
			);
			runOnlyForDeploymentPostprocessing = 0;
		};
/* End PBXFrameworksBuildPhase section */

/* Begin PBXGroup section */
		03034013168D87E900697D51 /* BTRTextField */ = {
			isa = PBXGroup;
			children = (
				0303403D168D880B00697D51 /* TextFieldDemo.xcodeproj */,
			);
			name = BTRTextField;
			sourceTree = "<group>";
		};
		0303403E168D880B00697D51 /* Products */ = {
			isa = PBXGroup;
			children = (
				03034042168D880D00697D51 /* TextFieldDemo.app */,
			);
			name = Products;
			sourceTree = "<group>";
		};
		03034051168D896300697D51 /* BTRSecureTextField */ = {
			isa = PBXGroup;
			children = (
				03034052168D89B100697D51 /* BTRSecureTextField.h */,
				03034053168D89B100697D51 /* BTRSecureTextField.m */,
			);
			name = BTRSecureTextField;
			sourceTree = "<group>";
		};
		03239EA61672E6D6004263D7 = {
			isa = PBXGroup;
			children = (
				03239EBB1672E6D6004263D7 /* Butter */,
				03FA702616746A6600491A1D /* Examples */,
				03239EB41672E6D6004263D7 /* Frameworks */,
				03239EB31672E6D6004263D7 /* Products */,
			);
			sourceTree = "<group>";
		};
		03239EB31672E6D6004263D7 /* Products */ = {
			isa = PBXGroup;
			children = (
				03239EB21672E6D6004263D7 /* Butter.framework */,
			);
			name = Products;
			sourceTree = "<group>";
		};
		03239EB41672E6D6004263D7 /* Frameworks */ = {
			isa = PBXGroup;
			children = (
				03239F7E1672E7C8004263D7 /* QuartzCore.framework */,
				03239EB51672E6D6004263D7 /* Cocoa.framework */,
				03239EB71672E6D6004263D7 /* Other Frameworks */,
			);
			name = Frameworks;
			sourceTree = "<group>";
		};
		03239EB71672E6D6004263D7 /* Other Frameworks */ = {
			isa = PBXGroup;
			children = (
				03239EB81672E6D6004263D7 /* AppKit.framework */,
				03239EB91672E6D6004263D7 /* CoreData.framework */,
				03239EBA1672E6D6004263D7 /* Foundation.framework */,
			);
			name = "Other Frameworks";
			sourceTree = "<group>";
		};
		03239EBB1672E6D6004263D7 /* Butter */ = {
			isa = PBXGroup;
			children = (
				03239F6A1672E712004263D7 /* Butter.h */,
				03FA6EFB1674393400491A1D /* Categories */,
				03239ECA1672E6DC004263D7 /* Components */,
				03239EBC1672E6D6004263D7 /* Supporting Files */,
			);
			path = Butter;
			sourceTree = "<group>";
		};
		03239EBC1672E6D6004263D7 /* Supporting Files */ = {
			isa = PBXGroup;
			children = (
				03239EBD1672E6D6004263D7 /* Butter-Info.plist */,
				03239EBE1672E6D6004263D7 /* InfoPlist.strings */,
				03239EC11672E6D6004263D7 /* Butter-Prefix.pch */,
			);
			name = "Supporting Files";
			sourceTree = "<group>";
		};
		03239ECA1672E6DC004263D7 /* Components */ = {
			isa = PBXGroup;
			children = (
				0391B769169119D000725AAD /* BTRPopUpButton */,
				ABACCA35167AD439003EFDD6 /* Extensions */,
				ABA67795168C03FA006DD644 /* BTRActivityIndicator */,
				ABE93937167993DB00A7A1B8 /* BTRImageView */,
				AB05CE1A1672E95900534E63 /* BTRCollectionView */,
				ABB9D73D167BD6C800ECB31D /* BTRControl */,
				ABECF05C1685390500BED126 /* BTRButton */,
				ABECF06D16855FA400BED126 /* BTRTextField */,
				03034051168D896300697D51 /* BTRSecureTextField */,
				ABECF06E16855FB000BED126 /* BTRLabel */,
			);
			name = Components;
			sourceTree = "<group>";
		};
		0338B8D9168A68A300A1D2BB /* Products */ = {
			isa = PBXGroup;
			children = (
				0338B8E0168A68A400A1D2BB /* ContactsListDemo.app */,
			);
			name = Products;
			sourceTree = "<group>";
		};
		0391B769169119D000725AAD /* BTRPopUpButton */ = {
			isa = PBXGroup;
			children = (
				036E2458169123CE00376C68 /* BTRPopUpButton.h */,
				036E2459169123CE00376C68 /* BTRPopUpButton.m */,
			);
			name = BTRPopUpButton;
			sourceTree = "<group>";
		};
		03FA6EFB1674393400491A1D /* Categories */ = {
			isa = PBXGroup;
			children = (
				ABACCA36167AD439003EFDD6 /* NSView+BTRAdditions.h */,
				ABACCA37167AD439003EFDD6 /* NSView+BTRAdditions.m */,
				03FA6EFC16743BD700491A1D /* NSValue+BTRAdditions.m */,
				03FA6EFD16743BD700491A1D /* NSValue+BTRAdditions.h */,
				03FA6EFE16743BD700491A1D /* NSIndexPath+BTRAdditions.m */,
				03FA6EFF16743BD700491A1D /* NSIndexPath+BTRAdditions.h */,
			);
			name = Categories;
			sourceTree = "<group>";
		};
		03FA702616746A6600491A1D /* Examples */ = {
			isa = PBXGroup;
			children = (
				03034013168D87E900697D51 /* BTRTextField */,
				ABA67745168AC90D006DD644 /* BTRActivityIndicator */,
				ABECF0771685636200BED126 /* BTRButton */,
				03FA702816746A7500491A1D /* BTRCollectionView */,
				ABB9D745167BF03600ECB31D /* BTRControl */,
			);
			name = Examples;
			sourceTree = "<group>";
		};
		03FA702816746A7500491A1D /* BTRCollectionView */ = {
			isa = PBXGroup;
			children = (
				0338B8D8168A68A300A1D2BB /* ContactsListDemo.xcodeproj */,
				03FA703316746A7F00491A1D /* BasicExample.xcodeproj */,
				03FA702916746A7900491A1D /* CircleLayout.xcodeproj */,
				ABE938E716792D6000A7A1B8 /* SelectionDemo.xcodeproj */,
			);
			name = BTRCollectionView;
			sourceTree = "<group>";
		};
		03FA702A16746A7900491A1D /* Products */ = {
			isa = PBXGroup;
			children = (
				03FA703216746A7A00491A1D /* CircleLayout.app */,
			);
			name = Products;
			sourceTree = "<group>";
		};
		03FA703416746A7F00491A1D /* Products */ = {
			isa = PBXGroup;
			children = (
				03FA703C16746A7F00491A1D /* BasicExample.app */,
			);
			name = Products;
			sourceTree = "<group>";
		};
		AB05CE1A1672E95900534E63 /* BTRCollectionView */ = {
			isa = PBXGroup;
			children = (
				03FA6F5616743D6000491A1D /* BTRCollectionView.h */,
				03FA6F5716743D6000491A1D /* BTRCollectionView.m */,
				03FA6F5A16743D6000491A1D /* BTRCollectionViewFlowLayout.h */,
				03FA6F5416743D6000491A1D /* BTRCollectionViewFlowLayout.m */,
				ABAB86DC167EEEEC003DC0CD /* BTRCollectionViewListLayout.h */,
				ABAB86DD167EEEEC003DC0CD /* BTRCollectionViewListLayout.m */,
				03FA6F5B16743D6000491A1D /* BTRCollectionViewCommon.h */,
				03FA6F5C16743D6000491A1D /* BTRCollectionViewLayout.h */,
				03FA6F5516743D6000491A1D /* BTRCollectionViewLayout.m */,
				03FA6F5D16743D6000491A1D /* BTRCollectionViewCell.h */,
				03FA6F5E16743D6000491A1D /* BTRCollectionViewCell.m */,
			);
			name = BTRCollectionView;
			path = BTRCollectionView/BTRCollectionView;
			sourceTree = "<group>";
		};
		ABA67745168AC90D006DD644 /* BTRActivityIndicator */ = {
			isa = PBXGroup;
			children = (
				ABA6776F168AC94A006DD644 /* ActivityIndicator Demo.xcodeproj */,
			);
			name = BTRActivityIndicator;
			sourceTree = "<group>";
		};
		ABA67770168AC94A006DD644 /* Products */ = {
			isa = PBXGroup;
			children = (
				ABA67774168AC94B006DD644 /* ActivityIndicator Demo.app */,
			);
			name = Products;
			sourceTree = "<group>";
		};
		ABA67795168C03FA006DD644 /* BTRActivityIndicator */ = {
			isa = PBXGroup;
			children = (
				ABA67796168C03FA006DD644 /* BTRActivityIndicator.h */,
				ABA67797168C03FA006DD644 /* BTRActivityIndicator.m */,
			);
			path = BTRActivityIndicator;
			sourceTree = "<group>";
		};
		ABACCA35167AD439003EFDD6 /* Extensions */ = {
			isa = PBXGroup;
			children = (
				03FA6F5816743D6000491A1D /* BTRGeometryAdditions.h */,
				ABACCA38167AD439003EFDD6 /* BTRClipView.h */,
				ABACCA39167AD439003EFDD6 /* BTRClipView.m */,
				ABACCA3A167AD439003EFDD6 /* BTRScrollView.h */,
				ABACCA3B167AD439003EFDD6 /* BTRScrollView.m */,
				ABACCA3C167AD439003EFDD6 /* BTRView.h */,
				ABACCA3D167AD439003EFDD6 /* BTRView.m */,
				03E41480167B03D800EACE0F /* BTRCommon.h */,
				03034065168D8E4500697D51 /* NSImage+RBLResizableImageAdditions.h */,
				03034066168D8E4500697D51 /* NSImage+RBLResizableImageAdditions.m */,
				03034067168D8E4500697D51 /* RBLResizableImage.h */,
				03034068168D8E4500697D51 /* RBLResizableImage.m */,
			);
			path = Extensions;
			sourceTree = "<group>";
		};
		ABB9D73D167BD6C800ECB31D /* BTRControl */ = {
			isa = PBXGroup;
			children = (
				ABB9D741167BD73A00ECB31D /* BTRControl.h */,
				ABB9D742167BD73A00ECB31D /* BTRControl.m */,
			);
			name = BTRControl;
			sourceTree = "<group>";
		};
		ABB9D745167BF03600ECB31D /* BTRControl */ = {
			isa = PBXGroup;
			children = (
				ABB9D76F167BF0F100ECB31D /* ControlEvents.xcodeproj */,
			);
			name = BTRControl;
			sourceTree = "<group>";
		};
		ABB9D770167BF0F100ECB31D /* Products */ = {
			isa = PBXGroup;
			children = (
				ABB9D774167BF0F200ECB31D /* ControlEvents.app */,
			);
			name = Products;
			sourceTree = "<group>";
		};
		ABE938E816792D6000A7A1B8 /* Products */ = {
			isa = PBXGroup;
			children = (
				ABE938EE16792D6000A7A1B8 /* SelectionDemo.app */,
			);
			name = Products;
			sourceTree = "<group>";
		};
		ABE93937167993DB00A7A1B8 /* BTRImageView */ = {
			isa = PBXGroup;
			children = (
				ABE939381679942300A7A1B8 /* BTRImageView.h */,
				ABE939391679942300A7A1B8 /* BTRImageView.m */,
			);
			name = BTRImageView;
			sourceTree = "<group>";
		};
		ABECF05C1685390500BED126 /* BTRButton */ = {
			isa = PBXGroup;
			children = (
				ABECF0651685393100BED126 /* BTRButton.h */,
				ABECF0661685393100BED126 /* BTRButton.m */,
			);
			name = BTRButton;
			sourceTree = "<group>";
		};
		ABECF06D16855FA400BED126 /* BTRTextField */ = {
			isa = PBXGroup;
			children = (
				ABECF06F16855FCA00BED126 /* BTRTextField.h */,
				ABECF07016855FCA00BED126 /* BTRTextField.m */,
			);
			name = BTRTextField;
			sourceTree = "<group>";
		};
		ABECF06E16855FB000BED126 /* BTRLabel */ = {
			isa = PBXGroup;
			children = (
				ABECF07316855FD800BED126 /* BTRLabel.h */,
				ABECF07416855FD800BED126 /* BTRLabel.m */,
			);
			name = BTRLabel;
			sourceTree = "<group>";
		};
		ABECF0771685636200BED126 /* BTRButton */ = {
			isa = PBXGroup;
			children = (
				ABECF0A1168563CB00BED126 /* ButtonDemo.xcodeproj */,
			);
			name = BTRButton;
			sourceTree = "<group>";
		};
		ABECF0A2168563CB00BED126 /* Products */ = {
			isa = PBXGroup;
			children = (
				ABECF0A6168563CC00BED126 /* ButtonDemo.app */,
			);
			name = Products;
			sourceTree = "<group>";
		};
/* End PBXGroup section */

/* Begin PBXHeadersBuildPhase section */
		03239EAF1672E6D6004263D7 /* Headers */ = {
			isa = PBXHeadersBuildPhase;
			buildActionMask = 2147483647;
			files = (
				03239F6B1672E712004263D7 /* Butter.h in Headers */,
				03FA6F0116743BD700491A1D /* NSValue+BTRAdditions.h in Headers */,
				03FA6F6616743D6000491A1D /* BTRCollectionView.h in Headers */,
				03FA6F6816743D6000491A1D /* BTRGeometryAdditions.h in Headers */,
				03FA6F6A16743D6000491A1D /* BTRCollectionViewFlowLayout.h in Headers */,
				03FA6F6B16743D6000491A1D /* BTRCollectionViewCommon.h in Headers */,
				03FA6F6C16743D6000491A1D /* BTRCollectionViewLayout.h in Headers */,
				03FA6F6D16743D6000491A1D /* BTRCollectionViewCell.h in Headers */,
				03FA6F0316743BD700491A1D /* NSIndexPath+BTRAdditions.h in Headers */,
				ABE9393A1679942300A7A1B8 /* BTRImageView.h in Headers */,
				ABACCA3E167AD439003EFDD6 /* NSView+BTRAdditions.h in Headers */,
				ABACCA40167AD439003EFDD6 /* BTRClipView.h in Headers */,
				ABACCA42167AD439003EFDD6 /* BTRScrollView.h in Headers */,
				ABACCA44167AD439003EFDD6 /* BTRView.h in Headers */,
				03E41481167B03DB00EACE0F /* BTRCommon.h in Headers */,
				ABB9D743167BD73A00ECB31D /* BTRControl.h in Headers */,
				ABAB86DE167EEEEC003DC0CD /* BTRCollectionViewListLayout.h in Headers */,
				ABECF0671685393100BED126 /* BTRButton.h in Headers */,
				ABECF07116855FCA00BED126 /* BTRTextField.h in Headers */,
				ABECF07516855FD800BED126 /* BTRLabel.h in Headers */,
				ABA67798168C03FA006DD644 /* BTRActivityIndicator.h in Headers */,
				03034054168D89B100697D51 /* BTRSecureTextField.h in Headers */,
				03034069168D8E4500697D51 /* NSImage+RBLResizableImageAdditions.h in Headers */,
				0303406B168D8E4500697D51 /* RBLResizableImage.h in Headers */,
				036E245A169123CE00376C68 /* BTRPopUpButton.h in Headers */,
			);
			runOnlyForDeploymentPostprocessing = 0;
		};
/* End PBXHeadersBuildPhase section */

/* Begin PBXNativeTarget section */
		03239EB11672E6D6004263D7 /* Butter */ = {
			isa = PBXNativeTarget;
			buildConfigurationList = 03239EC71672E6D6004263D7 /* Build configuration list for PBXNativeTarget "Butter" */;
			buildPhases = (
				03239EAD1672E6D6004263D7 /* Sources */,
				03239EAE1672E6D6004263D7 /* Frameworks */,
				03239EAF1672E6D6004263D7 /* Headers */,
				03239EB01672E6D6004263D7 /* Resources */,
				03FA6FFC1674631E00491A1D /* CopyFiles */,
			);
			buildRules = (
			);
			dependencies = (
			);
			name = Butter;
			productName = Butter;
			productReference = 03239EB21672E6D6004263D7 /* Butter.framework */;
			productType = "com.apple.product-type.framework";
		};
/* End PBXNativeTarget section */

/* Begin PBXProject section */
		03239EA81672E6D6004263D7 /* Project object */ = {
			isa = PBXProject;
			attributes = {
				CLASSPREFIX = BTR;
				LastUpgradeCheck = 0450;
				ORGANIZATIONNAME = ButterKit;
			};
			buildConfigurationList = 03239EAB1672E6D6004263D7 /* Build configuration list for PBXProject "Butter" */;
			compatibilityVersion = "Xcode 3.2";
			developmentRegion = English;
			hasScannedForEncodings = 0;
			knownRegions = (
				en,
			);
			mainGroup = 03239EA61672E6D6004263D7;
			productRefGroup = 03239EB31672E6D6004263D7 /* Products */;
			projectDirPath = "";
			projectReferences = (
				{
					ProductGroup = ABA67770168AC94A006DD644 /* Products */;
					ProjectRef = ABA6776F168AC94A006DD644 /* ActivityIndicator Demo.xcodeproj */;
				},
				{
					ProductGroup = 03FA703416746A7F00491A1D /* Products */;
					ProjectRef = 03FA703316746A7F00491A1D /* BasicExample.xcodeproj */;
				},
				{
					ProductGroup = ABECF0A2168563CB00BED126 /* Products */;
					ProjectRef = ABECF0A1168563CB00BED126 /* ButtonDemo.xcodeproj */;
				},
				{
					ProductGroup = 03FA702A16746A7900491A1D /* Products */;
					ProjectRef = 03FA702916746A7900491A1D /* CircleLayout.xcodeproj */;
				},
				{
					ProductGroup = 0338B8D9168A68A300A1D2BB /* Products */;
					ProjectRef = 0338B8D8168A68A300A1D2BB /* ContactsListDemo.xcodeproj */;
				},
				{
					ProductGroup = ABB9D770167BF0F100ECB31D /* Products */;
					ProjectRef = ABB9D76F167BF0F100ECB31D /* ControlEvents.xcodeproj */;
				},
				{
					ProductGroup = ABE938E816792D6000A7A1B8 /* Products */;
					ProjectRef = ABE938E716792D6000A7A1B8 /* SelectionDemo.xcodeproj */;
				},
				{
					ProductGroup = 0303403E168D880B00697D51 /* Products */;
					ProjectRef = 0303403D168D880B00697D51 /* TextFieldDemo.xcodeproj */;
				},
			);
			projectRoot = "";
			targets = (
				03239EB11672E6D6004263D7 /* Butter */,
			);
		};
/* End PBXProject section */

/* Begin PBXReferenceProxy section */
		03034042168D880D00697D51 /* TextFieldDemo.app */ = {
			isa = PBXReferenceProxy;
			fileType = wrapper.application;
			path = TextFieldDemo.app;
			remoteRef = 03034041168D880D00697D51 /* PBXContainerItemProxy */;
			sourceTree = BUILT_PRODUCTS_DIR;
		};
		0338B8E0168A68A400A1D2BB /* ContactsListDemo.app */ = {
			isa = PBXReferenceProxy;
			fileType = wrapper.application;
			path = ContactsListDemo.app;
			remoteRef = 0338B8DF168A68A400A1D2BB /* PBXContainerItemProxy */;
			sourceTree = BUILT_PRODUCTS_DIR;
		};
		03FA703216746A7A00491A1D /* CircleLayout.app */ = {
			isa = PBXReferenceProxy;
			fileType = wrapper.application;
			path = CircleLayout.app;
			remoteRef = 03FA703116746A7A00491A1D /* PBXContainerItemProxy */;
			sourceTree = BUILT_PRODUCTS_DIR;
		};
		03FA703C16746A7F00491A1D /* BasicExample.app */ = {
			isa = PBXReferenceProxy;
			fileType = wrapper.application;
			path = BasicExample.app;
			remoteRef = 03FA703B16746A7F00491A1D /* PBXContainerItemProxy */;
			sourceTree = BUILT_PRODUCTS_DIR;
		};
		ABA67774168AC94B006DD644 /* ActivityIndicator Demo.app */ = {
			isa = PBXReferenceProxy;
			fileType = wrapper.application;
			path = "ActivityIndicator Demo.app";
			remoteRef = ABA67773168AC94B006DD644 /* PBXContainerItemProxy */;
			sourceTree = BUILT_PRODUCTS_DIR;
		};
		ABB9D774167BF0F200ECB31D /* ControlEvents.app */ = {
			isa = PBXReferenceProxy;
			fileType = wrapper.application;
			path = ControlEvents.app;
			remoteRef = ABB9D773167BF0F200ECB31D /* PBXContainerItemProxy */;
			sourceTree = BUILT_PRODUCTS_DIR;
		};
		ABE938EE16792D6000A7A1B8 /* SelectionDemo.app */ = {
			isa = PBXReferenceProxy;
			fileType = wrapper.application;
			path = SelectionDemo.app;
			remoteRef = ABE938ED16792D6000A7A1B8 /* PBXContainerItemProxy */;
			sourceTree = BUILT_PRODUCTS_DIR;
		};
		ABECF0A6168563CC00BED126 /* ButtonDemo.app */ = {
			isa = PBXReferenceProxy;
			fileType = wrapper.application;
			path = ButtonDemo.app;
			remoteRef = ABECF0A5168563CC00BED126 /* PBXContainerItemProxy */;
			sourceTree = BUILT_PRODUCTS_DIR;
		};
/* End PBXReferenceProxy section */

/* Begin PBXResourcesBuildPhase section */
		03239EB01672E6D6004263D7 /* Resources */ = {
			isa = PBXResourcesBuildPhase;
			buildActionMask = 2147483647;
			files = (
				03239EC01672E6D6004263D7 /* InfoPlist.strings in Resources */,
			);
			runOnlyForDeploymentPostprocessing = 0;
		};
/* End PBXResourcesBuildPhase section */

/* Begin PBXSourcesBuildPhase section */
		03239EAD1672E6D6004263D7 /* Sources */ = {
			isa = PBXSourcesBuildPhase;
			buildActionMask = 2147483647;
			files = (
				03FA6F0016743BD700491A1D /* NSValue+BTRAdditions.m in Sources */,
				03FA6F0216743BD700491A1D /* NSIndexPath+BTRAdditions.m in Sources */,
				03FA6F6416743D6000491A1D /* BTRCollectionViewFlowLayout.m in Sources */,
				03FA6F6516743D6000491A1D /* BTRCollectionViewLayout.m in Sources */,
				03FA6F6716743D6000491A1D /* BTRCollectionView.m in Sources */,
				03FA6F6E16743D6000491A1D /* BTRCollectionViewCell.m in Sources */,
				ABE9393B1679942300A7A1B8 /* BTRImageView.m in Sources */,
				ABACCA3F167AD439003EFDD6 /* NSView+BTRAdditions.m in Sources */,
				ABACCA41167AD439003EFDD6 /* BTRClipView.m in Sources */,
				ABACCA43167AD439003EFDD6 /* BTRScrollView.m in Sources */,
				ABACCA45167AD439003EFDD6 /* BTRView.m in Sources */,
				ABB9D744167BD73A00ECB31D /* BTRControl.m in Sources */,
				ABAB86DF167EEEEC003DC0CD /* BTRCollectionViewListLayout.m in Sources */,
				ABECF0681685393100BED126 /* BTRButton.m in Sources */,
				ABECF07216855FCA00BED126 /* BTRTextField.m in Sources */,
				ABECF07616855FD800BED126 /* BTRLabel.m in Sources */,
				ABA67799168C03FA006DD644 /* BTRActivityIndicator.m in Sources */,
				03034055168D89B100697D51 /* BTRSecureTextField.m in Sources */,
				0303406A168D8E4500697D51 /* NSImage+RBLResizableImageAdditions.m in Sources */,
				0303406C168D8E4500697D51 /* RBLResizableImage.m in Sources */,
				036E245B169123CE00376C68 /* BTRPopUpButton.m in Sources */,
			);
			runOnlyForDeploymentPostprocessing = 0;
		};
/* End PBXSourcesBuildPhase section */

/* Begin PBXVariantGroup section */
		03239EBE1672E6D6004263D7 /* InfoPlist.strings */ = {
			isa = PBXVariantGroup;
			children = (
				03239EBF1672E6D6004263D7 /* en */,
			);
			name = InfoPlist.strings;
			sourceTree = "<group>";
		};
/* End PBXVariantGroup section */

/* Begin XCBuildConfiguration section */
		03239EC51672E6D6004263D7 /* Debug */ = {
			isa = XCBuildConfiguration;
			buildSettings = {
				ALWAYS_SEARCH_USER_PATHS = NO;
				ARCHS = "$(ARCHS_STANDARD_64_BIT)";
				CLANG_CXX_LANGUAGE_STANDARD = "gnu++0x";
				CLANG_CXX_LIBRARY = "libc++";
				CLANG_ENABLE_OBJC_ARC = YES;
				CLANG_WARN_EMPTY_BODY = YES;
				CLANG_WARN__DUPLICATE_METHOD_MATCH = YES;
				COPY_PHASE_STRIP = NO;
				GCC_C_LANGUAGE_STANDARD = gnu99;
				GCC_DYNAMIC_NO_PIC = NO;
				GCC_ENABLE_OBJC_EXCEPTIONS = YES;
				GCC_OPTIMIZATION_LEVEL = 0;
				GCC_PREPROCESSOR_DEFINITIONS = (
					"DEBUG=1",
					"$(inherited)",
				);
				GCC_SYMBOLS_PRIVATE_EXTERN = NO;
				GCC_WARN_64_TO_32_BIT_CONVERSION = YES;
				GCC_WARN_ABOUT_RETURN_TYPE = YES;
				GCC_WARN_UNINITIALIZED_AUTOS = YES;
				GCC_WARN_UNUSED_VARIABLE = YES;
				MACOSX_DEPLOYMENT_TARGET = 10.8;
				ONLY_ACTIVE_ARCH = YES;
				SDKROOT = macosx;
			};
			name = Debug;
		};
		03239EC61672E6D6004263D7 /* Release */ = {
			isa = XCBuildConfiguration;
			buildSettings = {
				ALWAYS_SEARCH_USER_PATHS = NO;
				ARCHS = "$(ARCHS_STANDARD_64_BIT)";
				CLANG_CXX_LANGUAGE_STANDARD = "gnu++0x";
				CLANG_CXX_LIBRARY = "libc++";
				CLANG_ENABLE_OBJC_ARC = YES;
				CLANG_WARN_EMPTY_BODY = YES;
				CLANG_WARN__DUPLICATE_METHOD_MATCH = YES;
				COPY_PHASE_STRIP = YES;
				DEBUG_INFORMATION_FORMAT = "dwarf-with-dsym";
				GCC_C_LANGUAGE_STANDARD = gnu99;
				GCC_ENABLE_OBJC_EXCEPTIONS = YES;
				GCC_WARN_64_TO_32_BIT_CONVERSION = YES;
				GCC_WARN_ABOUT_RETURN_TYPE = YES;
				GCC_WARN_UNINITIALIZED_AUTOS = YES;
				GCC_WARN_UNUSED_VARIABLE = YES;
				MACOSX_DEPLOYMENT_TARGET = 10.8;
				SDKROOT = macosx;
			};
			name = Release;
		};
		03239EC81672E6D6004263D7 /* Debug */ = {
			isa = XCBuildConfiguration;
			buildSettings = {
				ALWAYS_SEARCH_USER_PATHS = YES;
				COMBINE_HIDPI_IMAGES = YES;
				DYLIB_COMPATIBILITY_VERSION = 1;
				DYLIB_CURRENT_VERSION = 1;
				FRAMEWORK_VERSION = A;
				GCC_PRECOMPILE_PREFIX_HEADER = YES;
				GCC_PREFIX_HEADER = "Butter/Butter-Prefix.pch";
				GCC_WARN_UNUSED_FUNCTION = YES;
				HEADER_SEARCH_PATHS = "";
				INFOPLIST_FILE = "Butter/Butter-Info.plist";
				INSTALL_PATH = "@rpath";
				LD_RUNPATH_SEARCH_PATHS = "@loader_path/../Frameworks";
				PRODUCT_NAME = "$(TARGET_NAME)";
				USER_HEADER_SEARCH_PATHS = "${BUILT_PRODUCTS_DIR}/**";
				WRAPPER_EXTENSION = framework;
			};
			name = Debug;
		};
		03239EC91672E6D6004263D7 /* Release */ = {
			isa = XCBuildConfiguration;
			buildSettings = {
				ALWAYS_SEARCH_USER_PATHS = YES;
				COMBINE_HIDPI_IMAGES = YES;
				DYLIB_COMPATIBILITY_VERSION = 1;
				DYLIB_CURRENT_VERSION = 1;
				FRAMEWORK_VERSION = A;
				GCC_PRECOMPILE_PREFIX_HEADER = YES;
				GCC_PREFIX_HEADER = "Butter/Butter-Prefix.pch";
				GCC_WARN_UNUSED_FUNCTION = YES;
				HEADER_SEARCH_PATHS = "";
				INFOPLIST_FILE = "Butter/Butter-Info.plist";
				INSTALL_PATH = "@rpath";
				LD_RUNPATH_SEARCH_PATHS = "@loader_path/../Frameworks";
				PRODUCT_NAME = "$(TARGET_NAME)";
				USER_HEADER_SEARCH_PATHS = "${BUILT_PRODUCTS_DIR}/**";
				WRAPPER_EXTENSION = framework;
			};
			name = Release;
		};
/* End XCBuildConfiguration section */

/* Begin XCConfigurationList section */
		03239EAB1672E6D6004263D7 /* Build configuration list for PBXProject "Butter" */ = {
			isa = XCConfigurationList;
			buildConfigurations = (
				03239EC51672E6D6004263D7 /* Debug */,
				03239EC61672E6D6004263D7 /* Release */,
			);
			defaultConfigurationIsVisible = 0;
			defaultConfigurationName = Release;
		};
		03239EC71672E6D6004263D7 /* Build configuration list for PBXNativeTarget "Butter" */ = {
			isa = XCConfigurationList;
			buildConfigurations = (
				03239EC81672E6D6004263D7 /* Debug */,
				03239EC91672E6D6004263D7 /* Release */,
			);
			defaultConfigurationIsVisible = 0;
			defaultConfigurationName = Release;
		};
/* End XCConfigurationList section */
	};
	rootObject = 03239EA81672E6D6004263D7 /* Project object */;
}
