// !$*UTF8*$!
{
	archiveVersion = 1;
	classes = {
	};
	objectVersion = 46;
	objects = {

/* Begin PBXBuildFile section */
		03239EB61672E6D6004263D7 /* Cocoa.framework in Frameworks */ = {isa = PBXBuildFile; fileRef = 03239EB51672E6D6004263D7 /* Cocoa.framework */; };
		03239EC01672E6D6004263D7 /* InfoPlist.strings in Resources */ = {isa = PBXBuildFile; fileRef = 03239EBE1672E6D6004263D7 /* InfoPlist.strings */; };
		03239F6B1672E712004263D7 /* Butter.h in Headers */ = {isa = PBXBuildFile; fileRef = 03239F6A1672E712004263D7 /* Butter.h */; settings = {ATTRIBUTES = (Public, ); }; };
		03239F7F1672E7C8004263D7 /* QuartzCore.framework in Frameworks */ = {isa = PBXBuildFile; fileRef = 03239F7E1672E7C8004263D7 /* QuartzCore.framework */; };
		03FA6F0016743BD700491A1D /* NSValue+BTRAdditions.m in Sources */ = {isa = PBXBuildFile; fileRef = 03FA6EFC16743BD700491A1D /* NSValue+BTRAdditions.m */; };
		03FA6F0116743BD700491A1D /* NSValue+BTRAdditions.h in Headers */ = {isa = PBXBuildFile; fileRef = 03FA6EFD16743BD700491A1D /* NSValue+BTRAdditions.h */; settings = {ATTRIBUTES = (Public, ); }; };
		03FA6F0216743BD700491A1D /* NSIndexPath+BTRAdditions.m in Sources */ = {isa = PBXBuildFile; fileRef = 03FA6EFE16743BD700491A1D /* NSIndexPath+BTRAdditions.m */; };
		03FA6F0316743BD700491A1D /* NSIndexPath+BTRAdditions.h in Headers */ = {isa = PBXBuildFile; fileRef = 03FA6EFF16743BD700491A1D /* NSIndexPath+BTRAdditions.h */; settings = {ATTRIBUTES = (Public, ); }; };
		03FA6F6416743D6000491A1D /* BTRCollectionViewFlowLayout.m in Sources */ = {isa = PBXBuildFile; fileRef = 03FA6F5416743D6000491A1D /* BTRCollectionViewFlowLayout.m */; };
		03FA6F6516743D6000491A1D /* BTRCollectionViewLayout.m in Sources */ = {isa = PBXBuildFile; fileRef = 03FA6F5516743D6000491A1D /* BTRCollectionViewLayout.m */; };
		03FA6F6616743D6000491A1D /* BTRCollectionView.h in Headers */ = {isa = PBXBuildFile; fileRef = 03FA6F5616743D6000491A1D /* BTRCollectionView.h */; settings = {ATTRIBUTES = (Public, ); }; };
		03FA6F6716743D6000491A1D /* BTRCollectionView.m in Sources */ = {isa = PBXBuildFile; fileRef = 03FA6F5716743D6000491A1D /* BTRCollectionView.m */; };
		03FA6F6816743D6000491A1D /* BTRGeometryAdditions.h in Headers */ = {isa = PBXBuildFile; fileRef = 03FA6F5816743D6000491A1D /* BTRGeometryAdditions.h */; settings = {ATTRIBUTES = (Public, ); }; };
		03FA6F6A16743D6000491A1D /* BTRCollectionViewFlowLayout.h in Headers */ = {isa = PBXBuildFile; fileRef = 03FA6F5A16743D6000491A1D /* BTRCollectionViewFlowLayout.h */; settings = {ATTRIBUTES = (Public, ); }; };
		03FA6F6B16743D6000491A1D /* BTRCollectionViewCommon.h in Headers */ = {isa = PBXBuildFile; fileRef = 03FA6F5B16743D6000491A1D /* BTRCollectionViewCommon.h */; settings = {ATTRIBUTES = (Public, ); }; };
		03FA6F6C16743D6000491A1D /* BTRCollectionViewLayout.h in Headers */ = {isa = PBXBuildFile; fileRef = 03FA6F5C16743D6000491A1D /* BTRCollectionViewLayout.h */; settings = {ATTRIBUTES = (Public, ); }; };
		03FA6F6D16743D6000491A1D /* BTRCollectionViewCell.h in Headers */ = {isa = PBXBuildFile; fileRef = 03FA6F5D16743D6000491A1D /* BTRCollectionViewCell.h */; settings = {ATTRIBUTES = (Public, ); }; };
		03FA6F6E16743D6000491A1D /* BTRCollectionViewCell.m in Sources */ = {isa = PBXBuildFile; fileRef = 03FA6F5E16743D6000491A1D /* BTRCollectionViewCell.m */; };
		03FA6F7216743D6000491A1D /* NSView+BTRCollectionViewAdditions.h in Headers */ = {isa = PBXBuildFile; fileRef = 03FA6F6216743D6000491A1D /* NSView+BTRCollectionViewAdditions.h */; settings = {ATTRIBUTES = (Public, ); }; };
		03FA6F7316743D6000491A1D /* NSView+BTRCollectionViewAdditions.m in Sources */ = {isa = PBXBuildFile; fileRef = 03FA6F6316743D6000491A1D /* NSView+BTRCollectionViewAdditions.m */; };
		03FA705816746AAE00491A1D /* CAAnimation+RBLBlockAdditions.h in Headers */ = {isa = PBXBuildFile; fileRef = 03FA703F16746AAE00491A1D /* CAAnimation+RBLBlockAdditions.h */; settings = {ATTRIBUTES = (Private, ); }; };
		03FA705916746AAE00491A1D /* CAAnimation+RBLBlockAdditions.m in Sources */ = {isa = PBXBuildFile; fileRef = 03FA704016746AAE00491A1D /* CAAnimation+RBLBlockAdditions.m */; };
		03FA705A16746AAE00491A1D /* NSApplication+RBLBlockAdditions.h in Headers */ = {isa = PBXBuildFile; fileRef = 03FA704116746AAE00491A1D /* NSApplication+RBLBlockAdditions.h */; settings = {ATTRIBUTES = (Private, ); }; };
		03FA705B16746AAE00491A1D /* NSApplication+RBLBlockAdditions.m in Sources */ = {isa = PBXBuildFile; fileRef = 03FA704216746AAE00491A1D /* NSApplication+RBLBlockAdditions.m */; };
		03FA705C16746AAE00491A1D /* NSColor+RBLCGColorAdditions.h in Headers */ = {isa = PBXBuildFile; fileRef = 03FA704316746AAE00491A1D /* NSColor+RBLCGColorAdditions.h */; settings = {ATTRIBUTES = (Private, ); }; };
		03FA705D16746AAE00491A1D /* NSColor+RBLCGColorAdditions.m in Sources */ = {isa = PBXBuildFile; fileRef = 03FA704416746AAE00491A1D /* NSColor+RBLCGColorAdditions.m */; settings = {COMPILER_FLAGS = "-fno-objc-arc"; }; };
		03FA705E16746AAE00491A1D /* NSImage+RBLResizableImageAdditions.h in Headers */ = {isa = PBXBuildFile; fileRef = 03FA704516746AAE00491A1D /* NSImage+RBLResizableImageAdditions.h */; settings = {ATTRIBUTES = (Private, ); }; };
		03FA705F16746AAE00491A1D /* NSImage+RBLResizableImageAdditions.m in Sources */ = {isa = PBXBuildFile; fileRef = 03FA704616746AAE00491A1D /* NSImage+RBLResizableImageAdditions.m */; };
		03FA706016746AAE00491A1D /* NSTextView+RBLAntialiasingAdditions.h in Headers */ = {isa = PBXBuildFile; fileRef = 03FA704716746AAE00491A1D /* NSTextView+RBLAntialiasingAdditions.h */; settings = {ATTRIBUTES = (Private, ); }; };
		03FA706116746AAE00491A1D /* NSTextView+RBLAntialiasingAdditions.m in Sources */ = {isa = PBXBuildFile; fileRef = 03FA704816746AAE00491A1D /* NSTextView+RBLAntialiasingAdditions.m */; };
		03FA706216746AAE00491A1D /* NSView+RBLAnimationAdditions.h in Headers */ = {isa = PBXBuildFile; fileRef = 03FA704916746AAE00491A1D /* NSView+RBLAnimationAdditions.h */; settings = {ATTRIBUTES = (Public, ); }; };
		03FA706316746AAE00491A1D /* NSView+RBLAnimationAdditions.m in Sources */ = {isa = PBXBuildFile; fileRef = 03FA704A16746AAE00491A1D /* NSView+RBLAnimationAdditions.m */; };
		03FA706416746AAE00491A1D /* RBLClipView.h in Headers */ = {isa = PBXBuildFile; fileRef = 03FA704B16746AAE00491A1D /* RBLClipView.h */; settings = {ATTRIBUTES = (Private, ); }; };
		03FA706516746AAE00491A1D /* RBLClipView.m in Sources */ = {isa = PBXBuildFile; fileRef = 03FA704C16746AAE00491A1D /* RBLClipView.m */; };
		03FA706616746AAE00491A1D /* RBLPopover.h in Headers */ = {isa = PBXBuildFile; fileRef = 03FA704D16746AAE00491A1D /* RBLPopover.h */; settings = {ATTRIBUTES = (Private, ); }; };
		03FA706716746AAE00491A1D /* RBLPopover.m in Sources */ = {isa = PBXBuildFile; fileRef = 03FA704E16746AAE00491A1D /* RBLPopover.m */; };
		03FA706816746AAE00491A1D /* RBLResizableImage.h in Headers */ = {isa = PBXBuildFile; fileRef = 03FA704F16746AAE00491A1D /* RBLResizableImage.h */; settings = {ATTRIBUTES = (Private, ); }; };
		03FA706916746AAE00491A1D /* RBLResizableImage.m in Sources */ = {isa = PBXBuildFile; fileRef = 03FA705016746AAE00491A1D /* RBLResizableImage.m */; };
		03FA706A16746AAE00491A1D /* RBLScrollView.h in Headers */ = {isa = PBXBuildFile; fileRef = 03FA705116746AAE00491A1D /* RBLScrollView.h */; settings = {ATTRIBUTES = (Public, ); }; };
		03FA706B16746AAE00491A1D /* RBLScrollView.m in Sources */ = {isa = PBXBuildFile; fileRef = 03FA705216746AAE00491A1D /* RBLScrollView.m */; };
		03FA706C16746AAE00491A1D /* RBLTableCellView.h in Headers */ = {isa = PBXBuildFile; fileRef = 03FA705316746AAE00491A1D /* RBLTableCellView.h */; settings = {ATTRIBUTES = (Private, ); }; };
		03FA706D16746AAE00491A1D /* RBLTableCellView.m in Sources */ = {isa = PBXBuildFile; fileRef = 03FA705416746AAE00491A1D /* RBLTableCellView.m */; };
		03FA706E16746AAE00491A1D /* RBLView.h in Headers */ = {isa = PBXBuildFile; fileRef = 03FA705516746AAE00491A1D /* RBLView.h */; settings = {ATTRIBUTES = (Public, ); }; };
		03FA706F16746AAE00491A1D /* RBLView.m in Sources */ = {isa = PBXBuildFile; fileRef = 03FA705616746AAE00491A1D /* RBLView.m */; };
/* End PBXBuildFile section */

/* Begin PBXContainerItemProxy section */
		03FA703116746A7A00491A1D /* PBXContainerItemProxy */ = {
			isa = PBXContainerItemProxy;
			containerPortal = 03FA702916746A7900491A1D /* CircleLayout.xcodeproj */;
			proxyType = 2;
			remoteGlobalIDString = ABC2152816729CC7006D2B79;
			remoteInfo = CircleLayout;
		};
		03FA703B16746A7F00491A1D /* PBXContainerItemProxy */ = {
			isa = PBXContainerItemProxy;
			containerPortal = 03FA703316746A7F00491A1D /* BasicExample.xcodeproj */;
			proxyType = 2;
			remoteGlobalIDString = 03594AA41671C9BF0025210A;
			remoteInfo = BasicExample;
		};
/* End PBXContainerItemProxy section */

/* Begin PBXCopyFilesBuildPhase section */
		03FA6FFC1674631E00491A1D /* CopyFiles */ = {
			isa = PBXCopyFilesBuildPhase;
			buildActionMask = 2147483647;
			dstPath = "";
			dstSubfolderSpec = 10;
			files = (
			);
			runOnlyForDeploymentPostprocessing = 0;
		};
/* End PBXCopyFilesBuildPhase section */

/* Begin PBXFileReference section */
		03239EB21672E6D6004263D7 /* Butter.framework */ = {isa = PBXFileReference; explicitFileType = wrapper.framework; includeInIndex = 0; path = Butter.framework; sourceTree = BUILT_PRODUCTS_DIR; };
		03239EB51672E6D6004263D7 /* Cocoa.framework */ = {isa = PBXFileReference; lastKnownFileType = wrapper.framework; name = Cocoa.framework; path = System/Library/Frameworks/Cocoa.framework; sourceTree = SDKROOT; };
		03239EB81672E6D6004263D7 /* AppKit.framework */ = {isa = PBXFileReference; lastKnownFileType = wrapper.framework; name = AppKit.framework; path = System/Library/Frameworks/AppKit.framework; sourceTree = SDKROOT; };
		03239EB91672E6D6004263D7 /* CoreData.framework */ = {isa = PBXFileReference; lastKnownFileType = wrapper.framework; name = CoreData.framework; path = System/Library/Frameworks/CoreData.framework; sourceTree = SDKROOT; };
		03239EBA1672E6D6004263D7 /* Foundation.framework */ = {isa = PBXFileReference; lastKnownFileType = wrapper.framework; name = Foundation.framework; path = System/Library/Frameworks/Foundation.framework; sourceTree = SDKROOT; };
		03239EBD1672E6D6004263D7 /* Butter-Info.plist */ = {isa = PBXFileReference; lastKnownFileType = text.plist.xml; path = "Butter-Info.plist"; sourceTree = "<group>"; };
		03239EBF1672E6D6004263D7 /* en */ = {isa = PBXFileReference; lastKnownFileType = text.plist.strings; name = en; path = en.lproj/InfoPlist.strings; sourceTree = "<group>"; };
		03239EC11672E6D6004263D7 /* Butter-Prefix.pch */ = {isa = PBXFileReference; lastKnownFileType = sourcecode.c.h; path = "Butter-Prefix.pch"; sourceTree = "<group>"; };
		03239F6A1672E712004263D7 /* Butter.h */ = {isa = PBXFileReference; fileEncoding = 4; lastKnownFileType = sourcecode.c.h; path = Butter.h; sourceTree = "<group>"; };
		03239F7E1672E7C8004263D7 /* QuartzCore.framework */ = {isa = PBXFileReference; lastKnownFileType = wrapper.framework; name = QuartzCore.framework; path = System/Library/Frameworks/QuartzCore.framework; sourceTree = SDKROOT; };
		03FA6EFC16743BD700491A1D /* NSValue+BTRAdditions.m */ = {isa = PBXFileReference; fileEncoding = 4; lastKnownFileType = sourcecode.c.objc; name = "NSValue+BTRAdditions.m"; path = "Categories/NSValue+BTRAdditions.m"; sourceTree = "<group>"; };
		03FA6EFD16743BD700491A1D /* NSValue+BTRAdditions.h */ = {isa = PBXFileReference; fileEncoding = 4; lastKnownFileType = sourcecode.c.h; name = "NSValue+BTRAdditions.h"; path = "Categories/NSValue+BTRAdditions.h"; sourceTree = "<group>"; };
		03FA6EFE16743BD700491A1D /* NSIndexPath+BTRAdditions.m */ = {isa = PBXFileReference; fileEncoding = 4; lastKnownFileType = sourcecode.c.objc; name = "NSIndexPath+BTRAdditions.m"; path = "Categories/NSIndexPath+BTRAdditions.m"; sourceTree = "<group>"; };
		03FA6EFF16743BD700491A1D /* NSIndexPath+BTRAdditions.h */ = {isa = PBXFileReference; fileEncoding = 4; lastKnownFileType = sourcecode.c.h; name = "NSIndexPath+BTRAdditions.h"; path = "Categories/NSIndexPath+BTRAdditions.h"; sourceTree = "<group>"; };
		03FA6F5416743D6000491A1D /* BTRCollectionViewFlowLayout.m */ = {isa = PBXFileReference; fileEncoding = 4; lastKnownFileType = sourcecode.c.objc; name = BTRCollectionViewFlowLayout.m; path = Butter/BTRCollectionView/BTRCollectionViewFlowLayout.m; sourceTree = SOURCE_ROOT; };
		03FA6F5516743D6000491A1D /* BTRCollectionViewLayout.m */ = {isa = PBXFileReference; fileEncoding = 4; lastKnownFileType = sourcecode.c.objc; name = BTRCollectionViewLayout.m; path = Butter/BTRCollectionView/BTRCollectionViewLayout.m; sourceTree = SOURCE_ROOT; };
		03FA6F5616743D6000491A1D /* BTRCollectionView.h */ = {isa = PBXFileReference; fileEncoding = 4; lastKnownFileType = sourcecode.c.h; name = BTRCollectionView.h; path = Butter/BTRCollectionView/BTRCollectionView.h; sourceTree = SOURCE_ROOT; };
		03FA6F5716743D6000491A1D /* BTRCollectionView.m */ = {isa = PBXFileReference; fileEncoding = 4; lastKnownFileType = sourcecode.c.objc; name = BTRCollectionView.m; path = Butter/BTRCollectionView/BTRCollectionView.m; sourceTree = SOURCE_ROOT; };
		03FA6F5816743D6000491A1D /* BTRGeometryAdditions.h */ = {isa = PBXFileReference; fileEncoding = 4; lastKnownFileType = sourcecode.c.h; name = BTRGeometryAdditions.h; path = Butter/BTRCollectionView/BTRGeometryAdditions.h; sourceTree = SOURCE_ROOT; };
		03FA6F5A16743D6000491A1D /* BTRCollectionViewFlowLayout.h */ = {isa = PBXFileReference; fileEncoding = 4; lastKnownFileType = sourcecode.c.h; name = BTRCollectionViewFlowLayout.h; path = Butter/BTRCollectionView/BTRCollectionViewFlowLayout.h; sourceTree = SOURCE_ROOT; };
		03FA6F5B16743D6000491A1D /* BTRCollectionViewCommon.h */ = {isa = PBXFileReference; fileEncoding = 4; lastKnownFileType = sourcecode.c.h; name = BTRCollectionViewCommon.h; path = Butter/BTRCollectionView/BTRCollectionViewCommon.h; sourceTree = SOURCE_ROOT; };
		03FA6F5C16743D6000491A1D /* BTRCollectionViewLayout.h */ = {isa = PBXFileReference; fileEncoding = 4; lastKnownFileType = sourcecode.c.h; name = BTRCollectionViewLayout.h; path = Butter/BTRCollectionView/BTRCollectionViewLayout.h; sourceTree = SOURCE_ROOT; };
		03FA6F5D16743D6000491A1D /* BTRCollectionViewCell.h */ = {isa = PBXFileReference; fileEncoding = 4; lastKnownFileType = sourcecode.c.h; name = BTRCollectionViewCell.h; path = Butter/BTRCollectionView/BTRCollectionViewCell.h; sourceTree = SOURCE_ROOT; };
		03FA6F5E16743D6000491A1D /* BTRCollectionViewCell.m */ = {isa = PBXFileReference; fileEncoding = 4; lastKnownFileType = sourcecode.c.objc; name = BTRCollectionViewCell.m; path = Butter/BTRCollectionView/BTRCollectionViewCell.m; sourceTree = SOURCE_ROOT; };
		03FA6F6216743D6000491A1D /* NSView+BTRCollectionViewAdditions.h */ = {isa = PBXFileReference; fileEncoding = 4; lastKnownFileType = sourcecode.c.h; name = "NSView+BTRCollectionViewAdditions.h"; path = "Butter/BTRCollectionView/NSView+BTRCollectionViewAdditions.h"; sourceTree = SOURCE_ROOT; };
		03FA6F6316743D6000491A1D /* NSView+BTRCollectionViewAdditions.m */ = {isa = PBXFileReference; fileEncoding = 4; lastKnownFileType = sourcecode.c.objc; name = "NSView+BTRCollectionViewAdditions.m"; path = "Butter/BTRCollectionView/NSView+BTRCollectionViewAdditions.m"; sourceTree = SOURCE_ROOT; };
		03FA702916746A7900491A1D /* CircleLayout.xcodeproj */ = {isa = PBXFileReference; lastKnownFileType = "wrapper.pb-project"; name = CircleLayout.xcodeproj; path = Butter/Examples/BTRCollectionView/CircleLayout/CircleLayout.xcodeproj; sourceTree = "<group>"; };
		03FA703316746A7F00491A1D /* BasicExample.xcodeproj */ = {isa = PBXFileReference; lastKnownFileType = "wrapper.pb-project"; name = BasicExample.xcodeproj; path = Butter/Examples/BTRCollectionView/BasicExample/BasicExample.xcodeproj; sourceTree = "<group>"; };
		03FA703F16746AAE00491A1D /* CAAnimation+RBLBlockAdditions.h */ = {isa = PBXFileReference; fileEncoding = 4; lastKnownFileType = sourcecode.c.h; name = "CAAnimation+RBLBlockAdditions.h"; path = "Butter/External/Rebel/Rebel/CAAnimation+RBLBlockAdditions.h"; sourceTree = "<group>"; };
		03FA704016746AAE00491A1D /* CAAnimation+RBLBlockAdditions.m */ = {isa = PBXFileReference; fileEncoding = 4; lastKnownFileType = sourcecode.c.objc; name = "CAAnimation+RBLBlockAdditions.m"; path = "Butter/External/Rebel/Rebel/CAAnimation+RBLBlockAdditions.m"; sourceTree = "<group>"; };
		03FA704116746AAE00491A1D /* NSApplication+RBLBlockAdditions.h */ = {isa = PBXFileReference; fileEncoding = 4; lastKnownFileType = sourcecode.c.h; name = "NSApplication+RBLBlockAdditions.h"; path = "Butter/External/Rebel/Rebel/NSApplication+RBLBlockAdditions.h"; sourceTree = "<group>"; };
		03FA704216746AAE00491A1D /* NSApplication+RBLBlockAdditions.m */ = {isa = PBXFileReference; fileEncoding = 4; lastKnownFileType = sourcecode.c.objc; name = "NSApplication+RBLBlockAdditions.m"; path = "Butter/External/Rebel/Rebel/NSApplication+RBLBlockAdditions.m"; sourceTree = "<group>"; };
		03FA704316746AAE00491A1D /* NSColor+RBLCGColorAdditions.h */ = {isa = PBXFileReference; fileEncoding = 4; lastKnownFileType = sourcecode.c.h; name = "NSColor+RBLCGColorAdditions.h"; path = "Butter/External/Rebel/Rebel/NSColor+RBLCGColorAdditions.h"; sourceTree = "<group>"; };
		03FA704416746AAE00491A1D /* NSColor+RBLCGColorAdditions.m */ = {isa = PBXFileReference; fileEncoding = 4; lastKnownFileType = sourcecode.c.objc; name = "NSColor+RBLCGColorAdditions.m"; path = "Butter/External/Rebel/Rebel/NSColor+RBLCGColorAdditions.m"; sourceTree = "<group>"; };
		03FA704516746AAE00491A1D /* NSImage+RBLResizableImageAdditions.h */ = {isa = PBXFileReference; fileEncoding = 4; lastKnownFileType = sourcecode.c.h; name = "NSImage+RBLResizableImageAdditions.h"; path = "Butter/External/Rebel/Rebel/NSImage+RBLResizableImageAdditions.h"; sourceTree = "<group>"; };
		03FA704616746AAE00491A1D /* NSImage+RBLResizableImageAdditions.m */ = {isa = PBXFileReference; fileEncoding = 4; lastKnownFileType = sourcecode.c.objc; name = "NSImage+RBLResizableImageAdditions.m"; path = "Butter/External/Rebel/Rebel/NSImage+RBLResizableImageAdditions.m"; sourceTree = "<group>"; };
		03FA704716746AAE00491A1D /* NSTextView+RBLAntialiasingAdditions.h */ = {isa = PBXFileReference; fileEncoding = 4; lastKnownFileType = sourcecode.c.h; name = "NSTextView+RBLAntialiasingAdditions.h"; path = "Butter/External/Rebel/Rebel/NSTextView+RBLAntialiasingAdditions.h"; sourceTree = "<group>"; };
		03FA704816746AAE00491A1D /* NSTextView+RBLAntialiasingAdditions.m */ = {isa = PBXFileReference; fileEncoding = 4; lastKnownFileType = sourcecode.c.objc; name = "NSTextView+RBLAntialiasingAdditions.m"; path = "Butter/External/Rebel/Rebel/NSTextView+RBLAntialiasingAdditions.m"; sourceTree = "<group>"; };
		03FA704916746AAE00491A1D /* NSView+RBLAnimationAdditions.h */ = {isa = PBXFileReference; fileEncoding = 4; lastKnownFileType = sourcecode.c.h; name = "NSView+RBLAnimationAdditions.h"; path = "Butter/External/Rebel/Rebel/NSView+RBLAnimationAdditions.h"; sourceTree = "<group>"; };
		03FA704A16746AAE00491A1D /* NSView+RBLAnimationAdditions.m */ = {isa = PBXFileReference; fileEncoding = 4; lastKnownFileType = sourcecode.c.objc; name = "NSView+RBLAnimationAdditions.m"; path = "Butter/External/Rebel/Rebel/NSView+RBLAnimationAdditions.m"; sourceTree = "<group>"; };
		03FA704B16746AAE00491A1D /* RBLClipView.h */ = {isa = PBXFileReference; fileEncoding = 4; lastKnownFileType = sourcecode.c.h; name = RBLClipView.h; path = Butter/External/Rebel/Rebel/RBLClipView.h; sourceTree = "<group>"; };
		03FA704C16746AAE00491A1D /* RBLClipView.m */ = {isa = PBXFileReference; fileEncoding = 4; lastKnownFileType = sourcecode.c.objc; name = RBLClipView.m; path = Butter/External/Rebel/Rebel/RBLClipView.m; sourceTree = "<group>"; };
		03FA704D16746AAE00491A1D /* RBLPopover.h */ = {isa = PBXFileReference; fileEncoding = 4; lastKnownFileType = sourcecode.c.h; name = RBLPopover.h; path = Butter/External/Rebel/Rebel/RBLPopover.h; sourceTree = "<group>"; };
		03FA704E16746AAE00491A1D /* RBLPopover.m */ = {isa = PBXFileReference; fileEncoding = 4; lastKnownFileType = sourcecode.c.objc; name = RBLPopover.m; path = Butter/External/Rebel/Rebel/RBLPopover.m; sourceTree = "<group>"; };
		03FA704F16746AAE00491A1D /* RBLResizableImage.h */ = {isa = PBXFileReference; fileEncoding = 4; lastKnownFileType = sourcecode.c.h; name = RBLResizableImage.h; path = Butter/External/Rebel/Rebel/RBLResizableImage.h; sourceTree = "<group>"; };
		03FA705016746AAE00491A1D /* RBLResizableImage.m */ = {isa = PBXFileReference; fileEncoding = 4; lastKnownFileType = sourcecode.c.objc; name = RBLResizableImage.m; path = Butter/External/Rebel/Rebel/RBLResizableImage.m; sourceTree = "<group>"; };
		03FA705116746AAE00491A1D /* RBLScrollView.h */ = {isa = PBXFileReference; fileEncoding = 4; lastKnownFileType = sourcecode.c.h; name = RBLScrollView.h; path = Butter/External/Rebel/Rebel/RBLScrollView.h; sourceTree = "<group>"; };
		03FA705216746AAE00491A1D /* RBLScrollView.m */ = {isa = PBXFileReference; fileEncoding = 4; lastKnownFileType = sourcecode.c.objc; name = RBLScrollView.m; path = Butter/External/Rebel/Rebel/RBLScrollView.m; sourceTree = "<group>"; };
		03FA705316746AAE00491A1D /* RBLTableCellView.h */ = {isa = PBXFileReference; fileEncoding = 4; lastKnownFileType = sourcecode.c.h; name = RBLTableCellView.h; path = Butter/External/Rebel/Rebel/RBLTableCellView.h; sourceTree = "<group>"; };
		03FA705416746AAE00491A1D /* RBLTableCellView.m */ = {isa = PBXFileReference; fileEncoding = 4; lastKnownFileType = sourcecode.c.objc; name = RBLTableCellView.m; path = Butter/External/Rebel/Rebel/RBLTableCellView.m; sourceTree = "<group>"; };
		03FA705516746AAE00491A1D /* RBLView.h */ = {isa = PBXFileReference; fileEncoding = 4; lastKnownFileType = sourcecode.c.h; name = RBLView.h; path = Butter/External/Rebel/Rebel/RBLView.h; sourceTree = "<group>"; };
		03FA705616746AAE00491A1D /* RBLView.m */ = {isa = PBXFileReference; fileEncoding = 4; lastKnownFileType = sourcecode.c.objc; name = RBLView.m; path = Butter/External/Rebel/Rebel/RBLView.m; sourceTree = "<group>"; };
/* End PBXFileReference section */

/* Begin PBXFrameworksBuildPhase section */
		03239EAE1672E6D6004263D7 /* Frameworks */ = {
			isa = PBXFrameworksBuildPhase;
			buildActionMask = 2147483647;
			files = (
				03239F7F1672E7C8004263D7 /* QuartzCore.framework in Frameworks */,
				03239EB61672E6D6004263D7 /* Cocoa.framework in Frameworks */,
			);
			runOnlyForDeploymentPostprocessing = 0;
		};
/* End PBXFrameworksBuildPhase section */

/* Begin PBXGroup section */
		03239EA61672E6D6004263D7 = {
			isa = PBXGroup;
			children = (
				03239EBB1672E6D6004263D7 /* Butter */,
				03FA703D16746A9700491A1D /* External */,
				03FA702616746A6600491A1D /* Examples */,
				03239EB41672E6D6004263D7 /* Frameworks */,
				03239EB31672E6D6004263D7 /* Products */,
			);
			sourceTree = "<group>";
		};
		03239EB31672E6D6004263D7 /* Products */ = {
			isa = PBXGroup;
			children = (
				03239EB21672E6D6004263D7 /* Butter.framework */,
			);
			name = Products;
			sourceTree = "<group>";
		};
		03239EB41672E6D6004263D7 /* Frameworks */ = {
			isa = PBXGroup;
			children = (
				03239F7E1672E7C8004263D7 /* QuartzCore.framework */,
				03239EB51672E6D6004263D7 /* Cocoa.framework */,
				03239EB71672E6D6004263D7 /* Other Frameworks */,
			);
			name = Frameworks;
			sourceTree = "<group>";
		};
		03239EB71672E6D6004263D7 /* Other Frameworks */ = {
			isa = PBXGroup;
			children = (
				03239EB81672E6D6004263D7 /* AppKit.framework */,
				03239EB91672E6D6004263D7 /* CoreData.framework */,
				03239EBA1672E6D6004263D7 /* Foundation.framework */,
			);
			name = "Other Frameworks";
			sourceTree = "<group>";
		};
		03239EBB1672E6D6004263D7 /* Butter */ = {
			isa = PBXGroup;
			children = (
				03239F6A1672E712004263D7 /* Butter.h */,
				03FA6EFB1674393400491A1D /* Categories */,
				03239ECA1672E6DC004263D7 /* Components */,
				03239EBC1672E6D6004263D7 /* Supporting Files */,
			);
			path = Butter;
			sourceTree = "<group>";
		};
		03239EBC1672E6D6004263D7 /* Supporting Files */ = {
			isa = PBXGroup;
			children = (
				03239EBD1672E6D6004263D7 /* Butter-Info.plist */,
				03239EBE1672E6D6004263D7 /* InfoPlist.strings */,
				03239EC11672E6D6004263D7 /* Butter-Prefix.pch */,
			);
			name = "Supporting Files";
			sourceTree = "<group>";
		};
		03239ECA1672E6DC004263D7 /* Components */ = {
			isa = PBXGroup;
			children = (
				AB05CE1A1672E95900534E63 /* BTRCollectionView */,
			);
			name = Components;
			sourceTree = "<group>";
		};
		03FA6EFB1674393400491A1D /* Categories */ = {
			isa = PBXGroup;
			children = (
				03FA6EFC16743BD700491A1D /* NSValue+BTRAdditions.m */,
				03FA6EFD16743BD700491A1D /* NSValue+BTRAdditions.h */,
				03FA6EFE16743BD700491A1D /* NSIndexPath+BTRAdditions.m */,
				03FA6EFF16743BD700491A1D /* NSIndexPath+BTRAdditions.h */,
			);
			name = Categories;
			sourceTree = "<group>";
		};
		03FA702616746A6600491A1D /* Examples */ = {
			isa = PBXGroup;
			children = (
				03FA702816746A7500491A1D /* BTRCollectionView */,
			);
			name = Examples;
			sourceTree = "<group>";
		};
		03FA702816746A7500491A1D /* BTRCollectionView */ = {
			isa = PBXGroup;
			children = (
				03FA703316746A7F00491A1D /* BasicExample.xcodeproj */,
				03FA702916746A7900491A1D /* CircleLayout.xcodeproj */,
			);
			name = BTRCollectionView;
			sourceTree = "<group>";
		};
		03FA702A16746A7900491A1D /* Products */ = {
			isa = PBXGroup;
			children = (
				03FA703216746A7A00491A1D /* CircleLayout.app */,
			);
			name = Products;
			sourceTree = "<group>";
		};
		03FA703416746A7F00491A1D /* Products */ = {
			isa = PBXGroup;
			children = (
				03FA703C16746A7F00491A1D /* BasicExample.app */,
			);
			name = Products;
			sourceTree = "<group>";
		};
		03FA703D16746A9700491A1D /* External */ = {
			isa = PBXGroup;
			children = (
				03FA703E16746A9B00491A1D /* Rebel */,
			);
			name = External;
			sourceTree = "<group>";
		};
		03FA703E16746A9B00491A1D /* Rebel */ = {
			isa = PBXGroup;
			children = (
				03FA703F16746AAE00491A1D /* CAAnimation+RBLBlockAdditions.h */,
				03FA704016746AAE00491A1D /* CAAnimation+RBLBlockAdditions.m */,
				03FA704116746AAE00491A1D /* NSApplication+RBLBlockAdditions.h */,
				03FA704216746AAE00491A1D /* NSApplication+RBLBlockAdditions.m */,
				03FA704316746AAE00491A1D /* NSColor+RBLCGColorAdditions.h */,
				03FA704416746AAE00491A1D /* NSColor+RBLCGColorAdditions.m */,
				03FA704516746AAE00491A1D /* NSImage+RBLResizableImageAdditions.h */,
				03FA704616746AAE00491A1D /* NSImage+RBLResizableImageAdditions.m */,
				03FA704716746AAE00491A1D /* NSTextView+RBLAntialiasingAdditions.h */,
				03FA704816746AAE00491A1D /* NSTextView+RBLAntialiasingAdditions.m */,
				03FA704916746AAE00491A1D /* NSView+RBLAnimationAdditions.h */,
				03FA704A16746AAE00491A1D /* NSView+RBLAnimationAdditions.m */,
				03FA704B16746AAE00491A1D /* RBLClipView.h */,
				03FA704C16746AAE00491A1D /* RBLClipView.m */,
				03FA704D16746AAE00491A1D /* RBLPopover.h */,
				03FA704E16746AAE00491A1D /* RBLPopover.m */,
				03FA704F16746AAE00491A1D /* RBLResizableImage.h */,
				03FA705016746AAE00491A1D /* RBLResizableImage.m */,
				03FA705116746AAE00491A1D /* RBLScrollView.h */,
				03FA705216746AAE00491A1D /* RBLScrollView.m */,
				03FA705316746AAE00491A1D /* RBLTableCellView.h */,
				03FA705416746AAE00491A1D /* RBLTableCellView.m */,
				03FA705516746AAE00491A1D /* RBLView.h */,
				03FA705616746AAE00491A1D /* RBLView.m */,
			);
			name = Rebel;
			sourceTree = "<group>";
		};
		AB05CE1A1672E95900534E63 /* BTRCollectionView */ = {
			isa = PBXGroup;
			children = (
				03FA6F5616743D6000491A1D /* BTRCollectionView.h */,
				03FA6F5716743D6000491A1D /* BTRCollectionView.m */,
				03FA6F5816743D6000491A1D /* BTRGeometryAdditions.h */,
				03FA6F5A16743D6000491A1D /* BTRCollectionViewFlowLayout.h */,
				03FA6F5416743D6000491A1D /* BTRCollectionViewFlowLayout.m */,
				03FA6F5B16743D6000491A1D /* BTRCollectionViewCommon.h */,
				03FA6F5C16743D6000491A1D /* BTRCollectionViewLayout.h */,
				03FA6F5516743D6000491A1D /* BTRCollectionViewLayout.m */,
				03FA6F5D16743D6000491A1D /* BTRCollectionViewCell.h */,
				03FA6F5E16743D6000491A1D /* BTRCollectionViewCell.m */,
				03FA6F6216743D6000491A1D /* NSView+BTRCollectionViewAdditions.h */,
				03FA6F6316743D6000491A1D /* NSView+BTRCollectionViewAdditions.m */,
			);
			name = BTRCollectionView;
			path = BTRCollectionView/BTRCollectionView;
			sourceTree = "<group>";
		};
/* End PBXGroup section */

/* Begin PBXHeadersBuildPhase section */
		03239EAF1672E6D6004263D7 /* Headers */ = {
			isa = PBXHeadersBuildPhase;
			buildActionMask = 2147483647;
			files = (
				03239F6B1672E712004263D7 /* Butter.h in Headers */,
				03FA706A16746AAE00491A1D /* RBLScrollView.h in Headers */,
				03FA706E16746AAE00491A1D /* RBLView.h in Headers */,
				03FA6F0116743BD700491A1D /* NSValue+BTRAdditions.h in Headers */,
				03FA6F6616743D6000491A1D /* BTRCollectionView.h in Headers */,
				03FA6F6816743D6000491A1D /* BTRGeometryAdditions.h in Headers */,
				03FA6F6A16743D6000491A1D /* BTRCollectionViewFlowLayout.h in Headers */,
				03FA6F6B16743D6000491A1D /* BTRCollectionViewCommon.h in Headers */,
				03FA6F6C16743D6000491A1D /* BTRCollectionViewLayout.h in Headers */,
				03FA6F6D16743D6000491A1D /* BTRCollectionViewCell.h in Headers */,
				03FA6F7216743D6000491A1D /* NSView+BTRCollectionViewAdditions.h in Headers */,
				03FA706216746AAE00491A1D /* NSView+RBLAnimationAdditions.h in Headers */,
				03FA6F0316743BD700491A1D /* NSIndexPath+BTRAdditions.h in Headers */,
				03FA705A16746AAE00491A1D /* NSApplication+RBLBlockAdditions.h in Headers */,
				03FA705816746AAE00491A1D /* CAAnimation+RBLBlockAdditions.h in Headers */,
				03FA705C16746AAE00491A1D /* NSColor+RBLCGColorAdditions.h in Headers */,
				03FA705E16746AAE00491A1D /* NSImage+RBLResizableImageAdditions.h in Headers */,
				03FA706016746AAE00491A1D /* NSTextView+RBLAntialiasingAdditions.h in Headers */,
				03FA706416746AAE00491A1D /* RBLClipView.h in Headers */,
				03FA706616746AAE00491A1D /* RBLPopover.h in Headers */,
				03FA706816746AAE00491A1D /* RBLResizableImage.h in Headers */,
				03FA706C16746AAE00491A1D /* RBLTableCellView.h in Headers */,
			);
			runOnlyForDeploymentPostprocessing = 0;
		};
/* End PBXHeadersBuildPhase section */

/* Begin PBXNativeTarget section */
		03239EB11672E6D6004263D7 /* Butter */ = {
			isa = PBXNativeTarget;
			buildConfigurationList = 03239EC71672E6D6004263D7 /* Build configuration list for PBXNativeTarget "Butter" */;
			buildPhases = (
				03239EAD1672E6D6004263D7 /* Sources */,
				03239EAE1672E6D6004263D7 /* Frameworks */,
				03239EAF1672E6D6004263D7 /* Headers */,
				03239EB01672E6D6004263D7 /* Resources */,
				03FA6FFC1674631E00491A1D /* CopyFiles */,
			);
			buildRules = (
			);
			dependencies = (
			);
			name = Butter;
			productName = Butter;
			productReference = 03239EB21672E6D6004263D7 /* Butter.framework */;
			productType = "com.apple.product-type.framework";
		};
/* End PBXNativeTarget section */

/* Begin PBXProject section */
		03239EA81672E6D6004263D7 /* Project object */ = {
			isa = PBXProject;
			attributes = {
				CLASSPREFIX = BTR;
				LastUpgradeCheck = 0450;
				ORGANIZATIONNAME = ButterKit;
			};
			buildConfigurationList = 03239EAB1672E6D6004263D7 /* Build configuration list for PBXProject "Butter" */;
			compatibilityVersion = "Xcode 3.2";
			developmentRegion = English;
			hasScannedForEncodings = 0;
			knownRegions = (
				en,
			);
			mainGroup = 03239EA61672E6D6004263D7;
			productRefGroup = 03239EB31672E6D6004263D7 /* Products */;
			projectDirPath = "";
			projectReferences = (
				{
					ProductGroup = 03FA703416746A7F00491A1D /* Products */;
					ProjectRef = 03FA703316746A7F00491A1D /* BasicExample.xcodeproj */;
				},
				{
					ProductGroup = 03FA702A16746A7900491A1D /* Products */;
					ProjectRef = 03FA702916746A7900491A1D /* CircleLayout.xcodeproj */;
				},
			);
			projectRoot = "";
			targets = (
				03239EB11672E6D6004263D7 /* Butter */,
			);
		};
/* End PBXProject section */

/* Begin PBXReferenceProxy section */
		03FA703216746A7A00491A1D /* CircleLayout.app */ = {
			isa = PBXReferenceProxy;
			fileType = wrapper.application;
			path = CircleLayout.app;
			remoteRef = 03FA703116746A7A00491A1D /* PBXContainerItemProxy */;
			sourceTree = BUILT_PRODUCTS_DIR;
		};
		03FA703C16746A7F00491A1D /* BasicExample.app */ = {
			isa = PBXReferenceProxy;
			fileType = wrapper.application;
			path = BasicExample.app;
			remoteRef = 03FA703B16746A7F00491A1D /* PBXContainerItemProxy */;
			sourceTree = BUILT_PRODUCTS_DIR;
		};
/* End PBXReferenceProxy section */

/* Begin PBXResourcesBuildPhase section */
		03239EB01672E6D6004263D7 /* Resources */ = {
			isa = PBXResourcesBuildPhase;
			buildActionMask = 2147483647;
			files = (
				03239EC01672E6D6004263D7 /* InfoPlist.strings in Resources */,
			);
			runOnlyForDeploymentPostprocessing = 0;
		};
/* End PBXResourcesBuildPhase section */

/* Begin PBXSourcesBuildPhase section */
		03239EAD1672E6D6004263D7 /* Sources */ = {
			isa = PBXSourcesBuildPhase;
			buildActionMask = 2147483647;
			files = (
				03FA6F0016743BD700491A1D /* NSValue+BTRAdditions.m in Sources */,
				03FA6F0216743BD700491A1D /* NSIndexPath+BTRAdditions.m in Sources */,
				03FA6F6416743D6000491A1D /* BTRCollectionViewFlowLayout.m in Sources */,
				03FA6F6516743D6000491A1D /* BTRCollectionViewLayout.m in Sources */,
				03FA6F6716743D6000491A1D /* BTRCollectionView.m in Sources */,
				03FA6F6E16743D6000491A1D /* BTRCollectionViewCell.m in Sources */,
				03FA6F7316743D6000491A1D /* NSView+BTRCollectionViewAdditions.m in Sources */,
				03FA705916746AAE00491A1D /* CAAnimation+RBLBlockAdditions.m in Sources */,
				03FA705B16746AAE00491A1D /* NSApplication+RBLBlockAdditions.m in Sources */,
				03FA705D16746AAE00491A1D /* NSColor+RBLCGColorAdditions.m in Sources */,
				03FA705F16746AAE00491A1D /* NSImage+RBLResizableImageAdditions.m in Sources */,
				03FA706116746AAE00491A1D /* NSTextView+RBLAntialiasingAdditions.m in Sources */,
				03FA706316746AAE00491A1D /* NSView+RBLAnimationAdditions.m in Sources */,
				03FA706516746AAE00491A1D /* RBLClipView.m in Sources */,
				03FA706716746AAE00491A1D /* RBLPopover.m in Sources */,
				03FA706916746AAE00491A1D /* RBLResizableImage.m in Sources */,
				03FA706B16746AAE00491A1D /* RBLScrollView.m in Sources */,
				03FA706D16746AAE00491A1D /* RBLTableCellView.m in Sources */,
				03FA706F16746AAE00491A1D /* RBLView.m in Sources */,
			);
			runOnlyForDeploymentPostprocessing = 0;
		};
/* End PBXSourcesBuildPhase section */

/* Begin PBXVariantGroup section */
		03239EBE1672E6D6004263D7 /* InfoPlist.strings */ = {
			isa = PBXVariantGroup;
			children = (
				03239EBF1672E6D6004263D7 /* en */,
			);
			name = InfoPlist.strings;
			sourceTree = "<group>";
		};
/* End PBXVariantGroup section */

/* Begin XCBuildConfiguration section */
		03239EC51672E6D6004263D7 /* Debug */ = {
			isa = XCBuildConfiguration;
			buildSettings = {
				ALWAYS_SEARCH_USER_PATHS = NO;
				ARCHS = "$(ARCHS_STANDARD_64_BIT)";
				CLANG_CXX_LANGUAGE_STANDARD = "gnu++0x";
				CLANG_CXX_LIBRARY = "libc++";
				CLANG_ENABLE_OBJC_ARC = YES;
				CLANG_WARN_EMPTY_BODY = YES;
				CLANG_WARN__DUPLICATE_METHOD_MATCH = YES;
				COPY_PHASE_STRIP = NO;
				GCC_C_LANGUAGE_STANDARD = gnu99;
				GCC_DYNAMIC_NO_PIC = NO;
				GCC_ENABLE_OBJC_EXCEPTIONS = YES;
				GCC_OPTIMIZATION_LEVEL = 0;
				GCC_PREPROCESSOR_DEFINITIONS = (
					"DEBUG=1",
					"$(inherited)",
				);
				GCC_SYMBOLS_PRIVATE_EXTERN = NO;
				GCC_WARN_64_TO_32_BIT_CONVERSION = YES;
				GCC_WARN_ABOUT_RETURN_TYPE = YES;
				GCC_WARN_UNINITIALIZED_AUTOS = YES;
				GCC_WARN_UNUSED_VARIABLE = YES;
				MACOSX_DEPLOYMENT_TARGET = 10.8;
				ONLY_ACTIVE_ARCH = YES;
				SDKROOT = macosx;
			};
			name = Debug;
		};
		03239EC61672E6D6004263D7 /* Release */ = {
			isa = XCBuildConfiguration;
			buildSettings = {
				ALWAYS_SEARCH_USER_PATHS = NO;
				ARCHS = "$(ARCHS_STANDARD_64_BIT)";
				CLANG_CXX_LANGUAGE_STANDARD = "gnu++0x";
				CLANG_CXX_LIBRARY = "libc++";
				CLANG_ENABLE_OBJC_ARC = YES;
				CLANG_WARN_EMPTY_BODY = YES;
				CLANG_WARN__DUPLICATE_METHOD_MATCH = YES;
				COPY_PHASE_STRIP = YES;
				DEBUG_INFORMATION_FORMAT = "dwarf-with-dsym";
				GCC_C_LANGUAGE_STANDARD = gnu99;
				GCC_ENABLE_OBJC_EXCEPTIONS = YES;
				GCC_WARN_64_TO_32_BIT_CONVERSION = YES;
				GCC_WARN_ABOUT_RETURN_TYPE = YES;
				GCC_WARN_UNINITIALIZED_AUTOS = YES;
				GCC_WARN_UNUSED_VARIABLE = YES;
				MACOSX_DEPLOYMENT_TARGET = 10.8;
				SDKROOT = macosx;
			};
			name = Release;
		};
		03239EC81672E6D6004263D7 /* Debug */ = {
			isa = XCBuildConfiguration;
			buildSettings = {
				ALWAYS_SEARCH_USER_PATHS = YES;
				COMBINE_HIDPI_IMAGES = YES;
				DYLIB_COMPATIBILITY_VERSION = 1;
				DYLIB_CURRENT_VERSION = 1;
				FRAMEWORK_VERSION = A;
				GCC_PRECOMPILE_PREFIX_HEADER = YES;
				GCC_PREFIX_HEADER = "Butter/Butter-Prefix.pch";
				HEADER_SEARCH_PATHS = "";
				INFOPLIST_FILE = "Butter/Butter-Info.plist";
				INSTALL_PATH = "@rpath";
				LD_RUNPATH_SEARCH_PATHS = "@loader_path/../Frameworks";
				PRODUCT_NAME = "$(TARGET_NAME)";
				USER_HEADER_SEARCH_PATHS = "${BUILT_PRODUCTS_DIR}/**";
				WRAPPER_EXTENSION = framework;
			};
			name = Debug;
		};
		03239EC91672E6D6004263D7 /* Release */ = {
			isa = XCBuildConfiguration;
			buildSettings = {
				ALWAYS_SEARCH_USER_PATHS = YES;
				COMBINE_HIDPI_IMAGES = YES;
				DYLIB_COMPATIBILITY_VERSION = 1;
				DYLIB_CURRENT_VERSION = 1;
				FRAMEWORK_VERSION = A;
				GCC_PRECOMPILE_PREFIX_HEADER = YES;
				GCC_PREFIX_HEADER = "Butter/Butter-Prefix.pch";
				HEADER_SEARCH_PATHS = "";
				INFOPLIST_FILE = "Butter/Butter-Info.plist";
				INSTALL_PATH = "@rpath";
				LD_RUNPATH_SEARCH_PATHS = "@loader_path/../Frameworks";
				PRODUCT_NAME = "$(TARGET_NAME)";
				USER_HEADER_SEARCH_PATHS = "${BUILT_PRODUCTS_DIR}/**";
				WRAPPER_EXTENSION = framework;
			};
			name = Release;
		};
/* End XCBuildConfiguration section */

/* Begin XCConfigurationList section */
		03239EAB1672E6D6004263D7 /* Build configuration list for PBXProject "Butter" */ = {
			isa = XCConfigurationList;
			buildConfigurations = (
				03239EC51672E6D6004263D7 /* Debug */,
				03239EC61672E6D6004263D7 /* Release */,
			);
			defaultConfigurationIsVisible = 0;
			defaultConfigurationName = Release;
		};
		03239EC71672E6D6004263D7 /* Build configuration list for PBXNativeTarget "Butter" */ = {
			isa = XCConfigurationList;
			buildConfigurations = (
				03239EC81672E6D6004263D7 /* Debug */,
				03239EC91672E6D6004263D7 /* Release */,
			);
			defaultConfigurationIsVisible = 0;
			defaultConfigurationName = Release;
		};
/* End XCConfigurationList section */
	};
	rootObject = 03239EA81672E6D6004263D7 /* Project object */;
}
