// !$*UTF8*$!
{
	archiveVersion = 1;
	classes = {
	};
	objectVersion = 46;
	objects = {

/* Begin PBXBuildFile section */
		03239EB61672E6D6004263D7 /* Cocoa.framework in Frameworks */ = {isa = PBXBuildFile; fileRef = 03239EB51672E6D6004263D7 /* Cocoa.framework */; };
		03239EC01672E6D6004263D7 /* InfoPlist.strings in Resources */ = {isa = PBXBuildFile; fileRef = 03239EBE1672E6D6004263D7 /* InfoPlist.strings */; };
		03239F6B1672E712004263D7 /* Butter.h in Headers */ = {isa = PBXBuildFile; fileRef = 03239F6A1672E712004263D7 /* Butter.h */; settings = {ATTRIBUTES = (Public, ); }; };
		03239F7F1672E7C8004263D7 /* QuartzCore.framework in Frameworks */ = {isa = PBXBuildFile; fileRef = 03239F7E1672E7C8004263D7 /* QuartzCore.framework */; };
		035B5C1916A367EC0098CB09 /* BTRGeometryAdditions.h in Headers */ = {isa = PBXBuildFile; fileRef = 035B5C1816A367EC0098CB09 /* BTRGeometryAdditions.h */; settings = {ATTRIBUTES = (Public, ); }; };
		03C1BE9317967060008AAC0B /* NSImage+BTRImageAdditions.h in Headers */ = {isa = PBXBuildFile; fileRef = 03C1BE9117967060008AAC0B /* NSImage+BTRImageAdditions.h */; settings = {ATTRIBUTES = (Public, ); }; };
		03C1BE9417967060008AAC0B /* NSImage+BTRImageAdditions.m in Sources */ = {isa = PBXBuildFile; fileRef = 03C1BE9217967060008AAC0B /* NSImage+BTRImageAdditions.m */; };
		03E41481167B03DB00EACE0F /* BTRCommon.h in Headers */ = {isa = PBXBuildFile; fileRef = 03E41480167B03D800EACE0F /* BTRCommon.h */; };
		AB5A1A4517966E19003FF742 /* BTRImage.h in Headers */ = {isa = PBXBuildFile; fileRef = AB5A1A4317966E19003FF742 /* BTRImage.h */; settings = {ATTRIBUTES = (Public, ); }; };
		AB5A1A4617966E19003FF742 /* BTRImage.m in Sources */ = {isa = PBXBuildFile; fileRef = AB5A1A4417966E19003FF742 /* BTRImage.m */; };
		AB5A1A6017991E3A003FF742 /* BTRControlAction.h in Headers */ = {isa = PBXBuildFile; fileRef = AB5A1A5E17991E3A003FF742 /* BTRControlAction.h */; };
		AB5A1A6117991E3A003FF742 /* BTRControlAction.m in Sources */ = {isa = PBXBuildFile; fileRef = AB5A1A5F17991E3A003FF742 /* BTRControlAction.m */; };
		ABACCA3E167AD439003EFDD6 /* NSView+BTRAdditions.h in Headers */ = {isa = PBXBuildFile; fileRef = ABACCA36167AD439003EFDD6 /* NSView+BTRAdditions.h */; settings = {ATTRIBUTES = (Public, ); }; };
		ABACCA3F167AD439003EFDD6 /* NSView+BTRAdditions.m in Sources */ = {isa = PBXBuildFile; fileRef = ABACCA37167AD439003EFDD6 /* NSView+BTRAdditions.m */; };
		ABACCA40167AD439003EFDD6 /* BTRClipView.h in Headers */ = {isa = PBXBuildFile; fileRef = ABACCA38167AD439003EFDD6 /* BTRClipView.h */; settings = {ATTRIBUTES = (Public, ); }; };
		ABACCA41167AD439003EFDD6 /* BTRClipView.m in Sources */ = {isa = PBXBuildFile; fileRef = ABACCA39167AD439003EFDD6 /* BTRClipView.m */; };
		ABACCA42167AD439003EFDD6 /* BTRScrollView.h in Headers */ = {isa = PBXBuildFile; fileRef = ABACCA3A167AD439003EFDD6 /* BTRScrollView.h */; settings = {ATTRIBUTES = (Public, ); }; };
		ABACCA43167AD439003EFDD6 /* BTRScrollView.m in Sources */ = {isa = PBXBuildFile; fileRef = ABACCA3B167AD439003EFDD6 /* BTRScrollView.m */; };
		ABACCA44167AD439003EFDD6 /* BTRView.h in Headers */ = {isa = PBXBuildFile; fileRef = ABACCA3C167AD439003EFDD6 /* BTRView.h */; settings = {ATTRIBUTES = (Public, ); }; };
		ABACCA45167AD439003EFDD6 /* BTRView.m in Sources */ = {isa = PBXBuildFile; fileRef = ABACCA3D167AD439003EFDD6 /* BTRView.m */; };
		ABEC314216A3CF5D00919EED /* BTRActivityIndicator.h in Headers */ = {isa = PBXBuildFile; fileRef = ABEC314016A3CF5D00919EED /* BTRActivityIndicator.h */; settings = {ATTRIBUTES = (Public, ); }; };
		ABEC314316A3CF5D00919EED /* BTRActivityIndicator.m in Sources */ = {isa = PBXBuildFile; fileRef = ABEC314116A3CF5D00919EED /* BTRActivityIndicator.m */; };
		ABEC314616A3CF7300919EED /* BTRButton.h in Headers */ = {isa = PBXBuildFile; fileRef = ABEC314416A3CF7300919EED /* BTRButton.h */; settings = {ATTRIBUTES = (Public, ); }; };
		ABEC314716A3CF7300919EED /* BTRButton.m in Sources */ = {isa = PBXBuildFile; fileRef = ABEC314516A3CF7300919EED /* BTRButton.m */; };
		ABEC314A16A3CF7B00919EED /* BTRControl.h in Headers */ = {isa = PBXBuildFile; fileRef = ABEC314816A3CF7B00919EED /* BTRControl.h */; settings = {ATTRIBUTES = (Public, ); }; };
		ABEC314B16A3CF7B00919EED /* BTRControl.m in Sources */ = {isa = PBXBuildFile; fileRef = ABEC314916A3CF7B00919EED /* BTRControl.m */; };
		ABEC314E16A3CF8100919EED /* BTRImageView.h in Headers */ = {isa = PBXBuildFile; fileRef = ABEC314C16A3CF8100919EED /* BTRImageView.h */; settings = {ATTRIBUTES = (Public, ); }; };
		ABEC314F16A3CF8100919EED /* BTRImageView.m in Sources */ = {isa = PBXBuildFile; fileRef = ABEC314D16A3CF8100919EED /* BTRImageView.m */; };
		ABEC315216A3CF8800919EED /* BTRLabel.h in Headers */ = {isa = PBXBuildFile; fileRef = ABEC315016A3CF8800919EED /* BTRLabel.h */; settings = {ATTRIBUTES = (Public, ); }; };
		ABEC315316A3CF8800919EED /* BTRLabel.m in Sources */ = {isa = PBXBuildFile; fileRef = ABEC315116A3CF8800919EED /* BTRLabel.m */; };
		ABEC315616A3CF8E00919EED /* BTRPopUpButton.h in Headers */ = {isa = PBXBuildFile; fileRef = ABEC315416A3CF8E00919EED /* BTRPopUpButton.h */; settings = {ATTRIBUTES = (Public, ); }; };
		ABEC315716A3CF8E00919EED /* BTRPopUpButton.m in Sources */ = {isa = PBXBuildFile; fileRef = ABEC315516A3CF8E00919EED /* BTRPopUpButton.m */; };
		ABEC315A16A3CF9A00919EED /* BTRSecureTextField.h in Headers */ = {isa = PBXBuildFile; fileRef = ABEC315816A3CF9A00919EED /* BTRSecureTextField.h */; settings = {ATTRIBUTES = (Public, ); }; };
		ABEC315B16A3CF9A00919EED /* BTRSecureTextField.m in Sources */ = {isa = PBXBuildFile; fileRef = ABEC315916A3CF9A00919EED /* BTRSecureTextField.m */; };
		ABEC315E16A3CFA000919EED /* BTRTextField.h in Headers */ = {isa = PBXBuildFile; fileRef = ABEC315C16A3CFA000919EED /* BTRTextField.h */; settings = {ATTRIBUTES = (Public, ); }; };
		ABEC315F16A3CFA000919EED /* BTRTextField.m in Sources */ = {isa = PBXBuildFile; fileRef = ABEC315D16A3CFA000919EED /* BTRTextField.m */; };
/* End PBXBuildFile section */

/* Begin PBXContainerItemProxy section */
		AB00F30116A4F23100096C91 /* PBXContainerItemProxy */ = {
			isa = PBXContainerItemProxy;
			containerPortal = AB00F2A816A4F23000096C91 /* ActivityIndicator Demo.xcodeproj */;
			proxyType = 2;
			remoteGlobalIDString = ABA6774F168AC94A006DD644;
			remoteInfo = "ActivityIndicator Demo";
		};
		AB00F30416A4F23100096C91 /* PBXContainerItemProxy */ = {
			isa = PBXContainerItemProxy;
			containerPortal = AB00F2B916A4F23000096C91 /* ButtonDemo.xcodeproj */;
			proxyType = 2;
			remoteGlobalIDString = ABECF081168563CB00BED126;
			remoteInfo = ButtonDemo;
		};
		AB00F30716A4F23100096C91 /* PBXContainerItemProxy */ = {
			isa = PBXContainerItemProxy;
			containerPortal = AB00F2CA16A4F23000096C91 /* ControlEvents.xcodeproj */;
			proxyType = 2;
			remoteGlobalIDString = ABB9D74F167BF0F100ECB31D;
			remoteInfo = ControlEvents;
		};
		AB00F30A16A4F23100096C91 /* PBXContainerItemProxy */ = {
			isa = PBXContainerItemProxy;
			containerPortal = AB00F2DB16A4F23000096C91 /* ImageView Test.xcodeproj */;
			proxyType = 2;
			remoteGlobalIDString = AB00F1CF16A4F20700096C91;
			remoteInfo = "ImageView Test";
		};
		AB00F30D16A4F23100096C91 /* PBXContainerItemProxy */ = {
			isa = PBXContainerItemProxy;
			containerPortal = AB00F2EC16A4F23000096C91 /* Popup Button Demo.xcodeproj */;
			proxyType = 2;
			remoteGlobalIDString = AB799683169146CC00B1FF7E;
			remoteInfo = "Popup Button Demo";
		};
		AB00F31016A4F23100096C91 /* PBXContainerItemProxy */ = {
			isa = PBXContainerItemProxy;
			containerPortal = AB00F2FD16A4F23100096C91 /* TextFieldDemo.xcodeproj */;
			proxyType = 2;
			remoteGlobalIDString = 0303401D168D880B00697D51;
			remoteInfo = TextFieldDemo;
		};
/* End PBXContainerItemProxy section */

/* Begin PBXCopyFilesBuildPhase section */
		03FA6FFC1674631E00491A1D /* CopyFiles */ = {
			isa = PBXCopyFilesBuildPhase;
			buildActionMask = 2147483647;
			dstPath = "";
			dstSubfolderSpec = 10;
			files = (
			);
			runOnlyForDeploymentPostprocessing = 0;
		};
/* End PBXCopyFilesBuildPhase section */

/* Begin PBXFileReference section */
		03239EB21672E6D6004263D7 /* Butter.framework */ = {isa = PBXFileReference; explicitFileType = wrapper.framework; includeInIndex = 0; path = Butter.framework; sourceTree = BUILT_PRODUCTS_DIR; };
		03239EB51672E6D6004263D7 /* Cocoa.framework */ = {isa = PBXFileReference; lastKnownFileType = wrapper.framework; name = Cocoa.framework; path = System/Library/Frameworks/Cocoa.framework; sourceTree = SDKROOT; };
		03239EB81672E6D6004263D7 /* AppKit.framework */ = {isa = PBXFileReference; lastKnownFileType = wrapper.framework; name = AppKit.framework; path = System/Library/Frameworks/AppKit.framework; sourceTree = SDKROOT; };
		03239EB91672E6D6004263D7 /* CoreData.framework */ = {isa = PBXFileReference; lastKnownFileType = wrapper.framework; name = CoreData.framework; path = System/Library/Frameworks/CoreData.framework; sourceTree = SDKROOT; };
		03239EBA1672E6D6004263D7 /* Foundation.framework */ = {isa = PBXFileReference; lastKnownFileType = wrapper.framework; name = Foundation.framework; path = System/Library/Frameworks/Foundation.framework; sourceTree = SDKROOT; };
		03239EBD1672E6D6004263D7 /* Butter-Info.plist */ = {isa = PBXFileReference; lastKnownFileType = text.plist.xml; path = "Butter-Info.plist"; sourceTree = "<group>"; };
		03239EBF1672E6D6004263D7 /* en */ = {isa = PBXFileReference; lastKnownFileType = text.plist.strings; name = en; path = en.lproj/InfoPlist.strings; sourceTree = "<group>"; };
		03239EC11672E6D6004263D7 /* Butter-Prefix.pch */ = {isa = PBXFileReference; lastKnownFileType = sourcecode.c.h; path = "Butter-Prefix.pch"; sourceTree = "<group>"; };
		03239F6A1672E712004263D7 /* Butter.h */ = {isa = PBXFileReference; fileEncoding = 4; lastKnownFileType = sourcecode.c.h; path = Butter.h; sourceTree = "<group>"; };
		03239F7E1672E7C8004263D7 /* QuartzCore.framework */ = {isa = PBXFileReference; lastKnownFileType = wrapper.framework; name = QuartzCore.framework; path = System/Library/Frameworks/QuartzCore.framework; sourceTree = SDKROOT; };
		035B5C1816A367EC0098CB09 /* BTRGeometryAdditions.h */ = {isa = PBXFileReference; fileEncoding = 4; lastKnownFileType = sourcecode.c.h; path = BTRGeometryAdditions.h; sourceTree = "<group>"; };
		03C1BE9117967060008AAC0B /* NSImage+BTRImageAdditions.h */ = {isa = PBXFileReference; fileEncoding = 4; lastKnownFileType = sourcecode.c.h; path = "NSImage+BTRImageAdditions.h"; sourceTree = "<group>"; };
		03C1BE9217967060008AAC0B /* NSImage+BTRImageAdditions.m */ = {isa = PBXFileReference; fileEncoding = 4; lastKnownFileType = sourcecode.c.objc; path = "NSImage+BTRImageAdditions.m"; sourceTree = "<group>"; };
		03E41480167B03D800EACE0F /* BTRCommon.h */ = {isa = PBXFileReference; lastKnownFileType = sourcecode.c.h; path = BTRCommon.h; sourceTree = "<group>"; };
		AB00F29D16A4F23000096C91 /* ActivityIndicator Demo-Info.plist */ = {isa = PBXFileReference; lastKnownFileType = text.plist.xml; path = "ActivityIndicator Demo-Info.plist"; sourceTree = "<group>"; };
		AB00F29E16A4F23000096C91 /* ActivityIndicator Demo-Prefix.pch */ = {isa = PBXFileReference; lastKnownFileType = sourcecode.c.h; path = "ActivityIndicator Demo-Prefix.pch"; sourceTree = "<group>"; };
		AB00F29F16A4F23000096C91 /* AppDelegate.h */ = {isa = PBXFileReference; lastKnownFileType = sourcecode.c.h; path = AppDelegate.h; sourceTree = "<group>"; };
		AB00F2A016A4F23000096C91 /* AppDelegate.m */ = {isa = PBXFileReference; lastKnownFileType = sourcecode.c.objc; path = AppDelegate.m; sourceTree = "<group>"; };
		AB00F2A216A4F23000096C91 /* en */ = {isa = PBXFileReference; lastKnownFileType = text.rtf; name = en; path = en.lproj/Credits.rtf; sourceTree = "<group>"; };
		AB00F2A416A4F23000096C91 /* en */ = {isa = PBXFileReference; lastKnownFileType = text.plist.strings; name = en; path = en.lproj/InfoPlist.strings; sourceTree = "<group>"; };
		AB00F2A616A4F23000096C91 /* en */ = {isa = PBXFileReference; lastKnownFileType = file.xib; name = en; path = en.lproj/MainMenu.xib; sourceTree = "<group>"; };
		AB00F2A716A4F23000096C91 /* main.m */ = {isa = PBXFileReference; lastKnownFileType = sourcecode.c.objc; path = main.m; sourceTree = "<group>"; };
		AB00F2A816A4F23000096C91 /* ActivityIndicator Demo.xcodeproj */ = {isa = PBXFileReference; lastKnownFileType = "wrapper.pb-project"; path = "ActivityIndicator Demo.xcodeproj"; sourceTree = "<group>"; };
		AB00F2AE16A4F23000096C91 /* AppDelegate.h */ = {isa = PBXFileReference; lastKnownFileType = sourcecode.c.h; path = AppDelegate.h; sourceTree = "<group>"; };
		AB00F2AF16A4F23000096C91 /* AppDelegate.m */ = {isa = PBXFileReference; lastKnownFileType = sourcecode.c.objc; path = AppDelegate.m; sourceTree = "<group>"; };
		AB00F2B016A4F23000096C91 /* ButtonDemo-Info.plist */ = {isa = PBXFileReference; lastKnownFileType = text.plist.xml; path = "ButtonDemo-Info.plist"; sourceTree = "<group>"; };
		AB00F2B116A4F23000096C91 /* ButtonDemo-Prefix.pch */ = {isa = PBXFileReference; lastKnownFileType = sourcecode.c.h; path = "ButtonDemo-Prefix.pch"; sourceTree = "<group>"; };
		AB00F2B316A4F23000096C91 /* en */ = {isa = PBXFileReference; lastKnownFileType = text.rtf; name = en; path = en.lproj/Credits.rtf; sourceTree = "<group>"; };
		AB00F2B516A4F23000096C91 /* en */ = {isa = PBXFileReference; lastKnownFileType = text.plist.strings; name = en; path = en.lproj/InfoPlist.strings; sourceTree = "<group>"; };
		AB00F2B716A4F23000096C91 /* en */ = {isa = PBXFileReference; lastKnownFileType = file.xib; name = en; path = en.lproj/MainMenu.xib; sourceTree = "<group>"; };
		AB00F2B816A4F23000096C91 /* main.m */ = {isa = PBXFileReference; lastKnownFileType = sourcecode.c.objc; path = main.m; sourceTree = "<group>"; };
		AB00F2B916A4F23000096C91 /* ButtonDemo.xcodeproj */ = {isa = PBXFileReference; lastKnownFileType = "wrapper.pb-project"; path = ButtonDemo.xcodeproj; sourceTree = "<group>"; };
		AB00F2BF16A4F23000096C91 /* AppDelegate.h */ = {isa = PBXFileReference; lastKnownFileType = sourcecode.c.h; path = AppDelegate.h; sourceTree = "<group>"; };
		AB00F2C016A4F23000096C91 /* AppDelegate.m */ = {isa = PBXFileReference; lastKnownFileType = sourcecode.c.objc; path = AppDelegate.m; sourceTree = "<group>"; };
		AB00F2C116A4F23000096C91 /* ControlEvents-Info.plist */ = {isa = PBXFileReference; lastKnownFileType = text.plist.xml; path = "ControlEvents-Info.plist"; sourceTree = "<group>"; };
		AB00F2C216A4F23000096C91 /* ControlEvents-Prefix.pch */ = {isa = PBXFileReference; lastKnownFileType = sourcecode.c.h; path = "ControlEvents-Prefix.pch"; sourceTree = "<group>"; };
		AB00F2C416A4F23000096C91 /* en */ = {isa = PBXFileReference; lastKnownFileType = text.rtf; name = en; path = en.lproj/Credits.rtf; sourceTree = "<group>"; };
		AB00F2C616A4F23000096C91 /* en */ = {isa = PBXFileReference; lastKnownFileType = text.plist.strings; name = en; path = en.lproj/InfoPlist.strings; sourceTree = "<group>"; };
		AB00F2C816A4F23000096C91 /* en */ = {isa = PBXFileReference; lastKnownFileType = file.xib; name = en; path = en.lproj/MainMenu.xib; sourceTree = "<group>"; };
		AB00F2C916A4F23000096C91 /* main.m */ = {isa = PBXFileReference; lastKnownFileType = sourcecode.c.objc; path = main.m; sourceTree = "<group>"; };
		AB00F2CA16A4F23000096C91 /* ControlEvents.xcodeproj */ = {isa = PBXFileReference; lastKnownFileType = "wrapper.pb-project"; path = ControlEvents.xcodeproj; sourceTree = "<group>"; };
		AB00F2D016A4F23000096C91 /* AppDelegate.h */ = {isa = PBXFileReference; lastKnownFileType = sourcecode.c.h; path = AppDelegate.h; sourceTree = "<group>"; };
		AB00F2D116A4F23000096C91 /* AppDelegate.m */ = {isa = PBXFileReference; lastKnownFileType = sourcecode.c.objc; path = AppDelegate.m; sourceTree = "<group>"; };
		AB00F2D316A4F23000096C91 /* en */ = {isa = PBXFileReference; lastKnownFileType = text.rtf; name = en; path = en.lproj/Credits.rtf; sourceTree = "<group>"; };
		AB00F2D516A4F23000096C91 /* en */ = {isa = PBXFileReference; lastKnownFileType = text.plist.strings; name = en; path = en.lproj/InfoPlist.strings; sourceTree = "<group>"; };
		AB00F2D716A4F23000096C91 /* en */ = {isa = PBXFileReference; lastKnownFileType = file.xib; name = en; path = en.lproj/MainMenu.xib; sourceTree = "<group>"; };
		AB00F2D816A4F23000096C91 /* ImageView Test-Info.plist */ = {isa = PBXFileReference; lastKnownFileType = text.plist.xml; path = "ImageView Test-Info.plist"; sourceTree = "<group>"; };
		AB00F2D916A4F23000096C91 /* ImageView Test-Prefix.pch */ = {isa = PBXFileReference; lastKnownFileType = sourcecode.c.h; path = "ImageView Test-Prefix.pch"; sourceTree = "<group>"; };
		AB00F2DA16A4F23000096C91 /* main.m */ = {isa = PBXFileReference; lastKnownFileType = sourcecode.c.objc; path = main.m; sourceTree = "<group>"; };
		AB00F2DB16A4F23000096C91 /* ImageView Test.xcodeproj */ = {isa = PBXFileReference; lastKnownFileType = "wrapper.pb-project"; path = "ImageView Test.xcodeproj"; sourceTree = "<group>"; };
		AB00F2E116A4F23000096C91 /* AppDelegate.h */ = {isa = PBXFileReference; lastKnownFileType = sourcecode.c.h; path = AppDelegate.h; sourceTree = "<group>"; };
		AB00F2E216A4F23000096C91 /* AppDelegate.m */ = {isa = PBXFileReference; lastKnownFileType = sourcecode.c.objc; path = AppDelegate.m; sourceTree = "<group>"; };
		AB00F2E416A4F23000096C91 /* en */ = {isa = PBXFileReference; lastKnownFileType = text.rtf; name = en; path = en.lproj/Credits.rtf; sourceTree = "<group>"; };
		AB00F2E616A4F23000096C91 /* en */ = {isa = PBXFileReference; lastKnownFileType = text.plist.strings; name = en; path = en.lproj/InfoPlist.strings; sourceTree = "<group>"; };
		AB00F2E816A4F23000096C91 /* en */ = {isa = PBXFileReference; lastKnownFileType = file.xib; name = en; path = en.lproj/MainMenu.xib; sourceTree = "<group>"; };
		AB00F2E916A4F23000096C91 /* main.m */ = {isa = PBXFileReference; lastKnownFileType = sourcecode.c.objc; path = main.m; sourceTree = "<group>"; };
		AB00F2EA16A4F23000096C91 /* Popup Button Demo-Info.plist */ = {isa = PBXFileReference; lastKnownFileType = text.plist.xml; path = "Popup Button Demo-Info.plist"; sourceTree = "<group>"; };
		AB00F2EB16A4F23000096C91 /* Popup Button Demo-Prefix.pch */ = {isa = PBXFileReference; lastKnownFileType = sourcecode.c.h; path = "Popup Button Demo-Prefix.pch"; sourceTree = "<group>"; };
		AB00F2EC16A4F23000096C91 /* Popup Button Demo.xcodeproj */ = {isa = PBXFileReference; lastKnownFileType = "wrapper.pb-project"; path = "Popup Button Demo.xcodeproj"; sourceTree = "<group>"; };
		AB00F2F216A4F23100096C91 /* AppDelegate.h */ = {isa = PBXFileReference; lastKnownFileType = sourcecode.c.h; path = AppDelegate.h; sourceTree = "<group>"; };
		AB00F2F316A4F23100096C91 /* AppDelegate.m */ = {isa = PBXFileReference; lastKnownFileType = sourcecode.c.objc; path = AppDelegate.m; sourceTree = "<group>"; };
		AB00F2F516A4F23100096C91 /* en */ = {isa = PBXFileReference; lastKnownFileType = text.rtf; name = en; path = en.lproj/Credits.rtf; sourceTree = "<group>"; };
		AB00F2F716A4F23100096C91 /* en */ = {isa = PBXFileReference; lastKnownFileType = text.plist.strings; name = en; path = en.lproj/InfoPlist.strings; sourceTree = "<group>"; };
		AB00F2F916A4F23100096C91 /* en */ = {isa = PBXFileReference; lastKnownFileType = file.xib; name = en; path = en.lproj/MainMenu.xib; sourceTree = "<group>"; };
		AB00F2FA16A4F23100096C91 /* main.m */ = {isa = PBXFileReference; lastKnownFileType = sourcecode.c.objc; path = main.m; sourceTree = "<group>"; };
		AB00F2FB16A4F23100096C91 /* TextFieldDemo-Info.plist */ = {isa = PBXFileReference; lastKnownFileType = text.plist.xml; path = "TextFieldDemo-Info.plist"; sourceTree = "<group>"; };
		AB00F2FC16A4F23100096C91 /* TextFieldDemo-Prefix.pch */ = {isa = PBXFileReference; lastKnownFileType = sourcecode.c.h; path = "TextFieldDemo-Prefix.pch"; sourceTree = "<group>"; };
		AB00F2FD16A4F23100096C91 /* TextFieldDemo.xcodeproj */ = {isa = PBXFileReference; lastKnownFileType = "wrapper.pb-project"; path = TextFieldDemo.xcodeproj; sourceTree = "<group>"; };
		AB5A1A4317966E19003FF742 /* BTRImage.h */ = {isa = PBXFileReference; fileEncoding = 4; lastKnownFileType = sourcecode.c.h; path = BTRImage.h; sourceTree = "<group>"; };
		AB5A1A4417966E19003FF742 /* BTRImage.m */ = {isa = PBXFileReference; fileEncoding = 4; lastKnownFileType = sourcecode.c.objc; path = BTRImage.m; sourceTree = "<group>"; };
		AB5A1A5E17991E3A003FF742 /* BTRControlAction.h */ = {isa = PBXFileReference; fileEncoding = 4; lastKnownFileType = sourcecode.c.h; name = BTRControlAction.h; path = Private/BTRControlAction.h; sourceTree = "<group>"; };
		AB5A1A5F17991E3A003FF742 /* BTRControlAction.m */ = {isa = PBXFileReference; fileEncoding = 4; lastKnownFileType = sourcecode.c.objc; name = BTRControlAction.m; path = Private/BTRControlAction.m; sourceTree = "<group>"; };
		ABACCA36167AD439003EFDD6 /* NSView+BTRAdditions.h */ = {isa = PBXFileReference; fileEncoding = 4; lastKnownFileType = sourcecode.c.h; name = "NSView+BTRAdditions.h"; path = "Extensions/NSView+BTRAdditions.h"; sourceTree = "<group>"; };
		ABACCA37167AD439003EFDD6 /* NSView+BTRAdditions.m */ = {isa = PBXFileReference; fileEncoding = 4; lastKnownFileType = sourcecode.c.objc; name = "NSView+BTRAdditions.m"; path = "Extensions/NSView+BTRAdditions.m"; sourceTree = "<group>"; };
		ABACCA38167AD439003EFDD6 /* BTRClipView.h */ = {isa = PBXFileReference; fileEncoding = 4; lastKnownFileType = sourcecode.c.h; path = BTRClipView.h; sourceTree = "<group>"; };
		ABACCA39167AD439003EFDD6 /* BTRClipView.m */ = {isa = PBXFileReference; fileEncoding = 4; lastKnownFileType = sourcecode.c.objc; path = BTRClipView.m; sourceTree = "<group>"; };
		ABACCA3A167AD439003EFDD6 /* BTRScrollView.h */ = {isa = PBXFileReference; fileEncoding = 4; lastKnownFileType = sourcecode.c.h; path = BTRScrollView.h; sourceTree = "<group>"; };
		ABACCA3B167AD439003EFDD6 /* BTRScrollView.m */ = {isa = PBXFileReference; fileEncoding = 4; lastKnownFileType = sourcecode.c.objc; path = BTRScrollView.m; sourceTree = "<group>"; };
		ABACCA3C167AD439003EFDD6 /* BTRView.h */ = {isa = PBXFileReference; fileEncoding = 4; lastKnownFileType = sourcecode.c.h; path = BTRView.h; sourceTree = "<group>"; };
		ABACCA3D167AD439003EFDD6 /* BTRView.m */ = {isa = PBXFileReference; fileEncoding = 4; lastKnownFileType = sourcecode.c.objc; path = BTRView.m; sourceTree = "<group>"; };
		ABEC314016A3CF5D00919EED /* BTRActivityIndicator.h */ = {isa = PBXFileReference; fileEncoding = 4; lastKnownFileType = sourcecode.c.h; name = BTRActivityIndicator.h; path = Butter/BTRActivityIndicator.h; sourceTree = SOURCE_ROOT; };
		ABEC314116A3CF5D00919EED /* BTRActivityIndicator.m */ = {isa = PBXFileReference; fileEncoding = 4; lastKnownFileType = sourcecode.c.objc; name = BTRActivityIndicator.m; path = Butter/BTRActivityIndicator.m; sourceTree = SOURCE_ROOT; };
		ABEC314416A3CF7300919EED /* BTRButton.h */ = {isa = PBXFileReference; fileEncoding = 4; lastKnownFileType = sourcecode.c.h; path = BTRButton.h; sourceTree = "<group>"; };
		ABEC314516A3CF7300919EED /* BTRButton.m */ = {isa = PBXFileReference; fileEncoding = 4; lastKnownFileType = sourcecode.c.objc; path = BTRButton.m; sourceTree = "<group>"; };
		ABEC314816A3CF7B00919EED /* BTRControl.h */ = {isa = PBXFileReference; fileEncoding = 4; lastKnownFileType = sourcecode.c.h; path = BTRControl.h; sourceTree = "<group>"; };
		ABEC314916A3CF7B00919EED /* BTRControl.m */ = {isa = PBXFileReference; fileEncoding = 4; lastKnownFileType = sourcecode.c.objc; path = BTRControl.m; sourceTree = "<group>"; };
		ABEC314C16A3CF8100919EED /* BTRImageView.h */ = {isa = PBXFileReference; fileEncoding = 4; lastKnownFileType = sourcecode.c.h; path = BTRImageView.h; sourceTree = "<group>"; };
		ABEC314D16A3CF8100919EED /* BTRImageView.m */ = {isa = PBXFileReference; fileEncoding = 4; lastKnownFileType = sourcecode.c.objc; path = BTRImageView.m; sourceTree = "<group>"; };
		ABEC315016A3CF8800919EED /* BTRLabel.h */ = {isa = PBXFileReference; fileEncoding = 4; lastKnownFileType = sourcecode.c.h; path = BTRLabel.h; sourceTree = "<group>"; };
		ABEC315116A3CF8800919EED /* BTRLabel.m */ = {isa = PBXFileReference; fileEncoding = 4; lastKnownFileType = sourcecode.c.objc; path = BTRLabel.m; sourceTree = "<group>"; };
		ABEC315416A3CF8E00919EED /* BTRPopUpButton.h */ = {isa = PBXFileReference; fileEncoding = 4; lastKnownFileType = sourcecode.c.h; path = BTRPopUpButton.h; sourceTree = "<group>"; };
		ABEC315516A3CF8E00919EED /* BTRPopUpButton.m */ = {isa = PBXFileReference; fileEncoding = 4; lastKnownFileType = sourcecode.c.objc; path = BTRPopUpButton.m; sourceTree = "<group>"; };
		ABEC315816A3CF9A00919EED /* BTRSecureTextField.h */ = {isa = PBXFileReference; fileEncoding = 4; lastKnownFileType = sourcecode.c.h; path = BTRSecureTextField.h; sourceTree = "<group>"; };
		ABEC315916A3CF9A00919EED /* BTRSecureTextField.m */ = {isa = PBXFileReference; fileEncoding = 4; lastKnownFileType = sourcecode.c.objc; path = BTRSecureTextField.m; sourceTree = "<group>"; };
		ABEC315C16A3CFA000919EED /* BTRTextField.h */ = {isa = PBXFileReference; fileEncoding = 4; lastKnownFileType = sourcecode.c.h; path = BTRTextField.h; sourceTree = "<group>"; };
		ABEC315D16A3CFA000919EED /* BTRTextField.m */ = {isa = PBXFileReference; fileEncoding = 4; lastKnownFileType = sourcecode.c.objc; path = BTRTextField.m; sourceTree = "<group>"; };
/* End PBXFileReference section */

/* Begin PBXFrameworksBuildPhase section */
		03239EAE1672E6D6004263D7 /* Frameworks */ = {
			isa = PBXFrameworksBuildPhase;
			buildActionMask = 2147483647;
			files = (
				03239F7F1672E7C8004263D7 /* QuartzCore.framework in Frameworks */,
				03239EB61672E6D6004263D7 /* Cocoa.framework in Frameworks */,
			);
			runOnlyForDeploymentPostprocessing = 0;
		};
/* End PBXFrameworksBuildPhase section */

/* Begin PBXGroup section */
		03034051168D896300697D51 /* BTRSecureTextField */ = {
			isa = PBXGroup;
			children = (
				ABEC315816A3CF9A00919EED /* BTRSecureTextField.h */,
				ABEC315916A3CF9A00919EED /* BTRSecureTextField.m */,
			);
			name = BTRSecureTextField;
			sourceTree = "<group>";
		};
		03239EA61672E6D6004263D7 = {
			isa = PBXGroup;
			children = (
				03239EBB1672E6D6004263D7 /* Butter */,
				03239EB41672E6D6004263D7 /* Frameworks */,
				AB00F29916A4F23000096C91 /* Examples */,
				03239EB31672E6D6004263D7 /* Products */,
			);
			sourceTree = "<group>";
		};
		03239EB31672E6D6004263D7 /* Products */ = {
			isa = PBXGroup;
			children = (
				03239EB21672E6D6004263D7 /* Butter.framework */,
			);
			name = Products;
			sourceTree = "<group>";
		};
		03239EB41672E6D6004263D7 /* Frameworks */ = {
			isa = PBXGroup;
			children = (
				03239F7E1672E7C8004263D7 /* QuartzCore.framework */,
				03239EB51672E6D6004263D7 /* Cocoa.framework */,
				03239EB71672E6D6004263D7 /* Other Frameworks */,
			);
			name = Frameworks;
			sourceTree = "<group>";
		};
		03239EB71672E6D6004263D7 /* Other Frameworks */ = {
			isa = PBXGroup;
			children = (
				03239EB81672E6D6004263D7 /* AppKit.framework */,
				03239EB91672E6D6004263D7 /* CoreData.framework */,
				03239EBA1672E6D6004263D7 /* Foundation.framework */,
			);
			name = "Other Frameworks";
			sourceTree = "<group>";
		};
		03239EBB1672E6D6004263D7 /* Butter */ = {
			isa = PBXGroup;
			children = (
				03239F6A1672E712004263D7 /* Butter.h */,
				0391B769169119D000725AAD /* BTRPopUpButton */,
				ABA67795168C03FA006DD644 /* BTRActivityIndicator */,
				ABE93937167993DB00A7A1B8 /* BTRImageView */,
				ABB9D73D167BD6C800ECB31D /* BTRControl */,
				ABECF05C1685390500BED126 /* BTRButton */,
				ABECF06D16855FA400BED126 /* BTRTextField */,
				03034051168D896300697D51 /* BTRSecureTextField */,
				ABECF06E16855FB000BED126 /* BTRLabel */,
				03FA6EFB1674393400491A1D /* Categories */,
				ABACCA35167AD439003EFDD6 /* Extensions */,
				03239EBC1672E6D6004263D7 /* Supporting Files */,
			);
			path = Butter;
			sourceTree = "<group>";
		};
		03239EBC1672E6D6004263D7 /* Supporting Files */ = {
			isa = PBXGroup;
			children = (
				03239EBD1672E6D6004263D7 /* Butter-Info.plist */,
				03239EBE1672E6D6004263D7 /* InfoPlist.strings */,
				03239EC11672E6D6004263D7 /* Butter-Prefix.pch */,
			);
			name = "Supporting Files";
			sourceTree = "<group>";
		};
		0391B769169119D000725AAD /* BTRPopUpButton */ = {
			isa = PBXGroup;
			children = (
				ABEC315416A3CF8E00919EED /* BTRPopUpButton.h */,
				ABEC315516A3CF8E00919EED /* BTRPopUpButton.m */,
			);
			name = BTRPopUpButton;
			sourceTree = "<group>";
		};
		03FA6EFB1674393400491A1D /* Categories */ = {
			isa = PBXGroup;
			children = (
				ABACCA36167AD439003EFDD6 /* NSView+BTRAdditions.h */,
				ABACCA37167AD439003EFDD6 /* NSView+BTRAdditions.m */,
				03C1BE9117967060008AAC0B /* NSImage+BTRImageAdditions.h */,
				03C1BE9217967060008AAC0B /* NSImage+BTRImageAdditions.m */,
			);
			name = Categories;
			sourceTree = "<group>";
		};
		AB00F29916A4F23000096C91 /* Examples */ = {
			isa = PBXGroup;
			children = (
				AB00F29A16A4F23000096C91 /* BTRActivityIndicator */,
				AB00F2AB16A4F23000096C91 /* BTRButton */,
				AB00F2BC16A4F23000096C91 /* BTRControl */,
				AB00F2CD16A4F23000096C91 /* BTRImageView */,
				AB00F2DE16A4F23000096C91 /* BTRPopUpButton */,
				AB00F2EF16A4F23100096C91 /* BTRTextField */,
			);
			name = Examples;
			path = Butter/Examples;
			sourceTree = "<group>";
		};
		AB00F29A16A4F23000096C91 /* BTRActivityIndicator */ = {
			isa = PBXGroup;
			children = (
				AB00F29B16A4F23000096C91 /* ActivityIndicator Demo */,
			);
			path = BTRActivityIndicator;
			sourceTree = "<group>";
		};
		AB00F29B16A4F23000096C91 /* ActivityIndicator Demo */ = {
			isa = PBXGroup;
			children = (
				AB00F29C16A4F23000096C91 /* ActivityIndicator Demo */,
				AB00F2A816A4F23000096C91 /* ActivityIndicator Demo.xcodeproj */,
			);
			path = "ActivityIndicator Demo";
			sourceTree = "<group>";
		};
		AB00F29C16A4F23000096C91 /* ActivityIndicator Demo */ = {
			isa = PBXGroup;
			children = (
				AB00F29D16A4F23000096C91 /* ActivityIndicator Demo-Info.plist */,
				AB00F29E16A4F23000096C91 /* ActivityIndicator Demo-Prefix.pch */,
				AB00F29F16A4F23000096C91 /* AppDelegate.h */,
				AB00F2A016A4F23000096C91 /* AppDelegate.m */,
				AB00F2A116A4F23000096C91 /* Credits.rtf */,
				AB00F2A316A4F23000096C91 /* InfoPlist.strings */,
				AB00F2A516A4F23000096C91 /* MainMenu.xib */,
				AB00F2A716A4F23000096C91 /* main.m */,
			);
			path = "ActivityIndicator Demo";
			sourceTree = "<group>";
		};
		AB00F2A916A4F23000096C91 /* Products */ = {
			isa = PBXGroup;
			children = (
				AB00F30216A4F23100096C91 /* ActivityIndicator Demo.app */,
			);
			name = Products;
			sourceTree = "<group>";
		};
		AB00F2AB16A4F23000096C91 /* BTRButton */ = {
			isa = PBXGroup;
			children = (
				AB00F2AC16A4F23000096C91 /* ButtonDemo */,
			);
			path = BTRButton;
			sourceTree = "<group>";
		};
		AB00F2AC16A4F23000096C91 /* ButtonDemo */ = {
			isa = PBXGroup;
			children = (
				AB00F2AD16A4F23000096C91 /* ButtonDemo */,
				AB00F2B916A4F23000096C91 /* ButtonDemo.xcodeproj */,
			);
			path = ButtonDemo;
			sourceTree = "<group>";
		};
		AB00F2AD16A4F23000096C91 /* ButtonDemo */ = {
			isa = PBXGroup;
			children = (
				AB00F2AE16A4F23000096C91 /* AppDelegate.h */,
				AB00F2AF16A4F23000096C91 /* AppDelegate.m */,
				AB00F2B016A4F23000096C91 /* ButtonDemo-Info.plist */,
				AB00F2B116A4F23000096C91 /* ButtonDemo-Prefix.pch */,
				AB00F2B216A4F23000096C91 /* Credits.rtf */,
				AB00F2B416A4F23000096C91 /* InfoPlist.strings */,
				AB00F2B616A4F23000096C91 /* MainMenu.xib */,
				AB00F2B816A4F23000096C91 /* main.m */,
			);
			path = ButtonDemo;
			sourceTree = "<group>";
		};
		AB00F2BA16A4F23000096C91 /* Products */ = {
			isa = PBXGroup;
			children = (
				AB00F30516A4F23100096C91 /* ButtonDemo.app */,
			);
			name = Products;
			sourceTree = "<group>";
		};
		AB00F2BC16A4F23000096C91 /* BTRControl */ = {
			isa = PBXGroup;
			children = (
				AB00F2BD16A4F23000096C91 /* ControlEvents */,
			);
			path = BTRControl;
			sourceTree = "<group>";
		};
		AB00F2BD16A4F23000096C91 /* ControlEvents */ = {
			isa = PBXGroup;
			children = (
				AB00F2BE16A4F23000096C91 /* ControlEvents */,
				AB00F2CA16A4F23000096C91 /* ControlEvents.xcodeproj */,
			);
			path = ControlEvents;
			sourceTree = "<group>";
		};
		AB00F2BE16A4F23000096C91 /* ControlEvents */ = {
			isa = PBXGroup;
			children = (
				AB00F2BF16A4F23000096C91 /* AppDelegate.h */,
				AB00F2C016A4F23000096C91 /* AppDelegate.m */,
				AB00F2C116A4F23000096C91 /* ControlEvents-Info.plist */,
				AB00F2C216A4F23000096C91 /* ControlEvents-Prefix.pch */,
				AB00F2C316A4F23000096C91 /* Credits.rtf */,
				AB00F2C516A4F23000096C91 /* InfoPlist.strings */,
				AB00F2C716A4F23000096C91 /* MainMenu.xib */,
				AB00F2C916A4F23000096C91 /* main.m */,
			);
			path = ControlEvents;
			sourceTree = "<group>";
		};
		AB00F2CB16A4F23000096C91 /* Products */ = {
			isa = PBXGroup;
			children = (
				AB00F30816A4F23100096C91 /* ControlEvents.app */,
			);
			name = Products;
			sourceTree = "<group>";
		};
		AB00F2CD16A4F23000096C91 /* BTRImageView */ = {
			isa = PBXGroup;
			children = (
				AB00F2CE16A4F23000096C91 /* ImageView Test */,
			);
			path = BTRImageView;
			sourceTree = "<group>";
		};
		AB00F2CE16A4F23000096C91 /* ImageView Test */ = {
			isa = PBXGroup;
			children = (
				AB00F2CF16A4F23000096C91 /* ImageView Test */,
				AB00F2DB16A4F23000096C91 /* ImageView Test.xcodeproj */,
			);
			path = "ImageView Test";
			sourceTree = "<group>";
		};
		AB00F2CF16A4F23000096C91 /* ImageView Test */ = {
			isa = PBXGroup;
			children = (
				AB00F2D016A4F23000096C91 /* AppDelegate.h */,
				AB00F2D116A4F23000096C91 /* AppDelegate.m */,
				AB00F2D216A4F23000096C91 /* Credits.rtf */,
				AB00F2D416A4F23000096C91 /* InfoPlist.strings */,
				AB00F2D616A4F23000096C91 /* MainMenu.xib */,
				AB00F2D816A4F23000096C91 /* ImageView Test-Info.plist */,
				AB00F2D916A4F23000096C91 /* ImageView Test-Prefix.pch */,
				AB00F2DA16A4F23000096C91 /* main.m */,
			);
			path = "ImageView Test";
			sourceTree = "<group>";
		};
		AB00F2DC16A4F23000096C91 /* Products */ = {
			isa = PBXGroup;
			children = (
				AB00F30B16A4F23100096C91 /* ImageView Test.app */,
			);
			name = Products;
			sourceTree = "<group>";
		};
		AB00F2DE16A4F23000096C91 /* BTRPopUpButton */ = {
			isa = PBXGroup;
			children = (
				AB00F2DF16A4F23000096C91 /* Popup Button Demo */,
			);
			path = BTRPopUpButton;
			sourceTree = "<group>";
		};
		AB00F2DF16A4F23000096C91 /* Popup Button Demo */ = {
			isa = PBXGroup;
			children = (
				AB00F2E016A4F23000096C91 /* Popup Button Demo */,
				AB00F2EC16A4F23000096C91 /* Popup Button Demo.xcodeproj */,
			);
			path = "Popup Button Demo";
			sourceTree = "<group>";
		};
		AB00F2E016A4F23000096C91 /* Popup Button Demo */ = {
			isa = PBXGroup;
			children = (
				AB00F2E116A4F23000096C91 /* AppDelegate.h */,
				AB00F2E216A4F23000096C91 /* AppDelegate.m */,
				AB00F2E316A4F23000096C91 /* Credits.rtf */,
				AB00F2E516A4F23000096C91 /* InfoPlist.strings */,
				AB00F2E716A4F23000096C91 /* MainMenu.xib */,
				AB00F2E916A4F23000096C91 /* main.m */,
				AB00F2EA16A4F23000096C91 /* Popup Button Demo-Info.plist */,
				AB00F2EB16A4F23000096C91 /* Popup Button Demo-Prefix.pch */,
			);
			path = "Popup Button Demo";
			sourceTree = "<group>";
		};
		AB00F2ED16A4F23000096C91 /* Products */ = {
			isa = PBXGroup;
			children = (
				AB00F30E16A4F23100096C91 /* Popup Button Demo.app */,
			);
			name = Products;
			sourceTree = "<group>";
		};
		AB00F2EF16A4F23100096C91 /* BTRTextField */ = {
			isa = PBXGroup;
			children = (
				AB00F2F016A4F23100096C91 /* TextFieldDemo */,
			);
			path = BTRTextField;
			sourceTree = "<group>";
		};
		AB00F2F016A4F23100096C91 /* TextFieldDemo */ = {
			isa = PBXGroup;
			children = (
				AB00F2F116A4F23100096C91 /* TextFieldDemo */,
				AB00F2FD16A4F23100096C91 /* TextFieldDemo.xcodeproj */,
			);
			path = TextFieldDemo;
			sourceTree = "<group>";
		};
		AB00F2F116A4F23100096C91 /* TextFieldDemo */ = {
			isa = PBXGroup;
			children = (
				AB00F2F216A4F23100096C91 /* AppDelegate.h */,
				AB00F2F316A4F23100096C91 /* AppDelegate.m */,
				AB00F2F416A4F23100096C91 /* Credits.rtf */,
				AB00F2F616A4F23100096C91 /* InfoPlist.strings */,
				AB00F2F816A4F23100096C91 /* MainMenu.xib */,
				AB00F2FA16A4F23100096C91 /* main.m */,
				AB00F2FB16A4F23100096C91 /* TextFieldDemo-Info.plist */,
				AB00F2FC16A4F23100096C91 /* TextFieldDemo-Prefix.pch */,
			);
			path = TextFieldDemo;
			sourceTree = "<group>";
		};
		AB00F2FE16A4F23100096C91 /* Products */ = {
			isa = PBXGroup;
			children = (
				AB00F31116A4F23100096C91 /* TextFieldDemo.app */,
			);
			name = Products;
			sourceTree = "<group>";
		};
		AB5A1A5D17991E31003FF742 /* Private */ = {
			isa = PBXGroup;
			children = (
				AB5A1A5E17991E3A003FF742 /* BTRControlAction.h */,
				AB5A1A5F17991E3A003FF742 /* BTRControlAction.m */,
			);
			name = Private;
			sourceTree = "<group>";
		};
		ABA67795168C03FA006DD644 /* BTRActivityIndicator */ = {
			isa = PBXGroup;
			children = (
				ABEC314016A3CF5D00919EED /* BTRActivityIndicator.h */,
				ABEC314116A3CF5D00919EED /* BTRActivityIndicator.m */,
			);
			path = BTRActivityIndicator;
			sourceTree = "<group>";
		};
		ABACCA35167AD439003EFDD6 /* Extensions */ = {
			isa = PBXGroup;
			children = (
				035B5C1816A367EC0098CB09 /* BTRGeometryAdditions.h */,
				ABACCA38167AD439003EFDD6 /* BTRClipView.h */,
				ABACCA39167AD439003EFDD6 /* BTRClipView.m */,
				ABACCA3A167AD439003EFDD6 /* BTRScrollView.h */,
				ABACCA3B167AD439003EFDD6 /* BTRScrollView.m */,
				ABACCA3C167AD439003EFDD6 /* BTRView.h */,
				ABACCA3D167AD439003EFDD6 /* BTRView.m */,
				03E41480167B03D800EACE0F /* BTRCommon.h */,
			);
			path = Extensions;
			sourceTree = "<group>";
		};
		ABB9D73D167BD6C800ECB31D /* BTRControl */ = {
			isa = PBXGroup;
			children = (
				AB5A1A5D17991E31003FF742 /* Private */,
				ABEC314816A3CF7B00919EED /* BTRControl.h */,
				ABEC314916A3CF7B00919EED /* BTRControl.m */,
			);
			name = BTRControl;
			sourceTree = "<group>";
		};
		ABE93937167993DB00A7A1B8 /* BTRImageView */ = {
			isa = PBXGroup;
			children = (
				ABEC314C16A3CF8100919EED /* BTRImageView.h */,
				ABEC314D16A3CF8100919EED /* BTRImageView.m */,
				AB5A1A4317966E19003FF742 /* BTRImage.h */,
				AB5A1A4417966E19003FF742 /* BTRImage.m */,
			);
			name = BTRImageView;
			sourceTree = "<group>";
		};
		ABECF05C1685390500BED126 /* BTRButton */ = {
			isa = PBXGroup;
			children = (
				ABEC314416A3CF7300919EED /* BTRButton.h */,
				ABEC314516A3CF7300919EED /* BTRButton.m */,
			);
			name = BTRButton;
			sourceTree = "<group>";
		};
		ABECF06D16855FA400BED126 /* BTRTextField */ = {
			isa = PBXGroup;
			children = (
				ABEC315C16A3CFA000919EED /* BTRTextField.h */,
				ABEC315D16A3CFA000919EED /* BTRTextField.m */,
			);
			name = BTRTextField;
			sourceTree = "<group>";
		};
		ABECF06E16855FB000BED126 /* BTRLabel */ = {
			isa = PBXGroup;
			children = (
				ABEC315016A3CF8800919EED /* BTRLabel.h */,
				ABEC315116A3CF8800919EED /* BTRLabel.m */,
			);
			name = BTRLabel;
			sourceTree = "<group>";
		};
/* End PBXGroup section */

/* Begin PBXHeadersBuildPhase section */
		03239EAF1672E6D6004263D7 /* Headers */ = {
			isa = PBXHeadersBuildPhase;
			buildActionMask = 2147483647;
			files = (
				03239F6B1672E712004263D7 /* Butter.h in Headers */,
				AB5A1A6017991E3A003FF742 /* BTRControlAction.h in Headers */,
				AB5A1A4517966E19003FF742 /* BTRImage.h in Headers */,
				ABACCA3E167AD439003EFDD6 /* NSView+BTRAdditions.h in Headers */,
				ABACCA40167AD439003EFDD6 /* BTRClipView.h in Headers */,
				ABACCA42167AD439003EFDD6 /* BTRScrollView.h in Headers */,
				ABACCA44167AD439003EFDD6 /* BTRView.h in Headers */,
				03C1BE9317967060008AAC0B /* NSImage+BTRImageAdditions.h in Headers */,
				ABEC314616A3CF7300919EED /* BTRButton.h in Headers */,
				ABEC315E16A3CFA000919EED /* BTRTextField.h in Headers */,
				ABEC314A16A3CF7B00919EED /* BTRControl.h in Headers */,
				ABEC315A16A3CF9A00919EED /* BTRSecureTextField.h in Headers */,
				ABEC315216A3CF8800919EED /* BTRLabel.h in Headers */,
				ABEC315616A3CF8E00919EED /* BTRPopUpButton.h in Headers */,
				ABEC314216A3CF5D00919EED /* BTRActivityIndicator.h in Headers */,
				ABEC314E16A3CF8100919EED /* BTRImageView.h in Headers */,
				035B5C1916A367EC0098CB09 /* BTRGeometryAdditions.h in Headers */,
				03E41481167B03DB00EACE0F /* BTRCommon.h in Headers */,
			);
			runOnlyForDeploymentPostprocessing = 0;
		};
/* End PBXHeadersBuildPhase section */

/* Begin PBXNativeTarget section */
		03239EB11672E6D6004263D7 /* Butter */ = {
			isa = PBXNativeTarget;
			buildConfigurationList = 03239EC71672E6D6004263D7 /* Build configuration list for PBXNativeTarget "Butter" */;
			buildPhases = (
				03239EAD1672E6D6004263D7 /* Sources */,
				03239EAE1672E6D6004263D7 /* Frameworks */,
				03239EAF1672E6D6004263D7 /* Headers */,
				03239EB01672E6D6004263D7 /* Resources */,
				03FA6FFC1674631E00491A1D /* CopyFiles */,
			);
			buildRules = (
			);
			dependencies = (
			);
			name = Butter;
			productName = Butter;
			productReference = 03239EB21672E6D6004263D7 /* Butter.framework */;
			productType = "com.apple.product-type.framework";
		};
/* End PBXNativeTarget section */

/* Begin PBXProject section */
		03239EA81672E6D6004263D7 /* Project object */ = {
			isa = PBXProject;
			attributes = {
				CLASSPREFIX = BTR;
				LastUpgradeCheck = 0450;
				ORGANIZATIONNAME = ButterKit;
			};
			buildConfigurationList = 03239EAB1672E6D6004263D7 /* Build configuration list for PBXProject "Butter" */;
			compatibilityVersion = "Xcode 3.2";
			developmentRegion = English;
			hasScannedForEncodings = 0;
			knownRegions = (
				en,
			);
			mainGroup = 03239EA61672E6D6004263D7;
			productRefGroup = 03239EB31672E6D6004263D7 /* Products */;
			projectDirPath = "";
			projectReferences = (
				{
					ProductGroup = AB00F2A916A4F23000096C91 /* Products */;
					ProjectRef = AB00F2A816A4F23000096C91 /* ActivityIndicator Demo.xcodeproj */;
				},
				{
					ProductGroup = AB00F2BA16A4F23000096C91 /* Products */;
					ProjectRef = AB00F2B916A4F23000096C91 /* ButtonDemo.xcodeproj */;
				},
				{
					ProductGroup = AB00F2CB16A4F23000096C91 /* Products */;
					ProjectRef = AB00F2CA16A4F23000096C91 /* ControlEvents.xcodeproj */;
				},
				{
					ProductGroup = AB00F2DC16A4F23000096C91 /* Products */;
					ProjectRef = AB00F2DB16A4F23000096C91 /* ImageView Test.xcodeproj */;
				},
				{
					ProductGroup = AB00F2ED16A4F23000096C91 /* Products */;
					ProjectRef = AB00F2EC16A4F23000096C91 /* Popup Button Demo.xcodeproj */;
				},
				{
					ProductGroup = AB00F2FE16A4F23100096C91 /* Products */;
					ProjectRef = AB00F2FD16A4F23100096C91 /* TextFieldDemo.xcodeproj */;
				},
			);
			projectRoot = "";
			targets = (
				03239EB11672E6D6004263D7 /* Butter */,
			);
		};
/* End PBXProject section */

/* Begin PBXReferenceProxy section */
		AB00F30216A4F23100096C91 /* ActivityIndicator Demo.app */ = {
			isa = PBXReferenceProxy;
			fileType = wrapper.application;
			path = "ActivityIndicator Demo.app";
			remoteRef = AB00F30116A4F23100096C91 /* PBXContainerItemProxy */;
			sourceTree = BUILT_PRODUCTS_DIR;
		};
		AB00F30516A4F23100096C91 /* ButtonDemo.app */ = {
			isa = PBXReferenceProxy;
			fileType = wrapper.application;
			path = ButtonDemo.app;
			remoteRef = AB00F30416A4F23100096C91 /* PBXContainerItemProxy */;
			sourceTree = BUILT_PRODUCTS_DIR;
		};
		AB00F30816A4F23100096C91 /* ControlEvents.app */ = {
			isa = PBXReferenceProxy;
			fileType = wrapper.application;
			path = ControlEvents.app;
			remoteRef = AB00F30716A4F23100096C91 /* PBXContainerItemProxy */;
			sourceTree = BUILT_PRODUCTS_DIR;
		};
		AB00F30B16A4F23100096C91 /* ImageView Test.app */ = {
			isa = PBXReferenceProxy;
			fileType = wrapper.application;
			path = "ImageView Test.app";
			remoteRef = AB00F30A16A4F23100096C91 /* PBXContainerItemProxy */;
			sourceTree = BUILT_PRODUCTS_DIR;
		};
		AB00F30E16A4F23100096C91 /* Popup Button Demo.app */ = {
			isa = PBXReferenceProxy;
			fileType = wrapper.application;
			path = "Popup Button Demo.app";
			remoteRef = AB00F30D16A4F23100096C91 /* PBXContainerItemProxy */;
			sourceTree = BUILT_PRODUCTS_DIR;
		};
		AB00F31116A4F23100096C91 /* TextFieldDemo.app */ = {
			isa = PBXReferenceProxy;
			fileType = wrapper.application;
			path = TextFieldDemo.app;
			remoteRef = AB00F31016A4F23100096C91 /* PBXContainerItemProxy */;
			sourceTree = BUILT_PRODUCTS_DIR;
		};
/* End PBXReferenceProxy section */

/* Begin PBXResourcesBuildPhase section */
		03239EB01672E6D6004263D7 /* Resources */ = {
			isa = PBXResourcesBuildPhase;
			buildActionMask = 2147483647;
			files = (
				03239EC01672E6D6004263D7 /* InfoPlist.strings in Resources */,
			);
			runOnlyForDeploymentPostprocessing = 0;
		};
/* End PBXResourcesBuildPhase section */

/* Begin PBXSourcesBuildPhase section */
		03239EAD1672E6D6004263D7 /* Sources */ = {
			isa = PBXSourcesBuildPhase;
			buildActionMask = 2147483647;
			files = (
				ABACCA3F167AD439003EFDD6 /* NSView+BTRAdditions.m in Sources */,
				03C1BE9417967060008AAC0B /* NSImage+BTRImageAdditions.m in Sources */,
				ABACCA41167AD439003EFDD6 /* BTRClipView.m in Sources */,
				ABACCA43167AD439003EFDD6 /* BTRScrollView.m in Sources */,
				ABACCA45167AD439003EFDD6 /* BTRView.m in Sources */,
				ABEC314316A3CF5D00919EED /* BTRActivityIndicator.m in Sources */,
				ABEC314716A3CF7300919EED /* BTRButton.m in Sources */,
				ABEC314B16A3CF7B00919EED /* BTRControl.m in Sources */,
				AB5A1A6117991E3A003FF742 /* BTRControlAction.m in Sources */,
				ABEC314F16A3CF8100919EED /* BTRImageView.m in Sources */,
				ABEC315316A3CF8800919EED /* BTRLabel.m in Sources */,
				ABEC315716A3CF8E00919EED /* BTRPopUpButton.m in Sources */,
				ABEC315B16A3CF9A00919EED /* BTRSecureTextField.m in Sources */,
				ABEC315F16A3CFA000919EED /* BTRTextField.m in Sources */,
				AB5A1A4617966E19003FF742 /* BTRImage.m in Sources */,
			);
			runOnlyForDeploymentPostprocessing = 0;
		};
/* End PBXSourcesBuildPhase section */

/* Begin PBXVariantGroup section */
		03239EBE1672E6D6004263D7 /* InfoPlist.strings */ = {
			isa = PBXVariantGroup;
			children = (
				03239EBF1672E6D6004263D7 /* en */,
			);
			name = InfoPlist.strings;
			sourceTree = "<group>";
		};
		AB00F2A116A4F23000096C91 /* Credits.rtf */ = {
			isa = PBXVariantGroup;
			children = (
				AB00F2A216A4F23000096C91 /* en */,
			);
			name = Credits.rtf;
			sourceTree = "<group>";
		};
		AB00F2A316A4F23000096C91 /* InfoPlist.strings */ = {
			isa = PBXVariantGroup;
			children = (
				AB00F2A416A4F23000096C91 /* en */,
			);
			name = InfoPlist.strings;
			sourceTree = "<group>";
		};
		AB00F2A516A4F23000096C91 /* MainMenu.xib */ = {
			isa = PBXVariantGroup;
			children = (
				AB00F2A616A4F23000096C91 /* en */,
			);
			name = MainMenu.xib;
			sourceTree = "<group>";
		};
		AB00F2B216A4F23000096C91 /* Credits.rtf */ = {
			isa = PBXVariantGroup;
			children = (
				AB00F2B316A4F23000096C91 /* en */,
			);
			name = Credits.rtf;
			sourceTree = "<group>";
		};
		AB00F2B416A4F23000096C91 /* InfoPlist.strings */ = {
			isa = PBXVariantGroup;
			children = (
				AB00F2B516A4F23000096C91 /* en */,
			);
			name = InfoPlist.strings;
			sourceTree = "<group>";
		};
		AB00F2B616A4F23000096C91 /* MainMenu.xib */ = {
			isa = PBXVariantGroup;
			children = (
				AB00F2B716A4F23000096C91 /* en */,
			);
			name = MainMenu.xib;
			sourceTree = "<group>";
		};
		AB00F2C316A4F23000096C91 /* Credits.rtf */ = {
			isa = PBXVariantGroup;
			children = (
				AB00F2C416A4F23000096C91 /* en */,
			);
			name = Credits.rtf;
			sourceTree = "<group>";
		};
		AB00F2C516A4F23000096C91 /* InfoPlist.strings */ = {
			isa = PBXVariantGroup;
			children = (
				AB00F2C616A4F23000096C91 /* en */,
			);
			name = InfoPlist.strings;
			sourceTree = "<group>";
		};
		AB00F2C716A4F23000096C91 /* MainMenu.xib */ = {
			isa = PBXVariantGroup;
			children = (
				AB00F2C816A4F23000096C91 /* en */,
			);
			name = MainMenu.xib;
			sourceTree = "<group>";
		};
		AB00F2D216A4F23000096C91 /* Credits.rtf */ = {
			isa = PBXVariantGroup;
			children = (
				AB00F2D316A4F23000096C91 /* en */,
			);
			name = Credits.rtf;
			sourceTree = "<group>";
		};
		AB00F2D416A4F23000096C91 /* InfoPlist.strings */ = {
			isa = PBXVariantGroup;
			children = (
				AB00F2D516A4F23000096C91 /* en */,
			);
			name = InfoPlist.strings;
			sourceTree = "<group>";
		};
		AB00F2D616A4F23000096C91 /* MainMenu.xib */ = {
			isa = PBXVariantGroup;
			children = (
				AB00F2D716A4F23000096C91 /* en */,
			);
			name = MainMenu.xib;
			sourceTree = "<group>";
		};
		AB00F2E316A4F23000096C91 /* Credits.rtf */ = {
			isa = PBXVariantGroup;
			children = (
				AB00F2E416A4F23000096C91 /* en */,
			);
			name = Credits.rtf;
			sourceTree = "<group>";
		};
		AB00F2E516A4F23000096C91 /* InfoPlist.strings */ = {
			isa = PBXVariantGroup;
			children = (
				AB00F2E616A4F23000096C91 /* en */,
			);
			name = InfoPlist.strings;
			sourceTree = "<group>";
		};
		AB00F2E716A4F23000096C91 /* MainMenu.xib */ = {
			isa = PBXVariantGroup;
			children = (
				AB00F2E816A4F23000096C91 /* en */,
			);
			name = MainMenu.xib;
			sourceTree = "<group>";
		};
		AB00F2F416A4F23100096C91 /* Credits.rtf */ = {
			isa = PBXVariantGroup;
			children = (
				AB00F2F516A4F23100096C91 /* en */,
			);
			name = Credits.rtf;
			sourceTree = "<group>";
		};
		AB00F2F616A4F23100096C91 /* InfoPlist.strings */ = {
			isa = PBXVariantGroup;
			children = (
				AB00F2F716A4F23100096C91 /* en */,
			);
			name = InfoPlist.strings;
			sourceTree = "<group>";
		};
		AB00F2F816A4F23100096C91 /* MainMenu.xib */ = {
			isa = PBXVariantGroup;
			children = (
				AB00F2F916A4F23100096C91 /* en */,
			);
			name = MainMenu.xib;
			sourceTree = "<group>";
		};
/* End PBXVariantGroup section */

/* Begin XCBuildConfiguration section */
		03239EC51672E6D6004263D7 /* Debug */ = {
			isa = XCBuildConfiguration;
			buildSettings = {
				ALWAYS_SEARCH_USER_PATHS = NO;
				ARCHS = "$(ARCHS_STANDARD_64_BIT)";
				CLANG_CXX_LANGUAGE_STANDARD = "gnu++0x";
				CLANG_CXX_LIBRARY = "libc++";
				CLANG_ENABLE_OBJC_ARC = YES;
				CLANG_WARN_EMPTY_BODY = YES;
				CLANG_WARN__DUPLICATE_METHOD_MATCH = YES;
				COPY_PHASE_STRIP = NO;
				GCC_C_LANGUAGE_STANDARD = gnu99;
				GCC_DYNAMIC_NO_PIC = NO;
				GCC_ENABLE_OBJC_EXCEPTIONS = YES;
				GCC_OPTIMIZATION_LEVEL = 0;
				GCC_PREPROCESSOR_DEFINITIONS = (
					"DEBUG=1",
					"$(inherited)",
				);
				GCC_SYMBOLS_PRIVATE_EXTERN = NO;
				GCC_WARN_64_TO_32_BIT_CONVERSION = YES;
				GCC_WARN_ABOUT_RETURN_TYPE = YES;
				GCC_WARN_UNINITIALIZED_AUTOS = YES;
				GCC_WARN_UNUSED_VARIABLE = YES;
				MACOSX_DEPLOYMENT_TARGET = 10.8;
				ONLY_ACTIVE_ARCH = YES;
				SDKROOT = macosx;
			};
			name = Debug;
		};
		03239EC61672E6D6004263D7 /* Release */ = {
			isa = XCBuildConfiguration;
			buildSettings = {
				ALWAYS_SEARCH_USER_PATHS = NO;
				ARCHS = "$(ARCHS_STANDARD_64_BIT)";
				CLANG_CXX_LANGUAGE_STANDARD = "gnu++0x";
				CLANG_CXX_LIBRARY = "libc++";
				CLANG_ENABLE_OBJC_ARC = YES;
				CLANG_WARN_EMPTY_BODY = YES;
				CLANG_WARN__DUPLICATE_METHOD_MATCH = YES;
				COPY_PHASE_STRIP = YES;
				DEBUG_INFORMATION_FORMAT = "dwarf-with-dsym";
				GCC_C_LANGUAGE_STANDARD = gnu99;
				GCC_ENABLE_OBJC_EXCEPTIONS = YES;
				GCC_WARN_64_TO_32_BIT_CONVERSION = YES;
				GCC_WARN_ABOUT_RETURN_TYPE = YES;
				GCC_WARN_UNINITIALIZED_AUTOS = YES;
				GCC_WARN_UNUSED_VARIABLE = YES;
				MACOSX_DEPLOYMENT_TARGET = 10.8;
				SDKROOT = macosx;
			};
			name = Release;
		};
		03239EC81672E6D6004263D7 /* Debug */ = {
			isa = XCBuildConfiguration;
			buildSettings = {
				ALWAYS_SEARCH_USER_PATHS = YES;
				COMBINE_HIDPI_IMAGES = YES;
				DYLIB_COMPATIBILITY_VERSION = 1;
				DYLIB_CURRENT_VERSION = 1;
				FRAMEWORK_VERSION = A;
				GCC_PRECOMPILE_PREFIX_HEADER = YES;
				GCC_PREFIX_HEADER = "Butter/Butter-Prefix.pch";
				GCC_WARN_UNUSED_FUNCTION = YES;
				HEADER_SEARCH_PATHS = "";
				INFOPLIST_FILE = "Butter/Butter-Info.plist";
				INSTALL_PATH = "@rpath";
				LD_RUNPATH_SEARCH_PATHS = "@loader_path/../Frameworks";
				PRODUCT_NAME = "$(TARGET_NAME)";
				USER_HEADER_SEARCH_PATHS = "${BUILT_PRODUCTS_DIR}/**";
				WRAPPER_EXTENSION = framework;
			};
			name = Debug;
		};
		03239EC91672E6D6004263D7 /* Release */ = {
			isa = XCBuildConfiguration;
			buildSettings = {
				ALWAYS_SEARCH_USER_PATHS = YES;
				COMBINE_HIDPI_IMAGES = YES;
				DYLIB_COMPATIBILITY_VERSION = 1;
				DYLIB_CURRENT_VERSION = 1;
				FRAMEWORK_VERSION = A;
				GCC_PRECOMPILE_PREFIX_HEADER = YES;
				GCC_PREFIX_HEADER = "Butter/Butter-Prefix.pch";
				GCC_WARN_UNUSED_FUNCTION = YES;
				HEADER_SEARCH_PATHS = "";
				INFOPLIST_FILE = "Butter/Butter-Info.plist";
				INSTALL_PATH = "@rpath";
				LD_RUNPATH_SEARCH_PATHS = "@loader_path/../Frameworks";
				PRODUCT_NAME = "$(TARGET_NAME)";
				USER_HEADER_SEARCH_PATHS = "${BUILT_PRODUCTS_DIR}/**";
				WRAPPER_EXTENSION = framework;
			};
			name = Release;
		};
/* End XCBuildConfiguration section */

/* Begin XCConfigurationList section */
		03239EAB1672E6D6004263D7 /* Build configuration list for PBXProject "Butter" */ = {
			isa = XCConfigurationList;
			buildConfigurations = (
				03239EC51672E6D6004263D7 /* Debug */,
				03239EC61672E6D6004263D7 /* Release */,
			);
			defaultConfigurationIsVisible = 0;
			defaultConfigurationName = Release;
		};
		03239EC71672E6D6004263D7 /* Build configuration list for PBXNativeTarget "Butter" */ = {
			isa = XCConfigurationList;
			buildConfigurations = (
				03239EC81672E6D6004263D7 /* Debug */,
				03239EC91672E6D6004263D7 /* Release */,
			);
			defaultConfigurationIsVisible = 0;
			defaultConfigurationName = Release;
		};
/* End XCConfigurationList section */
	};
	rootObject = 03239EA81672E6D6004263D7 /* Project object */;
}
