// !$*UTF8*$!
{
	archiveVersion = 1;
	classes = {
	};
	objectVersion = 46;
	objects = {

/* Begin PBXBuildFile section */
		03239EB61672E6D6004263D7 /* Cocoa.framework in Frameworks */ = {isa = PBXBuildFile; fileRef = 03239EB51672E6D6004263D7 /* Cocoa.framework */; };
		03239EC01672E6D6004263D7 /* InfoPlist.strings in Resources */ = {isa = PBXBuildFile; fileRef = 03239EBE1672E6D6004263D7 /* InfoPlist.strings */; };
		03239F261672E6E7004263D7 /* BTRCollectionView.h in Headers */ = {isa = PBXBuildFile; fileRef = 03239ECE1672E6E7004263D7 /* BTRCollectionView.h */; settings = {ATTRIBUTES = (Public, ); }; };
		03239F271672E6E7004263D7 /* BTRCollectionView.m in Sources */ = {isa = PBXBuildFile; fileRef = 03239ECF1672E6E7004263D7 /* BTRCollectionView.m */; };
		03239F281672E6E7004263D7 /* BTRCollectionViewCell.h in Headers */ = {isa = PBXBuildFile; fileRef = 03239ED01672E6E7004263D7 /* BTRCollectionViewCell.h */; settings = {ATTRIBUTES = (Public, ); }; };
		03239F291672E6E7004263D7 /* BTRCollectionViewCell.m in Sources */ = {isa = PBXBuildFile; fileRef = 03239ED11672E6E7004263D7 /* BTRCollectionViewCell.m */; };
		03239F2A1672E6E7004263D7 /* BTRCollectionViewClipView.h in Headers */ = {isa = PBXBuildFile; fileRef = 03239ED21672E6E7004263D7 /* BTRCollectionViewClipView.h */; };
		03239F2B1672E6E7004263D7 /* BTRCollectionViewClipView.m in Sources */ = {isa = PBXBuildFile; fileRef = 03239ED31672E6E7004263D7 /* BTRCollectionViewClipView.m */; };
		03239F2C1672E6E7004263D7 /* BTRCollectionViewCommon.h in Headers */ = {isa = PBXBuildFile; fileRef = 03239ED41672E6E7004263D7 /* BTRCollectionViewCommon.h */; };
		03239F2D1672E6E7004263D7 /* BTRCollectionViewData.h in Headers */ = {isa = PBXBuildFile; fileRef = 03239ED51672E6E7004263D7 /* BTRCollectionViewData.h */; };
		03239F2E1672E6E7004263D7 /* BTRCollectionViewData.m in Sources */ = {isa = PBXBuildFile; fileRef = 03239ED61672E6E7004263D7 /* BTRCollectionViewData.m */; };
		03239F2F1672E6E7004263D7 /* BTRCollectionViewFlowLayout.h in Headers */ = {isa = PBXBuildFile; fileRef = 03239ED71672E6E7004263D7 /* BTRCollectionViewFlowLayout.h */; settings = {ATTRIBUTES = (Public, ); }; };
		03239F301672E6E7004263D7 /* BTRCollectionViewFlowLayout.m in Sources */ = {isa = PBXBuildFile; fileRef = 03239ED81672E6E7004263D7 /* BTRCollectionViewFlowLayout.m */; };
		03239F311672E6E7004263D7 /* BTRCollectionViewItemKey.h in Headers */ = {isa = PBXBuildFile; fileRef = 03239ED91672E6E7004263D7 /* BTRCollectionViewItemKey.h */; };
		03239F321672E6E7004263D7 /* BTRCollectionViewItemKey.m in Sources */ = {isa = PBXBuildFile; fileRef = 03239EDA1672E6E7004263D7 /* BTRCollectionViewItemKey.m */; };
		03239F331672E6E7004263D7 /* BTRCollectionViewLayout.h in Headers */ = {isa = PBXBuildFile; fileRef = 03239EDB1672E6E7004263D7 /* BTRCollectionViewLayout.h */; settings = {ATTRIBUTES = (Public, ); }; };
		03239F341672E6E7004263D7 /* BTRCollectionViewLayout.m in Sources */ = {isa = PBXBuildFile; fileRef = 03239EDC1672E6E7004263D7 /* BTRCollectionViewLayout.m */; };
		03239F351672E6E7004263D7 /* BTRCollectionViewScrollView.h in Headers */ = {isa = PBXBuildFile; fileRef = 03239EDD1672E6E7004263D7 /* BTRCollectionViewScrollView.h */; };
		03239F361672E6E7004263D7 /* BTRCollectionViewScrollView.m in Sources */ = {isa = PBXBuildFile; fileRef = 03239EDE1672E6E7004263D7 /* BTRCollectionViewScrollView.m */; };
		03239F371672E6E7004263D7 /* BTRCollectionViewUpdateItem.h in Headers */ = {isa = PBXBuildFile; fileRef = 03239EDF1672E6E7004263D7 /* BTRCollectionViewUpdateItem.h */; };
		03239F381672E6E7004263D7 /* BTRCollectionViewUpdateItem.m in Sources */ = {isa = PBXBuildFile; fileRef = 03239EE01672E6E7004263D7 /* BTRCollectionViewUpdateItem.m */; };
		03239F391672E6E7004263D7 /* BTRGeometryAdditions.h in Headers */ = {isa = PBXBuildFile; fileRef = 03239EE11672E6E7004263D7 /* BTRGeometryAdditions.h */; };
		03239F3A1672E6E7004263D7 /* BTRGridLayoutInfo.h in Headers */ = {isa = PBXBuildFile; fileRef = 03239EE21672E6E7004263D7 /* BTRGridLayoutInfo.h */; };
		03239F3B1672E6E7004263D7 /* BTRGridLayoutInfo.m in Sources */ = {isa = PBXBuildFile; fileRef = 03239EE31672E6E7004263D7 /* BTRGridLayoutInfo.m */; };
		03239F3C1672E6E7004263D7 /* BTRGridLayoutItem.h in Headers */ = {isa = PBXBuildFile; fileRef = 03239EE41672E6E7004263D7 /* BTRGridLayoutItem.h */; };
		03239F3D1672E6E7004263D7 /* BTRGridLayoutItem.m in Sources */ = {isa = PBXBuildFile; fileRef = 03239EE51672E6E7004263D7 /* BTRGridLayoutItem.m */; };
		03239F3E1672E6E7004263D7 /* BTRGridLayoutRow.h in Headers */ = {isa = PBXBuildFile; fileRef = 03239EE61672E6E7004263D7 /* BTRGridLayoutRow.h */; };
		03239F3F1672E6E7004263D7 /* BTRGridLayoutRow.m in Sources */ = {isa = PBXBuildFile; fileRef = 03239EE71672E6E7004263D7 /* BTRGridLayoutRow.m */; };
		03239F401672E6E7004263D7 /* BTRGridLayoutSection.h in Headers */ = {isa = PBXBuildFile; fileRef = 03239EE81672E6E7004263D7 /* BTRGridLayoutSection.h */; };
		03239F411672E6E7004263D7 /* BTRGridLayoutSection.m in Sources */ = {isa = PBXBuildFile; fileRef = 03239EE91672E6E7004263D7 /* BTRGridLayoutSection.m */; };
		03239F421672E6E7004263D7 /* NSIndexPath+BTRCollectionViewAdditions.h in Headers */ = {isa = PBXBuildFile; fileRef = 03239EEA1672E6E7004263D7 /* NSIndexPath+BTRCollectionViewAdditions.h */; settings = {ATTRIBUTES = (Public, ); }; };
		03239F431672E6E7004263D7 /* NSIndexPath+BTRCollectionViewAdditions.m in Sources */ = {isa = PBXBuildFile; fileRef = 03239EEB1672E6E7004263D7 /* NSIndexPath+BTRCollectionViewAdditions.m */; };
		03239F441672E6E7004263D7 /* NSValue+BTRCollectionViewAdditions.h in Headers */ = {isa = PBXBuildFile; fileRef = 03239EEC1672E6E7004263D7 /* NSValue+BTRCollectionViewAdditions.h */; settings = {ATTRIBUTES = (Public, ); }; };
		03239F451672E6E7004263D7 /* NSValue+BTRCollectionViewAdditions.m in Sources */ = {isa = PBXBuildFile; fileRef = 03239EED1672E6E7004263D7 /* NSValue+BTRCollectionViewAdditions.m */; };
		03239F461672E6E7004263D7 /* NSView+BTRCollectionViewAdditions.h in Headers */ = {isa = PBXBuildFile; fileRef = 03239EEE1672E6E7004263D7 /* NSView+BTRCollectionViewAdditions.h */; settings = {ATTRIBUTES = (Public, ); }; };
		03239F471672E6E7004263D7 /* NSView+BTRCollectionViewAdditions.m in Sources */ = {isa = PBXBuildFile; fileRef = 03239EEF1672E6E7004263D7 /* NSView+BTRCollectionViewAdditions.m */; };
		03239F6B1672E712004263D7 /* ButterKit.h in Headers */ = {isa = PBXBuildFile; fileRef = 03239F6A1672E712004263D7 /* ButterKit.h */; settings = {ATTRIBUTES = (Public, ); }; };
		03239F7F1672E7C8004263D7 /* QuartzCore.framework in Frameworks */ = {isa = PBXBuildFile; fileRef = 03239F7E1672E7C8004263D7 /* QuartzCore.framework */; };
/* End PBXBuildFile section */

/* Begin PBXFileReference section */
		03239EB21672E6D6004263D7 /* Butter.framework */ = {isa = PBXFileReference; explicitFileType = wrapper.framework; includeInIndex = 0; path = Butter.framework; sourceTree = BUILT_PRODUCTS_DIR; };
		03239EB51672E6D6004263D7 /* Cocoa.framework */ = {isa = PBXFileReference; lastKnownFileType = wrapper.framework; name = Cocoa.framework; path = System/Library/Frameworks/Cocoa.framework; sourceTree = SDKROOT; };
		03239EB81672E6D6004263D7 /* AppKit.framework */ = {isa = PBXFileReference; lastKnownFileType = wrapper.framework; name = AppKit.framework; path = System/Library/Frameworks/AppKit.framework; sourceTree = SDKROOT; };
		03239EB91672E6D6004263D7 /* CoreData.framework */ = {isa = PBXFileReference; lastKnownFileType = wrapper.framework; name = CoreData.framework; path = System/Library/Frameworks/CoreData.framework; sourceTree = SDKROOT; };
		03239EBA1672E6D6004263D7 /* Foundation.framework */ = {isa = PBXFileReference; lastKnownFileType = wrapper.framework; name = Foundation.framework; path = System/Library/Frameworks/Foundation.framework; sourceTree = SDKROOT; };
		03239EBD1672E6D6004263D7 /* Butter-Info.plist */ = {isa = PBXFileReference; lastKnownFileType = text.plist.xml; path = "Butter-Info.plist"; sourceTree = "<group>"; };
		03239EBF1672E6D6004263D7 /* en */ = {isa = PBXFileReference; lastKnownFileType = text.plist.strings; name = en; path = en.lproj/InfoPlist.strings; sourceTree = "<group>"; };
		03239EC11672E6D6004263D7 /* Butter-Prefix.pch */ = {isa = PBXFileReference; lastKnownFileType = sourcecode.c.h; path = "Butter-Prefix.pch"; sourceTree = "<group>"; };
		03239ECE1672E6E7004263D7 /* BTRCollectionView.h */ = {isa = PBXFileReference; fileEncoding = 4; lastKnownFileType = sourcecode.c.h; path = BTRCollectionView.h; sourceTree = "<group>"; };
		03239ECF1672E6E7004263D7 /* BTRCollectionView.m */ = {isa = PBXFileReference; fileEncoding = 4; lastKnownFileType = sourcecode.c.objc; path = BTRCollectionView.m; sourceTree = "<group>"; };
		03239ED01672E6E7004263D7 /* BTRCollectionViewCell.h */ = {isa = PBXFileReference; fileEncoding = 4; lastKnownFileType = sourcecode.c.h; path = BTRCollectionViewCell.h; sourceTree = "<group>"; };
		03239ED11672E6E7004263D7 /* BTRCollectionViewCell.m */ = {isa = PBXFileReference; fileEncoding = 4; lastKnownFileType = sourcecode.c.objc; path = BTRCollectionViewCell.m; sourceTree = "<group>"; };
		03239ED21672E6E7004263D7 /* BTRCollectionViewClipView.h */ = {isa = PBXFileReference; fileEncoding = 4; lastKnownFileType = sourcecode.c.h; path = BTRCollectionViewClipView.h; sourceTree = "<group>"; };
		03239ED31672E6E7004263D7 /* BTRCollectionViewClipView.m */ = {isa = PBXFileReference; fileEncoding = 4; lastKnownFileType = sourcecode.c.objc; path = BTRCollectionViewClipView.m; sourceTree = "<group>"; };
		03239ED41672E6E7004263D7 /* BTRCollectionViewCommon.h */ = {isa = PBXFileReference; fileEncoding = 4; lastKnownFileType = sourcecode.c.h; path = BTRCollectionViewCommon.h; sourceTree = "<group>"; };
		03239ED51672E6E7004263D7 /* BTRCollectionViewData.h */ = {isa = PBXFileReference; fileEncoding = 4; lastKnownFileType = sourcecode.c.h; path = BTRCollectionViewData.h; sourceTree = "<group>"; };
		03239ED61672E6E7004263D7 /* BTRCollectionViewData.m */ = {isa = PBXFileReference; fileEncoding = 4; lastKnownFileType = sourcecode.c.objc; path = BTRCollectionViewData.m; sourceTree = "<group>"; };
		03239ED71672E6E7004263D7 /* BTRCollectionViewFlowLayout.h */ = {isa = PBXFileReference; fileEncoding = 4; lastKnownFileType = sourcecode.c.h; path = BTRCollectionViewFlowLayout.h; sourceTree = "<group>"; };
		03239ED81672E6E7004263D7 /* BTRCollectionViewFlowLayout.m */ = {isa = PBXFileReference; fileEncoding = 4; lastKnownFileType = sourcecode.c.objc; path = BTRCollectionViewFlowLayout.m; sourceTree = "<group>"; };
		03239ED91672E6E7004263D7 /* BTRCollectionViewItemKey.h */ = {isa = PBXFileReference; fileEncoding = 4; lastKnownFileType = sourcecode.c.h; path = BTRCollectionViewItemKey.h; sourceTree = "<group>"; };
		03239EDA1672E6E7004263D7 /* BTRCollectionViewItemKey.m */ = {isa = PBXFileReference; fileEncoding = 4; lastKnownFileType = sourcecode.c.objc; path = BTRCollectionViewItemKey.m; sourceTree = "<group>"; };
		03239EDB1672E6E7004263D7 /* BTRCollectionViewLayout.h */ = {isa = PBXFileReference; fileEncoding = 4; lastKnownFileType = sourcecode.c.h; path = BTRCollectionViewLayout.h; sourceTree = "<group>"; };
		03239EDC1672E6E7004263D7 /* BTRCollectionViewLayout.m */ = {isa = PBXFileReference; fileEncoding = 4; lastKnownFileType = sourcecode.c.objc; path = BTRCollectionViewLayout.m; sourceTree = "<group>"; };
		03239EDD1672E6E7004263D7 /* BTRCollectionViewScrollView.h */ = {isa = PBXFileReference; fileEncoding = 4; lastKnownFileType = sourcecode.c.h; path = BTRCollectionViewScrollView.h; sourceTree = "<group>"; };
		03239EDE1672E6E7004263D7 /* BTRCollectionViewScrollView.m */ = {isa = PBXFileReference; fileEncoding = 4; lastKnownFileType = sourcecode.c.objc; path = BTRCollectionViewScrollView.m; sourceTree = "<group>"; };
		03239EDF1672E6E7004263D7 /* BTRCollectionViewUpdateItem.h */ = {isa = PBXFileReference; fileEncoding = 4; lastKnownFileType = sourcecode.c.h; path = BTRCollectionViewUpdateItem.h; sourceTree = "<group>"; };
		03239EE01672E6E7004263D7 /* BTRCollectionViewUpdateItem.m */ = {isa = PBXFileReference; fileEncoding = 4; lastKnownFileType = sourcecode.c.objc; path = BTRCollectionViewUpdateItem.m; sourceTree = "<group>"; };
		03239EE11672E6E7004263D7 /* BTRGeometryAdditions.h */ = {isa = PBXFileReference; fileEncoding = 4; lastKnownFileType = sourcecode.c.h; path = BTRGeometryAdditions.h; sourceTree = "<group>"; };
		03239EE21672E6E7004263D7 /* BTRGridLayoutInfo.h */ = {isa = PBXFileReference; fileEncoding = 4; lastKnownFileType = sourcecode.c.h; path = BTRGridLayoutInfo.h; sourceTree = "<group>"; };
		03239EE31672E6E7004263D7 /* BTRGridLayoutInfo.m */ = {isa = PBXFileReference; fileEncoding = 4; lastKnownFileType = sourcecode.c.objc; path = BTRGridLayoutInfo.m; sourceTree = "<group>"; };
		03239EE41672E6E7004263D7 /* BTRGridLayoutItem.h */ = {isa = PBXFileReference; fileEncoding = 4; lastKnownFileType = sourcecode.c.h; path = BTRGridLayoutItem.h; sourceTree = "<group>"; };
		03239EE51672E6E7004263D7 /* BTRGridLayoutItem.m */ = {isa = PBXFileReference; fileEncoding = 4; lastKnownFileType = sourcecode.c.objc; path = BTRGridLayoutItem.m; sourceTree = "<group>"; };
		03239EE61672E6E7004263D7 /* BTRGridLayoutRow.h */ = {isa = PBXFileReference; fileEncoding = 4; lastKnownFileType = sourcecode.c.h; path = BTRGridLayoutRow.h; sourceTree = "<group>"; };
		03239EE71672E6E7004263D7 /* BTRGridLayoutRow.m */ = {isa = PBXFileReference; fileEncoding = 4; lastKnownFileType = sourcecode.c.objc; path = BTRGridLayoutRow.m; sourceTree = "<group>"; };
		03239EE81672E6E7004263D7 /* BTRGridLayoutSection.h */ = {isa = PBXFileReference; fileEncoding = 4; lastKnownFileType = sourcecode.c.h; path = BTRGridLayoutSection.h; sourceTree = "<group>"; };
		03239EE91672E6E7004263D7 /* BTRGridLayoutSection.m */ = {isa = PBXFileReference; fileEncoding = 4; lastKnownFileType = sourcecode.c.objc; path = BTRGridLayoutSection.m; sourceTree = "<group>"; };
		03239EEA1672E6E7004263D7 /* NSIndexPath+BTRCollectionViewAdditions.h */ = {isa = PBXFileReference; fileEncoding = 4; lastKnownFileType = sourcecode.c.h; path = "NSIndexPath+BTRCollectionViewAdditions.h"; sourceTree = "<group>"; };
		03239EEB1672E6E7004263D7 /* NSIndexPath+BTRCollectionViewAdditions.m */ = {isa = PBXFileReference; fileEncoding = 4; lastKnownFileType = sourcecode.c.objc; path = "NSIndexPath+BTRCollectionViewAdditions.m"; sourceTree = "<group>"; };
		03239EEC1672E6E7004263D7 /* NSValue+BTRCollectionViewAdditions.h */ = {isa = PBXFileReference; fileEncoding = 4; lastKnownFileType = sourcecode.c.h; path = "NSValue+BTRCollectionViewAdditions.h"; sourceTree = "<group>"; };
		03239EED1672E6E7004263D7 /* NSValue+BTRCollectionViewAdditions.m */ = {isa = PBXFileReference; fileEncoding = 4; lastKnownFileType = sourcecode.c.objc; path = "NSValue+BTRCollectionViewAdditions.m"; sourceTree = "<group>"; };
		03239EEE1672E6E7004263D7 /* NSView+BTRCollectionViewAdditions.h */ = {isa = PBXFileReference; fileEncoding = 4; lastKnownFileType = sourcecode.c.h; path = "NSView+BTRCollectionViewAdditions.h"; sourceTree = "<group>"; };
		03239EEF1672E6E7004263D7 /* NSView+BTRCollectionViewAdditions.m */ = {isa = PBXFileReference; fileEncoding = 4; lastKnownFileType = sourcecode.c.objc; path = "NSView+BTRCollectionViewAdditions.m"; sourceTree = "<group>"; };
		03239F6A1672E712004263D7 /* ButterKit.h */ = {isa = PBXFileReference; fileEncoding = 4; lastKnownFileType = sourcecode.c.h; path = ButterKit.h; sourceTree = "<group>"; };
		03239F7E1672E7C8004263D7 /* QuartzCore.framework */ = {isa = PBXFileReference; lastKnownFileType = wrapper.framework; name = QuartzCore.framework; path = System/Library/Frameworks/QuartzCore.framework; sourceTree = SDKROOT; };
/* End PBXFileReference section */

/* Begin PBXFrameworksBuildPhase section */
		03239EAE1672E6D6004263D7 /* Frameworks */ = {
			isa = PBXFrameworksBuildPhase;
			buildActionMask = 2147483647;
			files = (
				03239F7F1672E7C8004263D7 /* QuartzCore.framework in Frameworks */,
				03239EB61672E6D6004263D7 /* Cocoa.framework in Frameworks */,
			);
			runOnlyForDeploymentPostprocessing = 0;
		};
/* End PBXFrameworksBuildPhase section */

/* Begin PBXGroup section */
		03239EA61672E6D6004263D7 = {
			isa = PBXGroup;
			children = (
				03239EBB1672E6D6004263D7 /* Butter */,
				03239EB41672E6D6004263D7 /* Frameworks */,
				03239EB31672E6D6004263D7 /* Products */,
			);
			sourceTree = "<group>";
		};
		03239EB31672E6D6004263D7 /* Products */ = {
			isa = PBXGroup;
			children = (
				03239EB21672E6D6004263D7 /* Butter.framework */,
			);
			name = Products;
			sourceTree = "<group>";
		};
		03239EB41672E6D6004263D7 /* Frameworks */ = {
			isa = PBXGroup;
			children = (
				03239F7E1672E7C8004263D7 /* QuartzCore.framework */,
				03239EB51672E6D6004263D7 /* Cocoa.framework */,
				03239EB71672E6D6004263D7 /* Other Frameworks */,
			);
			name = Frameworks;
			sourceTree = "<group>";
		};
		03239EB71672E6D6004263D7 /* Other Frameworks */ = {
			isa = PBXGroup;
			children = (
				03239EB81672E6D6004263D7 /* AppKit.framework */,
				03239EB91672E6D6004263D7 /* CoreData.framework */,
				03239EBA1672E6D6004263D7 /* Foundation.framework */,
			);
			name = "Other Frameworks";
			sourceTree = "<group>";
		};
		03239EBB1672E6D6004263D7 /* Butter */ = {
			isa = PBXGroup;
			children = (
				03239ECA1672E6DC004263D7 /* Components */,
				03239EBC1672E6D6004263D7 /* Supporting Files */,
				03239F6A1672E712004263D7 /* ButterKit.h */,
			);
			path = Butter;
			sourceTree = "<group>";
		};
		03239EBC1672E6D6004263D7 /* Supporting Files */ = {
			isa = PBXGroup;
			children = (
				03239EBD1672E6D6004263D7 /* Butter-Info.plist */,
				03239EBE1672E6D6004263D7 /* InfoPlist.strings */,
				03239EC11672E6D6004263D7 /* Butter-Prefix.pch */,
			);
			name = "Supporting Files";
			sourceTree = "<group>";
		};
		03239ECA1672E6DC004263D7 /* Components */ = {
			isa = PBXGroup;
			children = (
				03239ECD1672E6E7004263D7 /* BTRCollectionView */,
			);
			name = Components;
			sourceTree = "<group>";
		};
		03239ECD1672E6E7004263D7 /* BTRCollectionView */ = {
			isa = PBXGroup;
			children = (
				03239ECE1672E6E7004263D7 /* BTRCollectionView.h */,
				03239ECF1672E6E7004263D7 /* BTRCollectionView.m */,
				03239ED01672E6E7004263D7 /* BTRCollectionViewCell.h */,
				03239ED11672E6E7004263D7 /* BTRCollectionViewCell.m */,
				03239ED21672E6E7004263D7 /* BTRCollectionViewClipView.h */,
				03239ED31672E6E7004263D7 /* BTRCollectionViewClipView.m */,
				03239ED41672E6E7004263D7 /* BTRCollectionViewCommon.h */,
				03239ED51672E6E7004263D7 /* BTRCollectionViewData.h */,
				03239ED61672E6E7004263D7 /* BTRCollectionViewData.m */,
				03239ED71672E6E7004263D7 /* BTRCollectionViewFlowLayout.h */,
				03239ED81672E6E7004263D7 /* BTRCollectionViewFlowLayout.m */,
				03239ED91672E6E7004263D7 /* BTRCollectionViewItemKey.h */,
				03239EDA1672E6E7004263D7 /* BTRCollectionViewItemKey.m */,
				03239EDB1672E6E7004263D7 /* BTRCollectionViewLayout.h */,
				03239EDC1672E6E7004263D7 /* BTRCollectionViewLayout.m */,
				03239EDD1672E6E7004263D7 /* BTRCollectionViewScrollView.h */,
				03239EDE1672E6E7004263D7 /* BTRCollectionViewScrollView.m */,
				03239EDF1672E6E7004263D7 /* BTRCollectionViewUpdateItem.h */,
				03239EE01672E6E7004263D7 /* BTRCollectionViewUpdateItem.m */,
				03239EE11672E6E7004263D7 /* BTRGeometryAdditions.h */,
				03239EE21672E6E7004263D7 /* BTRGridLayoutInfo.h */,
				03239EE31672E6E7004263D7 /* BTRGridLayoutInfo.m */,
				03239EE41672E6E7004263D7 /* BTRGridLayoutItem.h */,
				03239EE51672E6E7004263D7 /* BTRGridLayoutItem.m */,
				03239EE61672E6E7004263D7 /* BTRGridLayoutRow.h */,
				03239EE71672E6E7004263D7 /* BTRGridLayoutRow.m */,
				03239EE81672E6E7004263D7 /* BTRGridLayoutSection.h */,
				03239EE91672E6E7004263D7 /* BTRGridLayoutSection.m */,
				03239EEA1672E6E7004263D7 /* NSIndexPath+BTRCollectionViewAdditions.h */,
				03239EEB1672E6E7004263D7 /* NSIndexPath+BTRCollectionViewAdditions.m */,
				03239EEC1672E6E7004263D7 /* NSValue+BTRCollectionViewAdditions.h */,
				03239EED1672E6E7004263D7 /* NSValue+BTRCollectionViewAdditions.m */,
				03239EEE1672E6E7004263D7 /* NSView+BTRCollectionViewAdditions.h */,
				03239EEF1672E6E7004263D7 /* NSView+BTRCollectionViewAdditions.m */,
			);
			name = BTRCollectionView;
			path = ../BTRCollectionView/BTRCollectionView;
			sourceTree = "<group>";
		};
/* End PBXGroup section */

/* Begin PBXHeadersBuildPhase section */
		03239EAF1672E6D6004263D7 /* Headers */ = {
			isa = PBXHeadersBuildPhase;
			buildActionMask = 2147483647;
			files = (
				03239F261672E6E7004263D7 /* BTRCollectionView.h in Headers */,
				03239F281672E6E7004263D7 /* BTRCollectionViewCell.h in Headers */,
				03239F2F1672E6E7004263D7 /* BTRCollectionViewFlowLayout.h in Headers */,
				03239F331672E6E7004263D7 /* BTRCollectionViewLayout.h in Headers */,
				03239F421672E6E7004263D7 /* NSIndexPath+BTRCollectionViewAdditions.h in Headers */,
				03239F461672E6E7004263D7 /* NSView+BTRCollectionViewAdditions.h in Headers */,
				03239F441672E6E7004263D7 /* NSValue+BTRCollectionViewAdditions.h in Headers */,
				03239F6B1672E712004263D7 /* ButterKit.h in Headers */,
				03239F2A1672E6E7004263D7 /* BTRCollectionViewClipView.h in Headers */,
				03239F2C1672E6E7004263D7 /* BTRCollectionViewCommon.h in Headers */,
				03239F2D1672E6E7004263D7 /* BTRCollectionViewData.h in Headers */,
				03239F311672E6E7004263D7 /* BTRCollectionViewItemKey.h in Headers */,
				03239F351672E6E7004263D7 /* BTRCollectionViewScrollView.h in Headers */,
				03239F371672E6E7004263D7 /* BTRCollectionViewUpdateItem.h in Headers */,
				03239F391672E6E7004263D7 /* BTRGeometryAdditions.h in Headers */,
				03239F3A1672E6E7004263D7 /* BTRGridLayoutInfo.h in Headers */,
				03239F3C1672E6E7004263D7 /* BTRGridLayoutItem.h in Headers */,
				03239F3E1672E6E7004263D7 /* BTRGridLayoutRow.h in Headers */,
				03239F401672E6E7004263D7 /* BTRGridLayoutSection.h in Headers */,
			);
			runOnlyForDeploymentPostprocessing = 0;
		};
/* End PBXHeadersBuildPhase section */

/* Begin PBXNativeTarget section */
		03239EB11672E6D6004263D7 /* Butter */ = {
			isa = PBXNativeTarget;
			buildConfigurationList = 03239EC71672E6D6004263D7 /* Build configuration list for PBXNativeTarget "Butter" */;
			buildPhases = (
				03239EAD1672E6D6004263D7 /* Sources */,
				03239EAE1672E6D6004263D7 /* Frameworks */,
				03239EAF1672E6D6004263D7 /* Headers */,
				03239EB01672E6D6004263D7 /* Resources */,
			);
			buildRules = (
			);
			dependencies = (
			);
			name = Butter;
			productName = Butter;
			productReference = 03239EB21672E6D6004263D7 /* Butter.framework */;
			productType = "com.apple.product-type.framework";
		};
/* End PBXNativeTarget section */

/* Begin PBXProject section */
		03239EA81672E6D6004263D7 /* Project object */ = {
			isa = PBXProject;
			attributes = {
				CLASSPREFIX = BTR;
				LastUpgradeCheck = 0450;
				ORGANIZATIONNAME = ButterKit;
			};
			buildConfigurationList = 03239EAB1672E6D6004263D7 /* Build configuration list for PBXProject "Butter" */;
			compatibilityVersion = "Xcode 3.2";
			developmentRegion = English;
			hasScannedForEncodings = 0;
			knownRegions = (
				en,
			);
			mainGroup = 03239EA61672E6D6004263D7;
			productRefGroup = 03239EB31672E6D6004263D7 /* Products */;
			projectDirPath = "";
			projectRoot = "";
			targets = (
				03239EB11672E6D6004263D7 /* Butter */,
			);
		};
/* End PBXProject section */

/* Begin PBXResourcesBuildPhase section */
		03239EB01672E6D6004263D7 /* Resources */ = {
			isa = PBXResourcesBuildPhase;
			buildActionMask = 2147483647;
			files = (
				03239EC01672E6D6004263D7 /* InfoPlist.strings in Resources */,
			);
			runOnlyForDeploymentPostprocessing = 0;
		};
/* End PBXResourcesBuildPhase section */

/* Begin PBXSourcesBuildPhase section */
		03239EAD1672E6D6004263D7 /* Sources */ = {
			isa = PBXSourcesBuildPhase;
			buildActionMask = 2147483647;
			files = (
				03239F271672E6E7004263D7 /* BTRCollectionView.m in Sources */,
				03239F291672E6E7004263D7 /* BTRCollectionViewCell.m in Sources */,
				03239F2B1672E6E7004263D7 /* BTRCollectionViewClipView.m in Sources */,
				03239F2E1672E6E7004263D7 /* BTRCollectionViewData.m in Sources */,
				03239F301672E6E7004263D7 /* BTRCollectionViewFlowLayout.m in Sources */,
				03239F321672E6E7004263D7 /* BTRCollectionViewItemKey.m in Sources */,
				03239F341672E6E7004263D7 /* BTRCollectionViewLayout.m in Sources */,
				03239F361672E6E7004263D7 /* BTRCollectionViewScrollView.m in Sources */,
				03239F381672E6E7004263D7 /* BTRCollectionViewUpdateItem.m in Sources */,
				03239F3B1672E6E7004263D7 /* BTRGridLayoutInfo.m in Sources */,
				03239F3D1672E6E7004263D7 /* BTRGridLayoutItem.m in Sources */,
				03239F3F1672E6E7004263D7 /* BTRGridLayoutRow.m in Sources */,
				03239F411672E6E7004263D7 /* BTRGridLayoutSection.m in Sources */,
				03239F431672E6E7004263D7 /* NSIndexPath+BTRCollectionViewAdditions.m in Sources */,
				03239F451672E6E7004263D7 /* NSValue+BTRCollectionViewAdditions.m in Sources */,
				03239F471672E6E7004263D7 /* NSView+BTRCollectionViewAdditions.m in Sources */,
			);
			runOnlyForDeploymentPostprocessing = 0;
		};
/* End PBXSourcesBuildPhase section */

/* Begin PBXVariantGroup section */
		03239EBE1672E6D6004263D7 /* InfoPlist.strings */ = {
			isa = PBXVariantGroup;
			children = (
				03239EBF1672E6D6004263D7 /* en */,
			);
			name = InfoPlist.strings;
			sourceTree = "<group>";
		};
/* End PBXVariantGroup section */

/* Begin XCBuildConfiguration section */
		03239EC51672E6D6004263D7 /* Debug */ = {
			isa = XCBuildConfiguration;
			buildSettings = {
				ALWAYS_SEARCH_USER_PATHS = NO;
				ARCHS = "$(ARCHS_STANDARD_64_BIT)";
				CLANG_CXX_LANGUAGE_STANDARD = "gnu++0x";
				CLANG_CXX_LIBRARY = "libc++";
				CLANG_ENABLE_OBJC_ARC = YES;
				CLANG_WARN_EMPTY_BODY = YES;
				CLANG_WARN__DUPLICATE_METHOD_MATCH = YES;
				COPY_PHASE_STRIP = NO;
				GCC_C_LANGUAGE_STANDARD = gnu99;
				GCC_DYNAMIC_NO_PIC = NO;
				GCC_ENABLE_OBJC_EXCEPTIONS = YES;
				GCC_OPTIMIZATION_LEVEL = 0;
				GCC_PREPROCESSOR_DEFINITIONS = (
					"DEBUG=1",
					"$(inherited)",
				);
				GCC_SYMBOLS_PRIVATE_EXTERN = NO;
				GCC_WARN_64_TO_32_BIT_CONVERSION = YES;
				GCC_WARN_ABOUT_RETURN_TYPE = YES;
				GCC_WARN_UNINITIALIZED_AUTOS = YES;
				GCC_WARN_UNUSED_VARIABLE = YES;
				MACOSX_DEPLOYMENT_TARGET = 10.8;
				ONLY_ACTIVE_ARCH = YES;
				SDKROOT = macosx;
			};
			name = Debug;
		};
		03239EC61672E6D6004263D7 /* Release */ = {
			isa = XCBuildConfiguration;
			buildSettings = {
				ALWAYS_SEARCH_USER_PATHS = NO;
				ARCHS = "$(ARCHS_STANDARD_64_BIT)";
				CLANG_CXX_LANGUAGE_STANDARD = "gnu++0x";
				CLANG_CXX_LIBRARY = "libc++";
				CLANG_ENABLE_OBJC_ARC = YES;
				CLANG_WARN_EMPTY_BODY = YES;
				CLANG_WARN__DUPLICATE_METHOD_MATCH = YES;
				COPY_PHASE_STRIP = YES;
				DEBUG_INFORMATION_FORMAT = "dwarf-with-dsym";
				GCC_C_LANGUAGE_STANDARD = gnu99;
				GCC_ENABLE_OBJC_EXCEPTIONS = YES;
				GCC_WARN_64_TO_32_BIT_CONVERSION = YES;
				GCC_WARN_ABOUT_RETURN_TYPE = YES;
				GCC_WARN_UNINITIALIZED_AUTOS = YES;
				GCC_WARN_UNUSED_VARIABLE = YES;
				MACOSX_DEPLOYMENT_TARGET = 10.8;
				SDKROOT = macosx;
			};
			name = Release;
		};
		03239EC81672E6D6004263D7 /* Debug */ = {
			isa = XCBuildConfiguration;
			buildSettings = {
				COMBINE_HIDPI_IMAGES = YES;
				DYLIB_COMPATIBILITY_VERSION = 1;
				DYLIB_CURRENT_VERSION = 1;
				FRAMEWORK_VERSION = A;
				GCC_PRECOMPILE_PREFIX_HEADER = YES;
				GCC_PREFIX_HEADER = "Butter/Butter-Prefix.pch";
				INFOPLIST_FILE = "Butter/Butter-Info.plist";
				INSTALL_PATH = "@rpath";
				PRODUCT_NAME = "$(TARGET_NAME)";
				WRAPPER_EXTENSION = framework;
			};
			name = Debug;
		};
		03239EC91672E6D6004263D7 /* Release */ = {
			isa = XCBuildConfiguration;
			buildSettings = {
				COMBINE_HIDPI_IMAGES = YES;
				DYLIB_COMPATIBILITY_VERSION = 1;
				DYLIB_CURRENT_VERSION = 1;
				FRAMEWORK_VERSION = A;
				GCC_PRECOMPILE_PREFIX_HEADER = YES;
				GCC_PREFIX_HEADER = "Butter/Butter-Prefix.pch";
				INFOPLIST_FILE = "Butter/Butter-Info.plist";
				INSTALL_PATH = "@rpath";
				PRODUCT_NAME = "$(TARGET_NAME)";
				WRAPPER_EXTENSION = framework;
			};
			name = Release;
		};
/* End XCBuildConfiguration section */

/* Begin XCConfigurationList section */
		03239EAB1672E6D6004263D7 /* Build configuration list for PBXProject "Butter" */ = {
			isa = XCConfigurationList;
			buildConfigurations = (
				03239EC51672E6D6004263D7 /* Debug */,
				03239EC61672E6D6004263D7 /* Release */,
			);
			defaultConfigurationIsVisible = 0;
			defaultConfigurationName = Release;
		};
		03239EC71672E6D6004263D7 /* Build configuration list for PBXNativeTarget "Butter" */ = {
			isa = XCConfigurationList;
			buildConfigurations = (
				03239EC81672E6D6004263D7 /* Debug */,
				03239EC91672E6D6004263D7 /* Release */,
			);
			defaultConfigurationIsVisible = 0;
		};
/* End XCConfigurationList section */
	};
	rootObject = 03239EA81672E6D6004263D7 /* Project object */;
}
